{
  "version": 4,
  "terraform_version": "0.12.19",
  "serial": 2192,
  "lineage": "a8818cc7-6da7-7161-297e-cbf40b7b78ad",
  "outputs": {},
  "resources": [
    {
      "mode": "data",
      "type": "github_repository",
      "name": "tts-tech-portfolio",
      "provider": "provider.github",
      "instances": [
        {
          "schema_version": 0,
          "attributes": {
            "allow_merge_commit": true,
            "allow_rebase_merge": true,
            "allow_squash_merge": true,
            "archived": false,
            "default_branch": "master",
            "description": "Issue tracking for the TTS Technology Portfolio team",
            "full_name": "18F/tts-tech-portfolio",
            "git_clone_url": "git://github.com/18F/tts-tech-portfolio.git",
            "has_downloads": true,
            "has_issues": true,
            "has_projects": null,
            "has_wiki": false,
            "homepage_url": "https://handbook.18f.gov/tech-portfolio/",
            "html_url": "https://github.com/18F/tts-tech-portfolio",
            "http_clone_url": "https://github.com/18F/tts-tech-portfolio.git",
            "id": "tts-tech-portfolio",
            "name": "tts-tech-portfolio",
            "private": false,
            "ssh_clone_url": "git@github.com:18F/tts-tech-portfolio.git",
            "svn_url": "https://github.com/18F/tts-tech-portfolio",
            "topics": []
          }
        }
      ]
    },
    {
      "mode": "managed",
      "type": "github_issue_label",
      "name": "aws-admin",
      "each": "list",
      "provider": "provider.github",
      "instances": [
        {
          "index_key": 0,
          "schema_version": 0,
          "attributes": {
            "color": "FFFFFF",
            "description": "",
            "etag": "W/\"9724062493c15457f4e8c2e717c131df\"",
            "id": "aws-admin:DE.AE - Anomalies and Events",
            "name": "DE.AE - Anomalies and Events",
            "repository": "aws-admin",
            "url": "https://api.github.com/repos/18F/aws-admin/labels/DE.AE%20-%20Anomalies%20and%20Events"
          },
          "private": "bnVsbA=="
        },
        {
          "index_key": 1,
          "schema_version": 0,
          "attributes": {
            "color": "FFFFFF",
            "description": "",
            "etag": "W/\"59b318c0e885b895dad7377482a0070d\"",
            "id": "aws-admin:DE.CM - Security Continuous Monitoring",
            "name": "DE.CM - Security Continuous Monitoring",
            "repository": "aws-admin",
            "url": "https://api.github.com/repos/18F/aws-admin/labels/DE.CM%20-%20Security%20Continuous%20Monitoring"
          },
          "private": "bnVsbA=="
        },
        {
          "index_key": 2,
          "schema_version": 0,
          "attributes": {
            "color": "FFFFFF",
            "description": "",
            "etag": "W/\"dc74d8942d5b3844a2547845c6ae7729\"",
            "id": "aws-admin:DE.DP- Detection Processes",
            "name": "DE.DP- Detection Processes",
            "repository": "aws-admin",
            "url": "https://api.github.com/repos/18F/aws-admin/labels/DE.DP-%20Detection%20Processes"
          },
          "private": "bnVsbA=="
        },
        {
          "index_key": 3,
          "schema_version": 0,
          "attributes": {
            "color": "FFFFFF",
            "description": "",
            "etag": "W/\"7e5bd6509073db56819a2e9924543c93\"",
            "id": "aws-admin:ID.AM - Asset Management",
            "name": "ID.AM - Asset Management",
            "repository": "aws-admin",
            "url": "https://api.github.com/repos/18F/aws-admin/labels/ID.AM%20-%20Asset%20Management"
          },
          "private": "bnVsbA=="
        },
        {
          "index_key": 4,
          "schema_version": 0,
          "attributes": {
            "color": "FFFFFF",
            "description": "",
            "etag": "W/\"3ed739f23d13a50680f43c77a2641706\"",
            "id": "aws-admin:ID.BE - Business Environment",
            "name": "ID.BE - Business Environment",
            "repository": "aws-admin",
            "url": "https://api.github.com/repos/18F/aws-admin/labels/ID.BE%20-%20Business%20Environment"
          },
          "private": "bnVsbA=="
        },
        {
          "index_key": 5,
          "schema_version": 0,
          "attributes": {
            "color": "FFFFFF",
            "description": "",
            "etag": "W/\"8011426837dc2d02bc314230bba5ba03\"",
            "id": "aws-admin:ID.GV - Governance",
            "name": "ID.GV - Governance",
            "repository": "aws-admin",
            "url": "https://api.github.com/repos/18F/aws-admin/labels/ID.GV%20-%20Governance"
          },
          "private": "bnVsbA=="
        },
        {
          "index_key": 6,
          "schema_version": 0,
          "attributes": {
            "color": "FFFFFF",
            "description": "",
            "etag": "W/\"2ee329d0a69dcd5e8844abfdfde87f02\"",
            "id": "aws-admin:ID.RA - Risk Assessment",
            "name": "ID.RA - Risk Assessment",
            "repository": "aws-admin",
            "url": "https://api.github.com/repos/18F/aws-admin/labels/ID.RA%20-%20Risk%20Assessment"
          },
          "private": "bnVsbA=="
        },
        {
          "index_key": 7,
          "schema_version": 0,
          "attributes": {
            "color": "FFFFFF",
            "description": "",
            "etag": "W/\"abbfd4f211968eb2daf16d929909b95d\"",
            "id": "aws-admin:ID.RM - Risk Management Strategy",
            "name": "ID.RM - Risk Management Strategy",
            "repository": "aws-admin",
            "url": "https://api.github.com/repos/18F/aws-admin/labels/ID.RM%20-%20Risk%20Management%20Strategy"
          },
          "private": "bnVsbA=="
        },
        {
          "index_key": 8,
          "schema_version": 0,
          "attributes": {
            "color": "FFFFFF",
            "description": "",
            "etag": "W/\"f613aa3ffbbcdaee6e010d217cb0911f\"",
            "id": "aws-admin:ID.SC - Supply Chain Risk Management",
            "name": "ID.SC - Supply Chain Risk Management",
            "repository": "aws-admin",
            "url": "https://api.github.com/repos/18F/aws-admin/labels/ID.SC%20-%20Supply%20Chain%20Risk%20Management"
          },
          "private": "bnVsbA=="
        },
        {
          "index_key": 9,
          "schema_version": 0,
          "attributes": {
            "color": "FFFFFF",
            "description": "",
            "etag": "W/\"76b763fd84b68b38631222c401b3a8b7\"",
            "id": "aws-admin:PR.AC - Identity Management and Access Control",
            "name": "PR.AC - Identity Management and Access Control",
            "repository": "aws-admin",
            "url": "https://api.github.com/repos/18F/aws-admin/labels/PR.AC%20-%20Identity%20Management%20and%20Access%20Control"
          },
          "private": "bnVsbA=="
        },
        {
          "index_key": 10,
          "schema_version": 0,
          "attributes": {
            "color": "FFFFFF",
            "description": "",
            "etag": "W/\"d0007df233a6427e257cb4c3b8dd35b3\"",
            "id": "aws-admin:PR.AT - Awareness and Training",
            "name": "PR.AT - Awareness and Training",
            "repository": "aws-admin",
            "url": "https://api.github.com/repos/18F/aws-admin/labels/PR.AT%20-%20Awareness%20and%20Training"
          },
          "private": "bnVsbA=="
        },
        {
          "index_key": 11,
          "schema_version": 0,
          "attributes": {
            "color": "FFFFFF",
            "description": "",
            "etag": "W/\"84d705dacbf7f585aa1727c224f5f6f2\"",
            "id": "aws-admin:PR.DS - Data Security",
            "name": "PR.DS - Data Security",
            "repository": "aws-admin",
            "url": "https://api.github.com/repos/18F/aws-admin/labels/PR.DS%20-%20Data%20Security"
          },
          "private": "bnVsbA=="
        },
        {
          "index_key": 12,
          "schema_version": 0,
          "attributes": {
            "color": "FFFFFF",
            "description": "",
            "etag": "W/\"0beb5a16b92a0438074274219f9f5704\"",
            "id": "aws-admin:PR.IP - Information Protection ProcessesProcedures",
            "name": "PR.IP - Information Protection ProcessesProcedures",
            "repository": "aws-admin",
            "url": "https://api.github.com/repos/18F/aws-admin/labels/PR.IP%20-%20Information%20Protection%20ProcessesProcedures"
          },
          "private": "bnVsbA=="
        },
        {
          "index_key": 13,
          "schema_version": 0,
          "attributes": {
            "color": "FFFFFF",
            "description": "",
            "etag": "W/\"a2cad7a6f66e11c507e1c8a2c0894224\"",
            "id": "aws-admin:PR.MA - Maintenance",
            "name": "PR.MA - Maintenance",
            "repository": "aws-admin",
            "url": "https://api.github.com/repos/18F/aws-admin/labels/PR.MA%20-%20Maintenance"
          },
          "private": "bnVsbA=="
        },
        {
          "index_key": 14,
          "schema_version": 0,
          "attributes": {
            "color": "FFFFFF",
            "description": "",
            "etag": "W/\"2459ca93be7ac7826de51cfb99282e41\"",
            "id": "aws-admin:PR.PT - Protective Technology",
            "name": "PR.PT - Protective Technology",
            "repository": "aws-admin",
            "url": "https://api.github.com/repos/18F/aws-admin/labels/PR.PT%20-%20Protective%20Technology"
          },
          "private": "bnVsbA=="
        },
        {
          "index_key": 15,
          "schema_version": 0,
          "attributes": {
            "color": "FFFFFF",
            "description": "",
            "etag": "W/\"3de5c002b6b59964cb0fde181b3b55ab\"",
            "id": "aws-admin:RC.CO - Communications",
            "name": "RC.CO - Communications",
            "repository": "aws-admin",
            "url": "https://api.github.com/repos/18F/aws-admin/labels/RC.CO%20-%20Communications"
          },
          "private": "bnVsbA=="
        },
        {
          "index_key": 16,
          "schema_version": 0,
          "attributes": {
            "color": "FFFFFF",
            "description": "",
            "etag": "W/\"77e28ca9d276a26c88d3f780d102edc0\"",
            "id": "aws-admin:RC.IM - Recovery Improvements",
            "name": "RC.IM - Recovery Improvements",
            "repository": "aws-admin",
            "url": "https://api.github.com/repos/18F/aws-admin/labels/RC.IM%20-%20Recovery%20Improvements"
          },
          "private": "bnVsbA=="
        },
        {
          "index_key": 17,
          "schema_version": 0,
          "attributes": {
            "color": "FFFFFF",
            "description": "",
            "etag": "W/\"8b78fec903aff3e9dfe293d970711cdf\"",
            "id": "aws-admin:RC.RP - Recovery Planning",
            "name": "RC.RP - Recovery Planning",
            "repository": "aws-admin",
            "url": "https://api.github.com/repos/18F/aws-admin/labels/RC.RP%20-%20Recovery%20Planning"
          },
          "private": "bnVsbA=="
        },
        {
          "index_key": 18,
          "schema_version": 0,
          "attributes": {
            "color": "FFFFFF",
            "description": "",
            "etag": "W/\"96e6e3f4c7893c75d851e95ef74c56d4\"",
            "id": "aws-admin:RS.AN - Analysis",
            "name": "RS.AN - Analysis",
            "repository": "aws-admin",
            "url": "https://api.github.com/repos/18F/aws-admin/labels/RS.AN%20-%20Analysis"
          },
          "private": "bnVsbA=="
        },
        {
          "index_key": 19,
          "schema_version": 0,
          "attributes": {
            "color": "FFFFFF",
            "description": "",
            "etag": "W/\"0acfdb00b1e498468b44bf78bb9cea2e\"",
            "id": "aws-admin:RS.IM - Response Improvements",
            "name": "RS.IM - Response Improvements",
            "repository": "aws-admin",
            "url": "https://api.github.com/repos/18F/aws-admin/labels/RS.IM%20-%20Response%20Improvements"
          },
          "private": "bnVsbA=="
        },
        {
          "index_key": 20,
          "schema_version": 0,
          "attributes": {
            "color": "FFFFFF",
            "description": "",
            "etag": "W/\"67fde09e2fdf535767befce1b4250034\"",
            "id": "aws-admin:RS.MI - Mitigation",
            "name": "RS.MI - Mitigation",
            "repository": "aws-admin",
            "url": "https://api.github.com/repos/18F/aws-admin/labels/RS.MI%20-%20Mitigation"
          },
          "private": "bnVsbA=="
        },
        {
          "index_key": 21,
          "schema_version": 0,
          "attributes": {
            "color": "FFFFFF",
            "description": "",
            "etag": "W/\"db9a4294cf7ad48b6c570d972ca80aba\"",
            "id": "aws-admin:RS.RP - Response Planning",
            "name": "RS.RP - Response Planning",
            "repository": "aws-admin",
            "url": "https://api.github.com/repos/18F/aws-admin/labels/RS.RP%20-%20Response%20Planning"
          },
          "private": "bnVsbA=="
        },
        {
          "index_key": 22,
          "schema_version": 0,
          "attributes": {
            "color": "c9ab48",
            "description": "",
            "etag": "W/\"d9ad21a663ed40883f7283927c3a13f7\"",
            "id": "aws-admin:blog-able",
            "name": "blog-able",
            "repository": "aws-admin",
            "url": "https://api.github.com/repos/18F/aws-admin/labels/blog-able"
          },
          "private": "bnVsbA=="
        },
        {
          "index_key": 23,
          "schema_version": 0,
          "attributes": {
            "color": "c9ab48",
            "description": "",
            "etag": "W/\"2ecaf5e485f8b88f86b43df35bb29cfa\"",
            "id": "aws-admin:demo-able",
            "name": "demo-able",
            "repository": "aws-admin",
            "url": "https://api.github.com/repos/18F/aws-admin/labels/demo-able"
          },
          "private": "bnVsbA=="
        },
        {
          "index_key": 24,
          "schema_version": 0,
          "attributes": {
            "color": "fc906d",
            "description": "",
            "etag": "W/\"e7a7382e0b0eeab9d63e0ce65c28dcd9\"",
            "id": "aws-admin:documentation",
            "name": "documentation",
            "repository": "aws-admin",
            "url": "https://api.github.com/repos/18F/aws-admin/labels/documentation"
          },
          "private": "bnVsbA=="
        },
        {
          "index_key": 25,
          "schema_version": 0,
          "attributes": {
            "color": "e9695f",
            "description": "",
            "etag": "W/\"58d5f23f737457fe55633dd39275e335\"",
            "id": "aws-admin:due date",
            "name": "due date",
            "repository": "aws-admin",
            "url": "https://api.github.com/repos/18F/aws-admin/labels/due%20date"
          },
          "private": "bnVsbA=="
        },
        {
          "index_key": 26,
          "schema_version": 0,
          "attributes": {
            "color": "6ecbdb",
            "description": "",
            "etag": "W/\"34661e50ba00c4bf6f8ae645cc73eeca\"",
            "id": "aws-admin:epic: acquisition procurement and budgeting",
            "name": "epic: acquisition procurement and budgeting",
            "repository": "aws-admin",
            "url": "https://api.github.com/repos/18F/aws-admin/labels/epic:%20acquisition%20procurement%20and%20budgeting"
          },
          "private": "bnVsbA=="
        },
        {
          "index_key": 27,
          "schema_version": 0,
          "attributes": {
            "color": "6ecbdb",
            "description": "",
            "etag": "W/\"2c5f632ad0bf9ea26932112608e166c1\"",
            "id": "aws-admin:epic: customer service and communication",
            "name": "epic: customer service and communication",
            "repository": "aws-admin",
            "url": "https://api.github.com/repos/18F/aws-admin/labels/epic:%20customer%20service%20and%20communication"
          },
          "private": "bnVsbA=="
        },
        {
          "index_key": 28,
          "schema_version": 0,
          "attributes": {
            "color": "6ecbdb",
            "description": "",
            "etag": "W/\"9328274dd217fa76841fbaecb9122ec0\"",
            "id": "aws-admin:epic: dogfood-ing",
            "name": "epic: dogfood-ing",
            "repository": "aws-admin",
            "url": "https://api.github.com/repos/18F/aws-admin/labels/epic:%20dogfood-ing"
          },
          "private": "bnVsbA=="
        },
        {
          "index_key": 29,
          "schema_version": 0,
          "attributes": {
            "color": "6ecbdb",
            "description": "",
            "etag": "W/\"fa8f6fd332156088822820eeb77f3604\"",
            "id": "aws-admin:epic: policy and guidance",
            "name": "epic: policy and guidance",
            "repository": "aws-admin",
            "url": "https://api.github.com/repos/18F/aws-admin/labels/epic:%20policy%20and%20guidance"
          },
          "private": "bnVsbA=="
        },
        {
          "index_key": 30,
          "schema_version": 0,
          "attributes": {
            "color": "6ecbdb",
            "description": "",
            "etag": "W/\"b650661f8e6679c16986579c59e98b0d\"",
            "id": "aws-admin:epic: security and compliance",
            "name": "epic: security and compliance",
            "repository": "aws-admin",
            "url": "https://api.github.com/repos/18F/aws-admin/labels/epic:%20security%20and%20compliance"
          },
          "private": "bnVsbA=="
        },
        {
          "index_key": 31,
          "schema_version": 0,
          "attributes": {
            "color": "6ecbdb",
            "description": "",
            "etag": "W/\"c5a394a6e1b523e476b76be74d828f0d\"",
            "id": "aws-admin:epic: software and infrastructure",
            "name": "epic: software and infrastructure",
            "repository": "aws-admin",
            "url": "https://api.github.com/repos/18F/aws-admin/labels/epic:%20software%20and%20infrastructure"
          },
          "private": "bnVsbA=="
        },
        {
          "index_key": 32,
          "schema_version": 0,
          "attributes": {
            "color": "e9695f",
            "description": "",
            "etag": "W/\"870425f572eca26e94b0bea5b25091b1\"",
            "id": "aws-admin:expedite",
            "name": "expedite",
            "repository": "aws-admin",
            "url": "https://api.github.com/repos/18F/aws-admin/labels/expedite"
          },
          "private": "bnVsbA=="
        },
        {
          "index_key": 33,
          "schema_version": 0,
          "attributes": {
            "color": "e9695f",
            "description": "",
            "etag": "W/\"a0cf801f8a4abc2b1fb047cfaaa22dad\"",
            "id": "aws-admin:feedback needed",
            "name": "feedback needed",
            "repository": "aws-admin",
            "url": "https://api.github.com/repos/18F/aws-admin/labels/feedback%20needed"
          },
          "private": "bnVsbA=="
        },
        {
          "index_key": 34,
          "schema_version": 0,
          "attributes": {
            "color": "d5bfff",
            "description": "",
            "etag": "W/\"323c5e8f84de0c8edacc98053a8b62c5\"",
            "id": "aws-admin:groomed: accepted",
            "name": "groomed: accepted",
            "repository": "aws-admin",
            "url": "https://api.github.com/repos/18F/aws-admin/labels/groomed:%20accepted"
          },
          "private": "bnVsbA=="
        },
        {
          "index_key": 35,
          "schema_version": 0,
          "attributes": {
            "color": "d5bfff",
            "description": "",
            "etag": "W/\"faf525077b52abd67593ea3238b92747\"",
            "id": "aws-admin:groomed: draft - final",
            "name": "groomed: draft - final",
            "repository": "aws-admin",
            "url": "https://api.github.com/repos/18F/aws-admin/labels/groomed:%20draft%20-%20final"
          },
          "private": "bnVsbA=="
        },
        {
          "index_key": 36,
          "schema_version": 0,
          "attributes": {
            "color": "d5bfff",
            "description": "",
            "etag": "W/\"3f22ccb1a25458acca467a79774b1c30\"",
            "id": "aws-admin:grooming: draft - initial",
            "name": "grooming: draft - initial",
            "repository": "aws-admin",
            "url": "https://api.github.com/repos/18F/aws-admin/labels/grooming:%20draft%20-%20initial"
          },
          "private": "bnVsbA=="
        },
        {
          "index_key": 37,
          "schema_version": 0,
          "attributes": {
            "color": "d5bfff",
            "description": "",
            "etag": "W/\"abee7ff9d8ebfe27873efcb2faac1037\"",
            "id": "aws-admin:grooming: team",
            "name": "grooming: team",
            "repository": "aws-admin",
            "url": "https://api.github.com/repos/18F/aws-admin/labels/grooming:%20team"
          },
          "private": "bnVsbA=="
        },
        {
          "index_key": 38,
          "schema_version": 0,
          "attributes": {
            "color": "afaea2",
            "description": "",
            "etag": "W/\"a707f42f60738c1d8e2fbba1327a56ea\"",
            "id": "aws-admin:internal workflow",
            "name": "internal workflow",
            "repository": "aws-admin",
            "url": "https://api.github.com/repos/18F/aws-admin/labels/internal%20workflow"
          },
          "private": "bnVsbA=="
        },
        {
          "index_key": 39,
          "schema_version": 0,
          "attributes": {
            "color": "afaea2",
            "description": "",
            "etag": "W/\"110f6fa356501cfbf757be0bc6c5062d\"",
            "id": "aws-admin:passion project",
            "name": "passion project",
            "repository": "aws-admin",
            "url": "https://api.github.com/repos/18F/aws-admin/labels/passion%20project"
          },
          "private": "bnVsbA=="
        },
        {
          "index_key": 40,
          "schema_version": 0,
          "attributes": {
            "color": "fc906d",
            "description": "",
            "etag": "W/\"864de97f8ba5caa005615e6dada90ce0\"",
            "id": "aws-admin:prep step",
            "name": "prep step",
            "repository": "aws-admin",
            "url": "https://api.github.com/repos/18F/aws-admin/labels/prep%20step"
          },
          "private": "bnVsbA=="
        },
        {
          "index_key": 41,
          "schema_version": 0,
          "attributes": {
            "color": "dec69a",
            "description": "",
            "etag": "W/\"518d0674672278ddb67a7407ba0c1650\"",
            "id": "aws-admin:size: days",
            "name": "size: days",
            "repository": "aws-admin",
            "url": "https://api.github.com/repos/18F/aws-admin/labels/size:%20days"
          },
          "private": "bnVsbA=="
        },
        {
          "index_key": 42,
          "schema_version": 0,
          "attributes": {
            "color": "dec69a",
            "description": "",
            "etag": "W/\"db3c871773a9b1a4cae1ba9608148228\"",
            "id": "aws-admin:size: hours",
            "name": "size: hours",
            "repository": "aws-admin",
            "url": "https://api.github.com/repos/18F/aws-admin/labels/size:%20hours"
          },
          "private": "bnVsbA=="
        },
        {
          "index_key": 43,
          "schema_version": 0,
          "attributes": {
            "color": "dec69a",
            "description": "",
            "etag": "W/\"ca20bdae0452cbb195e5d9683562c7ad\"",
            "id": "aws-admin:size: months",
            "name": "size: months",
            "repository": "aws-admin",
            "url": "https://api.github.com/repos/18F/aws-admin/labels/size:%20months"
          },
          "private": "bnVsbA=="
        },
        {
          "index_key": 44,
          "schema_version": 0,
          "attributes": {
            "color": "dec69a",
            "description": "",
            "etag": "W/\"2980021c2593d6e8c284f444ea1efd1d\"",
            "id": "aws-admin:size: weeks",
            "name": "size: weeks",
            "repository": "aws-admin",
            "url": "https://api.github.com/repos/18F/aws-admin/labels/size:%20weeks"
          },
          "private": "bnVsbA=="
        },
        {
          "index_key": 45,
          "schema_version": 0,
          "attributes": {
            "color": "a6b557",
            "description": "",
            "etag": "W/\"c22074a50741a74f2351b8762893f762\"",
            "id": "aws-admin:sprint: planning",
            "name": "sprint: planning",
            "repository": "aws-admin",
            "url": "https://api.github.com/repos/18F/aws-admin/labels/sprint:%20planning"
          },
          "private": "bnVsbA=="
        },
        {
          "index_key": 46,
          "schema_version": 0,
          "attributes": {
            "color": "a6b557",
            "description": "",
            "etag": "W/\"ee354f9d77d0424995616cccd1974595\"",
            "id": "aws-admin:sprint: review",
            "name": "sprint: review",
            "repository": "aws-admin",
            "url": "https://api.github.com/repos/18F/aws-admin/labels/sprint:%20review"
          },
          "private": "bnVsbA=="
        }
      ]
    },
    {
      "mode": "managed",
      "type": "github_issue_label",
      "name": "before-you-ship",
      "each": "list",
      "provider": "provider.github",
      "instances": [
        {
          "index_key": 0,
          "schema_version": 0,
          "attributes": {
            "color": "FFFFFF",
            "description": "",
            "etag": "W/\"140b76fe18f10e32a19ad4eb86f972ef\"",
            "id": "before-you-ship:DE.AE - Anomalies and Events",
            "name": "DE.AE - Anomalies and Events",
            "repository": "before-you-ship",
            "url": "https://api.github.com/repos/18F/before-you-ship/labels/DE.AE%20-%20Anomalies%20and%20Events"
          },
          "private": "bnVsbA=="
        },
        {
          "index_key": 1,
          "schema_version": 0,
          "attributes": {
            "color": "FFFFFF",
            "description": "",
            "etag": "W/\"f9c9bde2a921c5ce07c1436e8aa27185\"",
            "id": "before-you-ship:DE.CM - Security Continuous Monitoring",
            "name": "DE.CM - Security Continuous Monitoring",
            "repository": "before-you-ship",
            "url": "https://api.github.com/repos/18F/before-you-ship/labels/DE.CM%20-%20Security%20Continuous%20Monitoring"
          },
          "private": "bnVsbA=="
        },
        {
          "index_key": 2,
          "schema_version": 0,
          "attributes": {
            "color": "FFFFFF",
            "description": "",
            "etag": "W/\"2e0eeef9a9f636cef8804b8ac6e01c96\"",
            "id": "before-you-ship:DE.DP- Detection Processes",
            "name": "DE.DP- Detection Processes",
            "repository": "before-you-ship",
            "url": "https://api.github.com/repos/18F/before-you-ship/labels/DE.DP-%20Detection%20Processes"
          },
          "private": "bnVsbA=="
        },
        {
          "index_key": 3,
          "schema_version": 0,
          "attributes": {
            "color": "FFFFFF",
            "description": "",
            "etag": "W/\"18321df4a710df7fb31f43d4a8292350\"",
            "id": "before-you-ship:ID.AM - Asset Management",
            "name": "ID.AM - Asset Management",
            "repository": "before-you-ship",
            "url": "https://api.github.com/repos/18F/before-you-ship/labels/ID.AM%20-%20Asset%20Management"
          },
          "private": "bnVsbA=="
        },
        {
          "index_key": 4,
          "schema_version": 0,
          "attributes": {
            "color": "FFFFFF",
            "description": "",
            "etag": "W/\"3393ab68fc4628159441f504f899d09c\"",
            "id": "before-you-ship:ID.BE - Business Environment",
            "name": "ID.BE - Business Environment",
            "repository": "before-you-ship",
            "url": "https://api.github.com/repos/18F/before-you-ship/labels/ID.BE%20-%20Business%20Environment"
          },
          "private": "bnVsbA=="
        },
        {
          "index_key": 5,
          "schema_version": 0,
          "attributes": {
            "color": "FFFFFF",
            "description": "",
            "etag": "W/\"1dd3384ce69eb6241e851b311b7d59ab\"",
            "id": "before-you-ship:ID.GV - Governance",
            "name": "ID.GV - Governance",
            "repository": "before-you-ship",
            "url": "https://api.github.com/repos/18F/before-you-ship/labels/ID.GV%20-%20Governance"
          },
          "private": "bnVsbA=="
        },
        {
          "index_key": 6,
          "schema_version": 0,
          "attributes": {
            "color": "FFFFFF",
            "description": "",
            "etag": "W/\"8c4ce7383f637debdc56ecf21a6f28c4\"",
            "id": "before-you-ship:ID.RA - Risk Assessment",
            "name": "ID.RA - Risk Assessment",
            "repository": "before-you-ship",
            "url": "https://api.github.com/repos/18F/before-you-ship/labels/ID.RA%20-%20Risk%20Assessment"
          },
          "private": "bnVsbA=="
        },
        {
          "index_key": 7,
          "schema_version": 0,
          "attributes": {
            "color": "FFFFFF",
            "description": "",
            "etag": "W/\"30e580366bec25f409e43f3bfcb32672\"",
            "id": "before-you-ship:ID.RM - Risk Management Strategy",
            "name": "ID.RM - Risk Management Strategy",
            "repository": "before-you-ship",
            "url": "https://api.github.com/repos/18F/before-you-ship/labels/ID.RM%20-%20Risk%20Management%20Strategy"
          },
          "private": "bnVsbA=="
        },
        {
          "index_key": 8,
          "schema_version": 0,
          "attributes": {
            "color": "FFFFFF",
            "description": "",
            "etag": "W/\"0210dacfd63f2fbbca0987ad1d31b844\"",
            "id": "before-you-ship:ID.SC - Supply Chain Risk Management",
            "name": "ID.SC - Supply Chain Risk Management",
            "repository": "before-you-ship",
            "url": "https://api.github.com/repos/18F/before-you-ship/labels/ID.SC%20-%20Supply%20Chain%20Risk%20Management"
          },
          "private": "bnVsbA=="
        },
        {
          "index_key": 9,
          "schema_version": 0,
          "attributes": {
            "color": "FFFFFF",
            "description": "",
            "etag": "W/\"a5eaabb81867e210576cb93474dea0d9\"",
            "id": "before-you-ship:PR.AC - Identity Management and Access Control",
            "name": "PR.AC - Identity Management and Access Control",
            "repository": "before-you-ship",
            "url": "https://api.github.com/repos/18F/before-you-ship/labels/PR.AC%20-%20Identity%20Management%20and%20Access%20Control"
          },
          "private": "bnVsbA=="
        },
        {
          "index_key": 10,
          "schema_version": 0,
          "attributes": {
            "color": "FFFFFF",
            "description": "",
            "etag": "W/\"44c4fc399fca10c726827719c8523ee4\"",
            "id": "before-you-ship:PR.AT - Awareness and Training",
            "name": "PR.AT - Awareness and Training",
            "repository": "before-you-ship",
            "url": "https://api.github.com/repos/18F/before-you-ship/labels/PR.AT%20-%20Awareness%20and%20Training"
          },
          "private": "bnVsbA=="
        },
        {
          "index_key": 11,
          "schema_version": 0,
          "attributes": {
            "color": "FFFFFF",
            "description": "",
            "etag": "W/\"b05b8f2987cecda6c8744b338d347e97\"",
            "id": "before-you-ship:PR.DS - Data Security",
            "name": "PR.DS - Data Security",
            "repository": "before-you-ship",
            "url": "https://api.github.com/repos/18F/before-you-ship/labels/PR.DS%20-%20Data%20Security"
          },
          "private": "bnVsbA=="
        },
        {
          "index_key": 12,
          "schema_version": 0,
          "attributes": {
            "color": "FFFFFF",
            "description": "",
            "etag": "W/\"c8d5b19402cdcad90c06bde2c66a28aa\"",
            "id": "before-you-ship:PR.IP - Information Protection ProcessesProcedures",
            "name": "PR.IP - Information Protection ProcessesProcedures",
            "repository": "before-you-ship",
            "url": "https://api.github.com/repos/18F/before-you-ship/labels/PR.IP%20-%20Information%20Protection%20ProcessesProcedures"
          },
          "private": "bnVsbA=="
        },
        {
          "index_key": 13,
          "schema_version": 0,
          "attributes": {
            "color": "FFFFFF",
            "description": "",
            "etag": "W/\"94d6e2f26b3b8a0e7a1b82c95a209000\"",
            "id": "before-you-ship:PR.MA - Maintenance",
            "name": "PR.MA - Maintenance",
            "repository": "before-you-ship",
            "url": "https://api.github.com/repos/18F/before-you-ship/labels/PR.MA%20-%20Maintenance"
          },
          "private": "bnVsbA=="
        },
        {
          "index_key": 14,
          "schema_version": 0,
          "attributes": {
            "color": "FFFFFF",
            "description": "",
            "etag": "W/\"eb3bb1ede20679ab16e91a88206ec82f\"",
            "id": "before-you-ship:PR.PT - Protective Technology",
            "name": "PR.PT - Protective Technology",
            "repository": "before-you-ship",
            "url": "https://api.github.com/repos/18F/before-you-ship/labels/PR.PT%20-%20Protective%20Technology"
          },
          "private": "bnVsbA=="
        },
        {
          "index_key": 15,
          "schema_version": 0,
          "attributes": {
            "color": "FFFFFF",
            "description": "",
            "etag": "W/\"60dc3c085cb378b6fccdad15c7dce036\"",
            "id": "before-you-ship:RC.CO - Communications",
            "name": "RC.CO - Communications",
            "repository": "before-you-ship",
            "url": "https://api.github.com/repos/18F/before-you-ship/labels/RC.CO%20-%20Communications"
          },
          "private": "bnVsbA=="
        },
        {
          "index_key": 16,
          "schema_version": 0,
          "attributes": {
            "color": "FFFFFF",
            "description": "",
            "etag": "W/\"88d4c2bebe5068d7f938d7ef965b0c65\"",
            "id": "before-you-ship:RC.IM - Recovery Improvements",
            "name": "RC.IM - Recovery Improvements",
            "repository": "before-you-ship",
            "url": "https://api.github.com/repos/18F/before-you-ship/labels/RC.IM%20-%20Recovery%20Improvements"
          },
          "private": "bnVsbA=="
        },
        {
          "index_key": 17,
          "schema_version": 0,
          "attributes": {
            "color": "FFFFFF",
            "description": "",
            "etag": "W/\"25debe00a150fe9f88bb8def31a8821e\"",
            "id": "before-you-ship:RC.RP - Recovery Planning",
            "name": "RC.RP - Recovery Planning",
            "repository": "before-you-ship",
            "url": "https://api.github.com/repos/18F/before-you-ship/labels/RC.RP%20-%20Recovery%20Planning"
          },
          "private": "bnVsbA=="
        },
        {
          "index_key": 18,
          "schema_version": 0,
          "attributes": {
            "color": "FFFFFF",
            "description": "",
            "etag": "W/\"5082d6db5606d8f8e99092b132a8e7b9\"",
            "id": "before-you-ship:RS.AN - Analysis",
            "name": "RS.AN - Analysis",
            "repository": "before-you-ship",
            "url": "https://api.github.com/repos/18F/before-you-ship/labels/RS.AN%20-%20Analysis"
          },
          "private": "bnVsbA=="
        },
        {
          "index_key": 19,
          "schema_version": 0,
          "attributes": {
            "color": "FFFFFF",
            "description": "",
            "etag": "W/\"32c33a96d200b1754ba55d25a5301ae0\"",
            "id": "before-you-ship:RS.IM - Response Improvements",
            "name": "RS.IM - Response Improvements",
            "repository": "before-you-ship",
            "url": "https://api.github.com/repos/18F/before-you-ship/labels/RS.IM%20-%20Response%20Improvements"
          },
          "private": "bnVsbA=="
        },
        {
          "index_key": 20,
          "schema_version": 0,
          "attributes": {
            "color": "FFFFFF",
            "description": "",
            "etag": "W/\"f35b8133bea83303f2ba27ab03ca7e6b\"",
            "id": "before-you-ship:RS.MI - Mitigation",
            "name": "RS.MI - Mitigation",
            "repository": "before-you-ship",
            "url": "https://api.github.com/repos/18F/before-you-ship/labels/RS.MI%20-%20Mitigation"
          },
          "private": "bnVsbA=="
        },
        {
          "index_key": 21,
          "schema_version": 0,
          "attributes": {
            "color": "FFFFFF",
            "description": "",
            "etag": "W/\"8091f5425ce50a8525c2c8c248c07d37\"",
            "id": "before-you-ship:RS.RP - Response Planning",
            "name": "RS.RP - Response Planning",
            "repository": "before-you-ship",
            "url": "https://api.github.com/repos/18F/before-you-ship/labels/RS.RP%20-%20Response%20Planning"
          },
          "private": "bnVsbA=="
        },
        {
          "index_key": 22,
          "schema_version": 0,
          "attributes": {
            "color": "c9ab48",
            "description": "",
            "etag": "W/\"514c86b0ea5bf97383d59aa0710b1b29\"",
            "id": "before-you-ship:blog-able",
            "name": "blog-able",
            "repository": "before-you-ship",
            "url": "https://api.github.com/repos/18F/before-you-ship/labels/blog-able"
          },
          "private": "bnVsbA=="
        },
        {
          "index_key": 23,
          "schema_version": 0,
          "attributes": {
            "color": "c9ab48",
            "description": "",
            "etag": "W/\"5b8de949cac220d83ef73f91d94f2dfa\"",
            "id": "before-you-ship:demo-able",
            "name": "demo-able",
            "repository": "before-you-ship",
            "url": "https://api.github.com/repos/18F/before-you-ship/labels/demo-able"
          },
          "private": "bnVsbA=="
        },
        {
          "index_key": 24,
          "schema_version": 0,
          "attributes": {
            "color": "fc906d",
            "description": "",
            "etag": "W/\"8867d7159ab3a9858d511bb02596790c\"",
            "id": "before-you-ship:documentation",
            "name": "documentation",
            "repository": "before-you-ship",
            "url": "https://api.github.com/repos/18F/before-you-ship/labels/documentation"
          },
          "private": "bnVsbA=="
        },
        {
          "index_key": 25,
          "schema_version": 0,
          "attributes": {
            "color": "e9695f",
            "description": "",
            "etag": "W/\"a577c9285443f3bfa9e0b62263647137\"",
            "id": "before-you-ship:due date",
            "name": "due date",
            "repository": "before-you-ship",
            "url": "https://api.github.com/repos/18F/before-you-ship/labels/due%20date"
          },
          "private": "bnVsbA=="
        },
        {
          "index_key": 26,
          "schema_version": 0,
          "attributes": {
            "color": "6ecbdb",
            "description": "",
            "etag": "W/\"000eac4359ee016c120e8cffd0ad0005\"",
            "id": "before-you-ship:epic: acquisition procurement and budgeting",
            "name": "epic: acquisition procurement and budgeting",
            "repository": "before-you-ship",
            "url": "https://api.github.com/repos/18F/before-you-ship/labels/epic:%20acquisition%20procurement%20and%20budgeting"
          },
          "private": "bnVsbA=="
        },
        {
          "index_key": 27,
          "schema_version": 0,
          "attributes": {
            "color": "6ecbdb",
            "description": "",
            "etag": "W/\"d263bd1fa19619ef26e34e446201697d\"",
            "id": "before-you-ship:epic: customer service and communication",
            "name": "epic: customer service and communication",
            "repository": "before-you-ship",
            "url": "https://api.github.com/repos/18F/before-you-ship/labels/epic:%20customer%20service%20and%20communication"
          },
          "private": "bnVsbA=="
        },
        {
          "index_key": 28,
          "schema_version": 0,
          "attributes": {
            "color": "6ecbdb",
            "description": "",
            "etag": "W/\"26bb2672fa645561b8de0b13ed23925f\"",
            "id": "before-you-ship:epic: dogfood-ing",
            "name": "epic: dogfood-ing",
            "repository": "before-you-ship",
            "url": "https://api.github.com/repos/18F/before-you-ship/labels/epic:%20dogfood-ing"
          },
          "private": "bnVsbA=="
        },
        {
          "index_key": 29,
          "schema_version": 0,
          "attributes": {
            "color": "6ecbdb",
            "description": "",
            "etag": "W/\"0d1af731e7d225ed3af96a794068ec3e\"",
            "id": "before-you-ship:epic: policy and guidance",
            "name": "epic: policy and guidance",
            "repository": "before-you-ship",
            "url": "https://api.github.com/repos/18F/before-you-ship/labels/epic:%20policy%20and%20guidance"
          },
          "private": "bnVsbA=="
        },
        {
          "index_key": 30,
          "schema_version": 0,
          "attributes": {
            "color": "6ecbdb",
            "description": "",
            "etag": "W/\"0220d24842500b3f5df07bb9333c2f03\"",
            "id": "before-you-ship:epic: security and compliance",
            "name": "epic: security and compliance",
            "repository": "before-you-ship",
            "url": "https://api.github.com/repos/18F/before-you-ship/labels/epic:%20security%20and%20compliance"
          },
          "private": "bnVsbA=="
        },
        {
          "index_key": 31,
          "schema_version": 0,
          "attributes": {
            "color": "6ecbdb",
            "description": "",
            "etag": "W/\"0169a6ed225636cadf9ed523641a0dc1\"",
            "id": "before-you-ship:epic: software and infrastructure",
            "name": "epic: software and infrastructure",
            "repository": "before-you-ship",
            "url": "https://api.github.com/repos/18F/before-you-ship/labels/epic:%20software%20and%20infrastructure"
          },
          "private": "bnVsbA=="
        },
        {
          "index_key": 32,
          "schema_version": 0,
          "attributes": {
            "color": "e9695f",
            "description": "",
            "etag": "W/\"ca9ea79b3a7eb6448d89b0f151b7b351\"",
            "id": "before-you-ship:expedite",
            "name": "expedite",
            "repository": "before-you-ship",
            "url": "https://api.github.com/repos/18F/before-you-ship/labels/expedite"
          },
          "private": "bnVsbA=="
        },
        {
          "index_key": 33,
          "schema_version": 0,
          "attributes": {
            "color": "e9695f",
            "description": "",
            "etag": "W/\"ba07dbf63bbd966345ebb447bcb8f12b\"",
            "id": "before-you-ship:feedback needed",
            "name": "feedback needed",
            "repository": "before-you-ship",
            "url": "https://api.github.com/repos/18F/before-you-ship/labels/feedback%20needed"
          },
          "private": "bnVsbA=="
        },
        {
          "index_key": 34,
          "schema_version": 0,
          "attributes": {
            "color": "d5bfff",
            "description": "",
            "etag": "W/\"d6931a10386226d76bf836546140d3a2\"",
            "id": "before-you-ship:groomed: accepted",
            "name": "groomed: accepted",
            "repository": "before-you-ship",
            "url": "https://api.github.com/repos/18F/before-you-ship/labels/groomed:%20accepted"
          },
          "private": "bnVsbA=="
        },
        {
          "index_key": 35,
          "schema_version": 0,
          "attributes": {
            "color": "d5bfff",
            "description": "",
            "etag": "W/\"35c7f228963966a4e5f0281155d6a632\"",
            "id": "before-you-ship:groomed: draft - final",
            "name": "groomed: draft - final",
            "repository": "before-you-ship",
            "url": "https://api.github.com/repos/18F/before-you-ship/labels/groomed:%20draft%20-%20final"
          },
          "private": "bnVsbA=="
        },
        {
          "index_key": 36,
          "schema_version": 0,
          "attributes": {
            "color": "d5bfff",
            "description": "",
            "etag": "W/\"5f6c9a33172760b2748030322a1d3cd6\"",
            "id": "before-you-ship:grooming: draft - initial",
            "name": "grooming: draft - initial",
            "repository": "before-you-ship",
            "url": "https://api.github.com/repos/18F/before-you-ship/labels/grooming:%20draft%20-%20initial"
          },
          "private": "bnVsbA=="
        },
        {
          "index_key": 37,
          "schema_version": 0,
          "attributes": {
            "color": "d5bfff",
            "description": "",
            "etag": "W/\"5789d1ee225a7246bef6a3c234f93028\"",
            "id": "before-you-ship:grooming: team",
            "name": "grooming: team",
            "repository": "before-you-ship",
            "url": "https://api.github.com/repos/18F/before-you-ship/labels/grooming:%20team"
          },
          "private": "bnVsbA=="
        },
        {
          "index_key": 38,
          "schema_version": 0,
          "attributes": {
            "color": "afaea2",
            "description": "",
            "etag": "W/\"664cb71c40ff526177d7d2b58521d32b\"",
            "id": "before-you-ship:internal workflow",
            "name": "internal workflow",
            "repository": "before-you-ship",
            "url": "https://api.github.com/repos/18F/before-you-ship/labels/internal%20workflow"
          },
          "private": "bnVsbA=="
        },
        {
          "index_key": 39,
          "schema_version": 0,
          "attributes": {
            "color": "afaea2",
            "description": "",
            "etag": "W/\"ccf330f85e5794279e2fa657c59f0729\"",
            "id": "before-you-ship:passion project",
            "name": "passion project",
            "repository": "before-you-ship",
            "url": "https://api.github.com/repos/18F/before-you-ship/labels/passion%20project"
          },
          "private": "bnVsbA=="
        },
        {
          "index_key": 40,
          "schema_version": 0,
          "attributes": {
            "color": "fc906d",
            "description": "",
            "etag": "W/\"171d64d57c0bc22c981b193424c6b64d\"",
            "id": "before-you-ship:prep step",
            "name": "prep step",
            "repository": "before-you-ship",
            "url": "https://api.github.com/repos/18F/before-you-ship/labels/prep%20step"
          },
          "private": "bnVsbA=="
        },
        {
          "index_key": 41,
          "schema_version": 0,
          "attributes": {
            "color": "dec69a",
            "description": "",
            "etag": "W/\"831ffd48538ae66d0930ecbab5cb6170\"",
            "id": "before-you-ship:size: days",
            "name": "size: days",
            "repository": "before-you-ship",
            "url": "https://api.github.com/repos/18F/before-you-ship/labels/size:%20days"
          },
          "private": "bnVsbA=="
        },
        {
          "index_key": 42,
          "schema_version": 0,
          "attributes": {
            "color": "dec69a",
            "description": "",
            "etag": "W/\"93f107478d7344849f9fdddd094778a6\"",
            "id": "before-you-ship:size: hours",
            "name": "size: hours",
            "repository": "before-you-ship",
            "url": "https://api.github.com/repos/18F/before-you-ship/labels/size:%20hours"
          },
          "private": "bnVsbA=="
        },
        {
          "index_key": 43,
          "schema_version": 0,
          "attributes": {
            "color": "dec69a",
            "description": "",
            "etag": "W/\"7aa1a46bcd206044530cf89649ec59e7\"",
            "id": "before-you-ship:size: months",
            "name": "size: months",
            "repository": "before-you-ship",
            "url": "https://api.github.com/repos/18F/before-you-ship/labels/size:%20months"
          },
          "private": "bnVsbA=="
        },
        {
          "index_key": 44,
          "schema_version": 0,
          "attributes": {
            "color": "dec69a",
            "description": "",
            "etag": "W/\"3021257cfd3ccb50eb75838d1017af90\"",
            "id": "before-you-ship:size: weeks",
            "name": "size: weeks",
            "repository": "before-you-ship",
            "url": "https://api.github.com/repos/18F/before-you-ship/labels/size:%20weeks"
          },
          "private": "bnVsbA=="
        },
        {
          "index_key": 45,
          "schema_version": 0,
          "attributes": {
            "color": "a6b557",
            "description": "",
            "etag": "W/\"0e764fa844892d9f8c965e5d333dc23b\"",
            "id": "before-you-ship:sprint: planning",
            "name": "sprint: planning",
            "repository": "before-you-ship",
            "url": "https://api.github.com/repos/18F/before-you-ship/labels/sprint:%20planning"
          },
          "private": "bnVsbA=="
        },
        {
          "index_key": 46,
          "schema_version": 0,
          "attributes": {
            "color": "a6b557",
            "description": "",
            "etag": "W/\"44423a49a4379af4994c4fb1e13e8b66\"",
            "id": "before-you-ship:sprint: review",
            "name": "sprint: review",
            "repository": "before-you-ship",
            "url": "https://api.github.com/repos/18F/before-you-ship/labels/sprint:%20review"
          },
          "private": "bnVsbA=="
        }
      ]
    },
    {
      "mode": "managed",
      "type": "github_issue_label",
      "name": "bug-bounty",
      "each": "list",
      "provider": "provider.github",
      "instances": [
        {
          "index_key": 0,
          "schema_version": 0,
          "attributes": {
            "color": "FFFFFF",
            "description": "",
            "etag": "W/\"1a86eb6b8a0304a5b72746f44e61ab59\"",
            "id": "bug-bounty:DE.AE - Anomalies and Events",
            "name": "DE.AE - Anomalies and Events",
            "repository": "bug-bounty",
            "url": "https://api.github.com/repos/18F/bug-bounty/labels/DE.AE%20-%20Anomalies%20and%20Events"
          },
          "private": "bnVsbA=="
        },
        {
          "index_key": 1,
          "schema_version": 0,
          "attributes": {
            "color": "FFFFFF",
            "description": "",
            "etag": "W/\"85bf968a49043be6de1c655f6bab7a4a\"",
            "id": "bug-bounty:DE.CM - Security Continuous Monitoring",
            "name": "DE.CM - Security Continuous Monitoring",
            "repository": "bug-bounty",
            "url": "https://api.github.com/repos/18F/bug-bounty/labels/DE.CM%20-%20Security%20Continuous%20Monitoring"
          },
          "private": "bnVsbA=="
        },
        {
          "index_key": 2,
          "schema_version": 0,
          "attributes": {
            "color": "FFFFFF",
            "description": "",
            "etag": "W/\"eceae1079a254efe2250720538cecd83\"",
            "id": "bug-bounty:DE.DP- Detection Processes",
            "name": "DE.DP- Detection Processes",
            "repository": "bug-bounty",
            "url": "https://api.github.com/repos/18F/bug-bounty/labels/DE.DP-%20Detection%20Processes"
          },
          "private": "bnVsbA=="
        },
        {
          "index_key": 3,
          "schema_version": 0,
          "attributes": {
            "color": "FFFFFF",
            "description": "",
            "etag": "W/\"d3c4d49e1c8577be0ee5913faa03e6b9\"",
            "id": "bug-bounty:ID.AM - Asset Management",
            "name": "ID.AM - Asset Management",
            "repository": "bug-bounty",
            "url": "https://api.github.com/repos/18F/bug-bounty/labels/ID.AM%20-%20Asset%20Management"
          },
          "private": "bnVsbA=="
        },
        {
          "index_key": 4,
          "schema_version": 0,
          "attributes": {
            "color": "FFFFFF",
            "description": "",
            "etag": "W/\"bdfa41f89949398b481734b68bde6589\"",
            "id": "bug-bounty:ID.BE - Business Environment",
            "name": "ID.BE - Business Environment",
            "repository": "bug-bounty",
            "url": "https://api.github.com/repos/18F/bug-bounty/labels/ID.BE%20-%20Business%20Environment"
          },
          "private": "bnVsbA=="
        },
        {
          "index_key": 5,
          "schema_version": 0,
          "attributes": {
            "color": "FFFFFF",
            "description": "",
            "etag": "W/\"7cc8bdaaf8474bc126c2a6257f2fd079\"",
            "id": "bug-bounty:ID.GV - Governance",
            "name": "ID.GV - Governance",
            "repository": "bug-bounty",
            "url": "https://api.github.com/repos/18F/bug-bounty/labels/ID.GV%20-%20Governance"
          },
          "private": "bnVsbA=="
        },
        {
          "index_key": 6,
          "schema_version": 0,
          "attributes": {
            "color": "FFFFFF",
            "description": "",
            "etag": "W/\"9109574966d1e6c3572a2b3efd8c6351\"",
            "id": "bug-bounty:ID.RA - Risk Assessment",
            "name": "ID.RA - Risk Assessment",
            "repository": "bug-bounty",
            "url": "https://api.github.com/repos/18F/bug-bounty/labels/ID.RA%20-%20Risk%20Assessment"
          },
          "private": "bnVsbA=="
        },
        {
          "index_key": 7,
          "schema_version": 0,
          "attributes": {
            "color": "FFFFFF",
            "description": "",
            "etag": "W/\"0c77054b2ad0b57910a6b63a36c27fa2\"",
            "id": "bug-bounty:ID.RM - Risk Management Strategy",
            "name": "ID.RM - Risk Management Strategy",
            "repository": "bug-bounty",
            "url": "https://api.github.com/repos/18F/bug-bounty/labels/ID.RM%20-%20Risk%20Management%20Strategy"
          },
          "private": "bnVsbA=="
        },
        {
          "index_key": 8,
          "schema_version": 0,
          "attributes": {
            "color": "FFFFFF",
            "description": "",
            "etag": "W/\"db21aff549cf1dfa5417fbd3ce927af1\"",
            "id": "bug-bounty:ID.SC - Supply Chain Risk Management",
            "name": "ID.SC - Supply Chain Risk Management",
            "repository": "bug-bounty",
            "url": "https://api.github.com/repos/18F/bug-bounty/labels/ID.SC%20-%20Supply%20Chain%20Risk%20Management"
          },
          "private": "bnVsbA=="
        },
        {
          "index_key": 9,
          "schema_version": 0,
          "attributes": {
            "color": "FFFFFF",
            "description": "",
            "etag": "W/\"1a4a942245514bbf862cda328a225b24\"",
            "id": "bug-bounty:PR.AC - Identity Management and Access Control",
            "name": "PR.AC - Identity Management and Access Control",
            "repository": "bug-bounty",
            "url": "https://api.github.com/repos/18F/bug-bounty/labels/PR.AC%20-%20Identity%20Management%20and%20Access%20Control"
          },
          "private": "bnVsbA=="
        },
        {
          "index_key": 10,
          "schema_version": 0,
          "attributes": {
            "color": "FFFFFF",
            "description": "",
            "etag": "W/\"be8953e0c94a05a7565e901688b298ec\"",
            "id": "bug-bounty:PR.AT - Awareness and Training",
            "name": "PR.AT - Awareness and Training",
            "repository": "bug-bounty",
            "url": "https://api.github.com/repos/18F/bug-bounty/labels/PR.AT%20-%20Awareness%20and%20Training"
          },
          "private": "bnVsbA=="
        },
        {
          "index_key": 11,
          "schema_version": 0,
          "attributes": {
            "color": "FFFFFF",
            "description": "",
            "etag": "W/\"b8d11738ef8c5cf9b4da46374ce68f36\"",
            "id": "bug-bounty:PR.DS - Data Security",
            "name": "PR.DS - Data Security",
            "repository": "bug-bounty",
            "url": "https://api.github.com/repos/18F/bug-bounty/labels/PR.DS%20-%20Data%20Security"
          },
          "private": "bnVsbA=="
        },
        {
          "index_key": 12,
          "schema_version": 0,
          "attributes": {
            "color": "FFFFFF",
            "description": "",
            "etag": "W/\"f18f717e85bb9eef71e71787c49e47e3\"",
            "id": "bug-bounty:PR.IP - Information Protection ProcessesProcedures",
            "name": "PR.IP - Information Protection ProcessesProcedures",
            "repository": "bug-bounty",
            "url": "https://api.github.com/repos/18F/bug-bounty/labels/PR.IP%20-%20Information%20Protection%20ProcessesProcedures"
          },
          "private": "bnVsbA=="
        },
        {
          "index_key": 13,
          "schema_version": 0,
          "attributes": {
            "color": "FFFFFF",
            "description": "",
            "etag": "W/\"42db095ff1e26aa8056cbc2da653632e\"",
            "id": "bug-bounty:PR.MA - Maintenance",
            "name": "PR.MA - Maintenance",
            "repository": "bug-bounty",
            "url": "https://api.github.com/repos/18F/bug-bounty/labels/PR.MA%20-%20Maintenance"
          },
          "private": "bnVsbA=="
        },
        {
          "index_key": 14,
          "schema_version": 0,
          "attributes": {
            "color": "FFFFFF",
            "description": "",
            "etag": "W/\"29e4b17742db3340d34cb804b9286e9b\"",
            "id": "bug-bounty:PR.PT - Protective Technology",
            "name": "PR.PT - Protective Technology",
            "repository": "bug-bounty",
            "url": "https://api.github.com/repos/18F/bug-bounty/labels/PR.PT%20-%20Protective%20Technology"
          },
          "private": "bnVsbA=="
        },
        {
          "index_key": 15,
          "schema_version": 0,
          "attributes": {
            "color": "FFFFFF",
            "description": "",
            "etag": "W/\"81164dead286910fcb68840ba1bec9d7\"",
            "id": "bug-bounty:RC.CO - Communications",
            "name": "RC.CO - Communications",
            "repository": "bug-bounty",
            "url": "https://api.github.com/repos/18F/bug-bounty/labels/RC.CO%20-%20Communications"
          },
          "private": "bnVsbA=="
        },
        {
          "index_key": 16,
          "schema_version": 0,
          "attributes": {
            "color": "FFFFFF",
            "description": "",
            "etag": "W/\"fee9bd9c2a3b8bfa0a968e51985906d2\"",
            "id": "bug-bounty:RC.IM - Recovery Improvements",
            "name": "RC.IM - Recovery Improvements",
            "repository": "bug-bounty",
            "url": "https://api.github.com/repos/18F/bug-bounty/labels/RC.IM%20-%20Recovery%20Improvements"
          },
          "private": "bnVsbA=="
        },
        {
          "index_key": 17,
          "schema_version": 0,
          "attributes": {
            "color": "FFFFFF",
            "description": "",
            "etag": "W/\"d0e6278bdddece4dcce61c4dc21e4cf7\"",
            "id": "bug-bounty:RC.RP - Recovery Planning",
            "name": "RC.RP - Recovery Planning",
            "repository": "bug-bounty",
            "url": "https://api.github.com/repos/18F/bug-bounty/labels/RC.RP%20-%20Recovery%20Planning"
          },
          "private": "bnVsbA=="
        },
        {
          "index_key": 18,
          "schema_version": 0,
          "attributes": {
            "color": "FFFFFF",
            "description": "",
            "etag": "W/\"63fe2bcc0a1c3f2a6d9355be9405e233\"",
            "id": "bug-bounty:RS.AN - Analysis",
            "name": "RS.AN - Analysis",
            "repository": "bug-bounty",
            "url": "https://api.github.com/repos/18F/bug-bounty/labels/RS.AN%20-%20Analysis"
          },
          "private": "bnVsbA=="
        },
        {
          "index_key": 19,
          "schema_version": 0,
          "attributes": {
            "color": "FFFFFF",
            "description": "",
            "etag": "W/\"342eaa14c399bb15b67d3429fd9db060\"",
            "id": "bug-bounty:RS.IM - Response Improvements",
            "name": "RS.IM - Response Improvements",
            "repository": "bug-bounty",
            "url": "https://api.github.com/repos/18F/bug-bounty/labels/RS.IM%20-%20Response%20Improvements"
          },
          "private": "bnVsbA=="
        },
        {
          "index_key": 20,
          "schema_version": 0,
          "attributes": {
            "color": "FFFFFF",
            "description": "",
            "etag": "W/\"e0ae307b38aaf6dcf6f5ee403a6ccc34\"",
            "id": "bug-bounty:RS.MI - Mitigation",
            "name": "RS.MI - Mitigation",
            "repository": "bug-bounty",
            "url": "https://api.github.com/repos/18F/bug-bounty/labels/RS.MI%20-%20Mitigation"
          },
          "private": "bnVsbA=="
        },
        {
          "index_key": 21,
          "schema_version": 0,
          "attributes": {
            "color": "FFFFFF",
            "description": "",
            "etag": "W/\"7dba3c11a11e83c9f6dfc816e2a59d9b\"",
            "id": "bug-bounty:RS.RP - Response Planning",
            "name": "RS.RP - Response Planning",
            "repository": "bug-bounty",
            "url": "https://api.github.com/repos/18F/bug-bounty/labels/RS.RP%20-%20Response%20Planning"
          },
          "private": "bnVsbA=="
        },
        {
          "index_key": 22,
          "schema_version": 0,
          "attributes": {
            "color": "c9ab48",
            "description": "",
            "etag": "W/\"75a212362aa84b04c715fcf488090b42\"",
            "id": "bug-bounty:blog-able",
            "name": "blog-able",
            "repository": "bug-bounty",
            "url": "https://api.github.com/repos/18F/bug-bounty/labels/blog-able"
          },
          "private": "bnVsbA=="
        },
        {
          "index_key": 23,
          "schema_version": 0,
          "attributes": {
            "color": "c9ab48",
            "description": "",
            "etag": "W/\"691983c45d2db8114122474015a19f9a\"",
            "id": "bug-bounty:demo-able",
            "name": "demo-able",
            "repository": "bug-bounty",
            "url": "https://api.github.com/repos/18F/bug-bounty/labels/demo-able"
          },
          "private": "bnVsbA=="
        },
        {
          "index_key": 24,
          "schema_version": 0,
          "attributes": {
            "color": "fc906d",
            "description": "",
            "etag": "W/\"7c60e899231e9cb64215ae52de8afc5c\"",
            "id": "bug-bounty:documentation",
            "name": "documentation",
            "repository": "bug-bounty",
            "url": "https://api.github.com/repos/18F/bug-bounty/labels/documentation"
          },
          "private": "bnVsbA=="
        },
        {
          "index_key": 25,
          "schema_version": 0,
          "attributes": {
            "color": "e9695f",
            "description": "",
            "etag": "W/\"52b25bac14c0a0ebbbf48618a56c3ea0\"",
            "id": "bug-bounty:due date",
            "name": "due date",
            "repository": "bug-bounty",
            "url": "https://api.github.com/repos/18F/bug-bounty/labels/due%20date"
          },
          "private": "bnVsbA=="
        },
        {
          "index_key": 26,
          "schema_version": 0,
          "attributes": {
            "color": "6ecbdb",
            "description": "",
            "etag": "W/\"4039b3b2b64bb5b7ccbd94529977f5cf\"",
            "id": "bug-bounty:epic: acquisition procurement and budgeting",
            "name": "epic: acquisition procurement and budgeting",
            "repository": "bug-bounty",
            "url": "https://api.github.com/repos/18F/bug-bounty/labels/epic:%20acquisition%20procurement%20and%20budgeting"
          },
          "private": "bnVsbA=="
        },
        {
          "index_key": 27,
          "schema_version": 0,
          "attributes": {
            "color": "6ecbdb",
            "description": "",
            "etag": "W/\"2064d8a8e339f524e458eff3e68f2b0b\"",
            "id": "bug-bounty:epic: customer service and communication",
            "name": "epic: customer service and communication",
            "repository": "bug-bounty",
            "url": "https://api.github.com/repos/18F/bug-bounty/labels/epic:%20customer%20service%20and%20communication"
          },
          "private": "bnVsbA=="
        },
        {
          "index_key": 28,
          "schema_version": 0,
          "attributes": {
            "color": "6ecbdb",
            "description": "",
            "etag": "W/\"df8534547dd3b9b6394230c466bfe113\"",
            "id": "bug-bounty:epic: dogfood-ing",
            "name": "epic: dogfood-ing",
            "repository": "bug-bounty",
            "url": "https://api.github.com/repos/18F/bug-bounty/labels/epic:%20dogfood-ing"
          },
          "private": "bnVsbA=="
        },
        {
          "index_key": 29,
          "schema_version": 0,
          "attributes": {
            "color": "6ecbdb",
            "description": "",
            "etag": "W/\"f0c1f321966eeee0b580ca5bbb1c1d68\"",
            "id": "bug-bounty:epic: policy and guidance",
            "name": "epic: policy and guidance",
            "repository": "bug-bounty",
            "url": "https://api.github.com/repos/18F/bug-bounty/labels/epic:%20policy%20and%20guidance"
          },
          "private": "bnVsbA=="
        },
        {
          "index_key": 30,
          "schema_version": 0,
          "attributes": {
            "color": "6ecbdb",
            "description": "",
            "etag": "W/\"6715aa517ed1890eb708555e7ae15ec3\"",
            "id": "bug-bounty:epic: security and compliance",
            "name": "epic: security and compliance",
            "repository": "bug-bounty",
            "url": "https://api.github.com/repos/18F/bug-bounty/labels/epic:%20security%20and%20compliance"
          },
          "private": "bnVsbA=="
        },
        {
          "index_key": 31,
          "schema_version": 0,
          "attributes": {
            "color": "6ecbdb",
            "description": "",
            "etag": "W/\"18d42406402cc38a911c31fbfd968e3e\"",
            "id": "bug-bounty:epic: software and infrastructure",
            "name": "epic: software and infrastructure",
            "repository": "bug-bounty",
            "url": "https://api.github.com/repos/18F/bug-bounty/labels/epic:%20software%20and%20infrastructure"
          },
          "private": "bnVsbA=="
        },
        {
          "index_key": 32,
          "schema_version": 0,
          "attributes": {
            "color": "e9695f",
            "description": "",
            "etag": "W/\"a7d5d38be63ba42df1b414bd36b0f424\"",
            "id": "bug-bounty:expedite",
            "name": "expedite",
            "repository": "bug-bounty",
            "url": "https://api.github.com/repos/18F/bug-bounty/labels/expedite"
          },
          "private": "bnVsbA=="
        },
        {
          "index_key": 33,
          "schema_version": 0,
          "attributes": {
            "color": "e9695f",
            "description": "",
            "etag": "W/\"d37e0cfac376632b74f7756d271f725e\"",
            "id": "bug-bounty:feedback needed",
            "name": "feedback needed",
            "repository": "bug-bounty",
            "url": "https://api.github.com/repos/18F/bug-bounty/labels/feedback%20needed"
          },
          "private": "bnVsbA=="
        },
        {
          "index_key": 34,
          "schema_version": 0,
          "attributes": {
            "color": "d5bfff",
            "description": "",
            "etag": "W/\"c40d22388b0b7f2b9cd3100d5e582e12\"",
            "id": "bug-bounty:groomed: accepted",
            "name": "groomed: accepted",
            "repository": "bug-bounty",
            "url": "https://api.github.com/repos/18F/bug-bounty/labels/groomed:%20accepted"
          },
          "private": "bnVsbA=="
        },
        {
          "index_key": 35,
          "schema_version": 0,
          "attributes": {
            "color": "d5bfff",
            "description": "",
            "etag": "W/\"6b42ef9863a16f81cf50a91ed52190b9\"",
            "id": "bug-bounty:groomed: draft - final",
            "name": "groomed: draft - final",
            "repository": "bug-bounty",
            "url": "https://api.github.com/repos/18F/bug-bounty/labels/groomed:%20draft%20-%20final"
          },
          "private": "bnVsbA=="
        },
        {
          "index_key": 36,
          "schema_version": 0,
          "attributes": {
            "color": "d5bfff",
            "description": "",
            "etag": "W/\"82ca7ecb2cd4ad172a9f59ac66d5d1fc\"",
            "id": "bug-bounty:grooming: draft - initial",
            "name": "grooming: draft - initial",
            "repository": "bug-bounty",
            "url": "https://api.github.com/repos/18F/bug-bounty/labels/grooming:%20draft%20-%20initial"
          },
          "private": "bnVsbA=="
        },
        {
          "index_key": 37,
          "schema_version": 0,
          "attributes": {
            "color": "d5bfff",
            "description": "",
            "etag": "W/\"d34e6e0bdd482e2f2baefa982677e9f4\"",
            "id": "bug-bounty:grooming: team",
            "name": "grooming: team",
            "repository": "bug-bounty",
            "url": "https://api.github.com/repos/18F/bug-bounty/labels/grooming:%20team"
          },
          "private": "bnVsbA=="
        },
        {
          "index_key": 38,
          "schema_version": 0,
          "attributes": {
            "color": "afaea2",
            "description": "",
            "etag": "W/\"63f71c4ee5ca0619d433d58e126b60c3\"",
            "id": "bug-bounty:internal workflow",
            "name": "internal workflow",
            "repository": "bug-bounty",
            "url": "https://api.github.com/repos/18F/bug-bounty/labels/internal%20workflow"
          },
          "private": "bnVsbA=="
        },
        {
          "index_key": 39,
          "schema_version": 0,
          "attributes": {
            "color": "afaea2",
            "description": "",
            "etag": "W/\"36a27ff394b820d11b4c64beb220b574\"",
            "id": "bug-bounty:passion project",
            "name": "passion project",
            "repository": "bug-bounty",
            "url": "https://api.github.com/repos/18F/bug-bounty/labels/passion%20project"
          },
          "private": "bnVsbA=="
        },
        {
          "index_key": 40,
          "schema_version": 0,
          "attributes": {
            "color": "fc906d",
            "description": "",
            "etag": "W/\"0211f51ca017936aad2f18e3ef65160c\"",
            "id": "bug-bounty:prep step",
            "name": "prep step",
            "repository": "bug-bounty",
            "url": "https://api.github.com/repos/18F/bug-bounty/labels/prep%20step"
          },
          "private": "bnVsbA=="
        },
        {
          "index_key": 41,
          "schema_version": 0,
          "attributes": {
            "color": "dec69a",
            "description": "",
            "etag": "W/\"0f5aff54fe75e61dd6339bde801f4c02\"",
            "id": "bug-bounty:size: days",
            "name": "size: days",
            "repository": "bug-bounty",
            "url": "https://api.github.com/repos/18F/bug-bounty/labels/size:%20days"
          },
          "private": "bnVsbA=="
        },
        {
          "index_key": 42,
          "schema_version": 0,
          "attributes": {
            "color": "dec69a",
            "description": "",
            "etag": "W/\"4c192a9d76d954d85002f2472cda3a94\"",
            "id": "bug-bounty:size: hours",
            "name": "size: hours",
            "repository": "bug-bounty",
            "url": "https://api.github.com/repos/18F/bug-bounty/labels/size:%20hours"
          },
          "private": "bnVsbA=="
        },
        {
          "index_key": 43,
          "schema_version": 0,
          "attributes": {
            "color": "dec69a",
            "description": "",
            "etag": "W/\"c84d1b170dbf8dab9e26380b26d072ed\"",
            "id": "bug-bounty:size: months",
            "name": "size: months",
            "repository": "bug-bounty",
            "url": "https://api.github.com/repos/18F/bug-bounty/labels/size:%20months"
          },
          "private": "bnVsbA=="
        },
        {
          "index_key": 44,
          "schema_version": 0,
          "attributes": {
            "color": "dec69a",
            "description": "",
            "etag": "W/\"bc8ef04a28023237bd4e27af904932d1\"",
            "id": "bug-bounty:size: weeks",
            "name": "size: weeks",
            "repository": "bug-bounty",
            "url": "https://api.github.com/repos/18F/bug-bounty/labels/size:%20weeks"
          },
          "private": "bnVsbA=="
        },
        {
          "index_key": 45,
          "schema_version": 0,
          "attributes": {
            "color": "a6b557",
            "description": "",
            "etag": "W/\"dadf64359924f66d8744296e47bcc0d8\"",
            "id": "bug-bounty:sprint: planning",
            "name": "sprint: planning",
            "repository": "bug-bounty",
            "url": "https://api.github.com/repos/18F/bug-bounty/labels/sprint:%20planning"
          },
          "private": "bnVsbA=="
        },
        {
          "index_key": 46,
          "schema_version": 0,
          "attributes": {
            "color": "a6b557",
            "description": "",
            "etag": "W/\"22b036437ab79b63c060b8b0a843fa1e\"",
            "id": "bug-bounty:sprint: review",
            "name": "sprint: review",
            "repository": "bug-bounty",
            "url": "https://api.github.com/repos/18F/bug-bounty/labels/sprint:%20review"
          },
          "private": "bnVsbA=="
        }
      ]
    },
    {
      "mode": "managed",
      "type": "github_issue_label",
      "name": "dns",
      "each": "list",
      "provider": "provider.github",
      "instances": [
        {
          "index_key": 0,
          "schema_version": 0,
          "attributes": {
            "color": "FFFFFF",
            "description": "",
            "etag": "W/\"8124a30039f2e8d26f0a56a95d950c6b\"",
            "id": "dns:DE.AE - Anomalies and Events",
            "name": "DE.AE - Anomalies and Events",
            "repository": "dns",
            "url": "https://api.github.com/repos/18F/dns/labels/DE.AE%20-%20Anomalies%20and%20Events"
          },
          "private": "bnVsbA=="
        },
        {
          "index_key": 1,
          "schema_version": 0,
          "attributes": {
            "color": "FFFFFF",
            "description": "",
            "etag": "W/\"1aabb0446d3df496d35ac22d01944337\"",
            "id": "dns:DE.CM - Security Continuous Monitoring",
            "name": "DE.CM - Security Continuous Monitoring",
            "repository": "dns",
            "url": "https://api.github.com/repos/18F/dns/labels/DE.CM%20-%20Security%20Continuous%20Monitoring"
          },
          "private": "bnVsbA=="
        },
        {
          "index_key": 2,
          "schema_version": 0,
          "attributes": {
            "color": "FFFFFF",
            "description": "",
            "etag": "W/\"657cf6631e46d153854fdce8a6de32fb\"",
            "id": "dns:DE.DP- Detection Processes",
            "name": "DE.DP- Detection Processes",
            "repository": "dns",
            "url": "https://api.github.com/repos/18F/dns/labels/DE.DP-%20Detection%20Processes"
          },
          "private": "bnVsbA=="
        },
        {
          "index_key": 3,
          "schema_version": 0,
          "attributes": {
            "color": "FFFFFF",
            "description": "",
            "etag": "W/\"b7f221928415b1b95f94306abcd77dcb\"",
            "id": "dns:ID.AM - Asset Management",
            "name": "ID.AM - Asset Management",
            "repository": "dns",
            "url": "https://api.github.com/repos/18F/dns/labels/ID.AM%20-%20Asset%20Management"
          },
          "private": "bnVsbA=="
        },
        {
          "index_key": 4,
          "schema_version": 0,
          "attributes": {
            "color": "FFFFFF",
            "description": "",
            "etag": "W/\"d6d37446a3f69246ff858e73543ddd11\"",
            "id": "dns:ID.BE - Business Environment",
            "name": "ID.BE - Business Environment",
            "repository": "dns",
            "url": "https://api.github.com/repos/18F/dns/labels/ID.BE%20-%20Business%20Environment"
          },
          "private": "bnVsbA=="
        },
        {
          "index_key": 5,
          "schema_version": 0,
          "attributes": {
            "color": "FFFFFF",
            "description": "",
            "etag": "W/\"3493815368ab06f1b561f973e42edbb0\"",
            "id": "dns:ID.GV - Governance",
            "name": "ID.GV - Governance",
            "repository": "dns",
            "url": "https://api.github.com/repos/18F/dns/labels/ID.GV%20-%20Governance"
          },
          "private": "bnVsbA=="
        },
        {
          "index_key": 6,
          "schema_version": 0,
          "attributes": {
            "color": "FFFFFF",
            "description": "",
            "etag": "W/\"aaa07a76d3f94917c762d5ea21e8332b\"",
            "id": "dns:ID.RA - Risk Assessment",
            "name": "ID.RA - Risk Assessment",
            "repository": "dns",
            "url": "https://api.github.com/repos/18F/dns/labels/ID.RA%20-%20Risk%20Assessment"
          },
          "private": "bnVsbA=="
        },
        {
          "index_key": 7,
          "schema_version": 0,
          "attributes": {
            "color": "FFFFFF",
            "description": "",
            "etag": "W/\"97a6c9a556d6f3346a104ffc36f87239\"",
            "id": "dns:ID.RM - Risk Management Strategy",
            "name": "ID.RM - Risk Management Strategy",
            "repository": "dns",
            "url": "https://api.github.com/repos/18F/dns/labels/ID.RM%20-%20Risk%20Management%20Strategy"
          },
          "private": "bnVsbA=="
        },
        {
          "index_key": 8,
          "schema_version": 0,
          "attributes": {
            "color": "FFFFFF",
            "description": "",
            "etag": "W/\"02d5653be9a80e2565f44d1ea68d77c6\"",
            "id": "dns:ID.SC - Supply Chain Risk Management",
            "name": "ID.SC - Supply Chain Risk Management",
            "repository": "dns",
            "url": "https://api.github.com/repos/18F/dns/labels/ID.SC%20-%20Supply%20Chain%20Risk%20Management"
          },
          "private": "bnVsbA=="
        },
        {
          "index_key": 9,
          "schema_version": 0,
          "attributes": {
            "color": "FFFFFF",
            "description": "",
            "etag": "W/\"491e971a3b9428b0ff663d9745d7923a\"",
            "id": "dns:PR.AC - Identity Management and Access Control",
            "name": "PR.AC - Identity Management and Access Control",
            "repository": "dns",
            "url": "https://api.github.com/repos/18F/dns/labels/PR.AC%20-%20Identity%20Management%20and%20Access%20Control"
          },
          "private": "bnVsbA=="
        },
        {
          "index_key": 10,
          "schema_version": 0,
          "attributes": {
            "color": "FFFFFF",
            "description": "",
            "etag": "W/\"f2bef37f9f50b7ea8d13a83d55c307f7\"",
            "id": "dns:PR.AT - Awareness and Training",
            "name": "PR.AT - Awareness and Training",
            "repository": "dns",
            "url": "https://api.github.com/repos/18F/dns/labels/PR.AT%20-%20Awareness%20and%20Training"
          },
          "private": "bnVsbA=="
        },
        {
          "index_key": 11,
          "schema_version": 0,
          "attributes": {
            "color": "FFFFFF",
            "description": "",
            "etag": "W/\"71c076652947cf5b1a05c9d6bfdbfa48\"",
            "id": "dns:PR.DS - Data Security",
            "name": "PR.DS - Data Security",
            "repository": "dns",
            "url": "https://api.github.com/repos/18F/dns/labels/PR.DS%20-%20Data%20Security"
          },
          "private": "bnVsbA=="
        },
        {
          "index_key": 12,
          "schema_version": 0,
          "attributes": {
            "color": "FFFFFF",
            "description": "",
            "etag": "W/\"d1aad4d118da3ac7a7c224e073de8b53\"",
            "id": "dns:PR.IP - Information Protection ProcessesProcedures",
            "name": "PR.IP - Information Protection ProcessesProcedures",
            "repository": "dns",
            "url": "https://api.github.com/repos/18F/dns/labels/PR.IP%20-%20Information%20Protection%20ProcessesProcedures"
          },
          "private": "bnVsbA=="
        },
        {
          "index_key": 13,
          "schema_version": 0,
          "attributes": {
            "color": "FFFFFF",
            "description": "",
            "etag": "W/\"a21f5b136533c2effcc0aa83eb803bd3\"",
            "id": "dns:PR.MA - Maintenance",
            "name": "PR.MA - Maintenance",
            "repository": "dns",
            "url": "https://api.github.com/repos/18F/dns/labels/PR.MA%20-%20Maintenance"
          },
          "private": "bnVsbA=="
        },
        {
          "index_key": 14,
          "schema_version": 0,
          "attributes": {
            "color": "FFFFFF",
            "description": "",
            "etag": "W/\"edabe8f233d9f51ab733fc533701e9c3\"",
            "id": "dns:PR.PT - Protective Technology",
            "name": "PR.PT - Protective Technology",
            "repository": "dns",
            "url": "https://api.github.com/repos/18F/dns/labels/PR.PT%20-%20Protective%20Technology"
          },
          "private": "bnVsbA=="
        },
        {
          "index_key": 15,
          "schema_version": 0,
          "attributes": {
            "color": "FFFFFF",
            "description": "",
            "etag": "W/\"b9d4dd0d8a3db472946b4d7efb39ee08\"",
            "id": "dns:RC.CO - Communications",
            "name": "RC.CO - Communications",
            "repository": "dns",
            "url": "https://api.github.com/repos/18F/dns/labels/RC.CO%20-%20Communications"
          },
          "private": "bnVsbA=="
        },
        {
          "index_key": 16,
          "schema_version": 0,
          "attributes": {
            "color": "FFFFFF",
            "description": "",
            "etag": "W/\"0d314d136638039a17408b059d64a58d\"",
            "id": "dns:RC.IM - Recovery Improvements",
            "name": "RC.IM - Recovery Improvements",
            "repository": "dns",
            "url": "https://api.github.com/repos/18F/dns/labels/RC.IM%20-%20Recovery%20Improvements"
          },
          "private": "bnVsbA=="
        },
        {
          "index_key": 17,
          "schema_version": 0,
          "attributes": {
            "color": "FFFFFF",
            "description": "",
            "etag": "W/\"4466e9418a2e0222b1a2184e8b8839a8\"",
            "id": "dns:RC.RP - Recovery Planning",
            "name": "RC.RP - Recovery Planning",
            "repository": "dns",
            "url": "https://api.github.com/repos/18F/dns/labels/RC.RP%20-%20Recovery%20Planning"
          },
          "private": "bnVsbA=="
        },
        {
          "index_key": 18,
          "schema_version": 0,
          "attributes": {
            "color": "FFFFFF",
            "description": "",
            "etag": "W/\"02d7bc1ac4ebfab049ca889ba906d3ed\"",
            "id": "dns:RS.AN - Analysis",
            "name": "RS.AN - Analysis",
            "repository": "dns",
            "url": "https://api.github.com/repos/18F/dns/labels/RS.AN%20-%20Analysis"
          },
          "private": "bnVsbA=="
        },
        {
          "index_key": 19,
          "schema_version": 0,
          "attributes": {
            "color": "FFFFFF",
            "description": "",
            "etag": "W/\"f363c5f5b2b739c2ddcdc0d86842ae10\"",
            "id": "dns:RS.IM - Response Improvements",
            "name": "RS.IM - Response Improvements",
            "repository": "dns",
            "url": "https://api.github.com/repos/18F/dns/labels/RS.IM%20-%20Response%20Improvements"
          },
          "private": "bnVsbA=="
        },
        {
          "index_key": 20,
          "schema_version": 0,
          "attributes": {
            "color": "FFFFFF",
            "description": "",
            "etag": "W/\"7ab0042da199687c18eb52c561e38c33\"",
            "id": "dns:RS.MI - Mitigation",
            "name": "RS.MI - Mitigation",
            "repository": "dns",
            "url": "https://api.github.com/repos/18F/dns/labels/RS.MI%20-%20Mitigation"
          },
          "private": "bnVsbA=="
        },
        {
          "index_key": 21,
          "schema_version": 0,
          "attributes": {
            "color": "FFFFFF",
            "description": "",
            "etag": "W/\"70d6d46e9537c9162623c10b775c754d\"",
            "id": "dns:RS.RP - Response Planning",
            "name": "RS.RP - Response Planning",
            "repository": "dns",
            "url": "https://api.github.com/repos/18F/dns/labels/RS.RP%20-%20Response%20Planning"
          },
          "private": "bnVsbA=="
        },
        {
          "index_key": 22,
          "schema_version": 0,
          "attributes": {
            "color": "c9ab48",
            "description": "",
            "etag": "W/\"13adb76090b5331b681e4d067bff0733\"",
            "id": "dns:blog-able",
            "name": "blog-able",
            "repository": "dns",
            "url": "https://api.github.com/repos/18F/dns/labels/blog-able"
          },
          "private": "bnVsbA=="
        },
        {
          "index_key": 23,
          "schema_version": 0,
          "attributes": {
            "color": "c9ab48",
            "description": "",
            "etag": "W/\"bafcb573f138e0bfacd13982501b7fbd\"",
            "id": "dns:demo-able",
            "name": "demo-able",
            "repository": "dns",
            "url": "https://api.github.com/repos/18F/dns/labels/demo-able"
          },
          "private": "bnVsbA=="
        },
        {
          "index_key": 24,
          "schema_version": 0,
          "attributes": {
            "color": "fc906d",
            "description": "",
            "etag": "W/\"a815bd87de67fc66e41b898c71f329c7\"",
            "id": "dns:documentation",
            "name": "documentation",
            "repository": "dns",
            "url": "https://api.github.com/repos/18F/dns/labels/documentation"
          },
          "private": "bnVsbA=="
        },
        {
          "index_key": 25,
          "schema_version": 0,
          "attributes": {
            "color": "e9695f",
            "description": "",
            "etag": "W/\"4222922e2615b88791a2b13564cbc3bb\"",
            "id": "dns:due date",
            "name": "due date",
            "repository": "dns",
            "url": "https://api.github.com/repos/18F/dns/labels/due%20date"
          },
          "private": "bnVsbA=="
        },
        {
          "index_key": 26,
          "schema_version": 0,
          "attributes": {
            "color": "6ecbdb",
            "description": "",
            "etag": "W/\"4e034b4db21e69533f2210c9b800971d\"",
            "id": "dns:epic: acquisition procurement and budgeting",
            "name": "epic: acquisition procurement and budgeting",
            "repository": "dns",
            "url": "https://api.github.com/repos/18F/dns/labels/epic:%20acquisition%20procurement%20and%20budgeting"
          },
          "private": "bnVsbA=="
        },
        {
          "index_key": 27,
          "schema_version": 0,
          "attributes": {
            "color": "6ecbdb",
            "description": "",
            "etag": "W/\"d11ef2c0b1332a7857172559abbc3ffb\"",
            "id": "dns:epic: customer service and communication",
            "name": "epic: customer service and communication",
            "repository": "dns",
            "url": "https://api.github.com/repos/18F/dns/labels/epic:%20customer%20service%20and%20communication"
          },
          "private": "bnVsbA=="
        },
        {
          "index_key": 28,
          "schema_version": 0,
          "attributes": {
            "color": "6ecbdb",
            "description": "",
            "etag": "W/\"20df9ae3ef52919c6008a4b1ef7f9db6\"",
            "id": "dns:epic: dogfood-ing",
            "name": "epic: dogfood-ing",
            "repository": "dns",
            "url": "https://api.github.com/repos/18F/dns/labels/epic:%20dogfood-ing"
          },
          "private": "bnVsbA=="
        },
        {
          "index_key": 29,
          "schema_version": 0,
          "attributes": {
            "color": "6ecbdb",
            "description": "",
            "etag": "W/\"f3fb149e8b025d8f767e78787e0f4ecf\"",
            "id": "dns:epic: policy and guidance",
            "name": "epic: policy and guidance",
            "repository": "dns",
            "url": "https://api.github.com/repos/18F/dns/labels/epic:%20policy%20and%20guidance"
          },
          "private": "bnVsbA=="
        },
        {
          "index_key": 30,
          "schema_version": 0,
          "attributes": {
            "color": "6ecbdb",
            "description": "",
            "etag": "W/\"7f9f5920e1fd3a0f1492667b941c0f87\"",
            "id": "dns:epic: security and compliance",
            "name": "epic: security and compliance",
            "repository": "dns",
            "url": "https://api.github.com/repos/18F/dns/labels/epic:%20security%20and%20compliance"
          },
          "private": "bnVsbA=="
        },
        {
          "index_key": 31,
          "schema_version": 0,
          "attributes": {
            "color": "6ecbdb",
            "description": "",
            "etag": "W/\"38e302b08036fc396e2921375d3ca39c\"",
            "id": "dns:epic: software and infrastructure",
            "name": "epic: software and infrastructure",
            "repository": "dns",
            "url": "https://api.github.com/repos/18F/dns/labels/epic:%20software%20and%20infrastructure"
          },
          "private": "bnVsbA=="
        },
        {
          "index_key": 32,
          "schema_version": 0,
          "attributes": {
            "color": "e9695f",
            "description": "",
            "etag": "W/\"fe9fcb4060f1034bab9b39d78728635f\"",
            "id": "dns:expedite",
            "name": "expedite",
            "repository": "dns",
            "url": "https://api.github.com/repos/18F/dns/labels/expedite"
          },
          "private": "bnVsbA=="
        },
        {
          "index_key": 33,
          "schema_version": 0,
          "attributes": {
            "color": "e9695f",
            "description": "",
            "etag": "W/\"44a24c1ade4c3771a7b1b622e2af0a86\"",
            "id": "dns:feedback needed",
            "name": "feedback needed",
            "repository": "dns",
            "url": "https://api.github.com/repos/18F/dns/labels/feedback%20needed"
          },
          "private": "bnVsbA=="
        },
        {
          "index_key": 34,
          "schema_version": 0,
          "attributes": {
            "color": "d5bfff",
            "description": "",
            "etag": "W/\"c9338d72c8f551cb6a6c0b9f51425704\"",
            "id": "dns:groomed: accepted",
            "name": "groomed: accepted",
            "repository": "dns",
            "url": "https://api.github.com/repos/18F/dns/labels/groomed:%20accepted"
          },
          "private": "bnVsbA=="
        },
        {
          "index_key": 35,
          "schema_version": 0,
          "attributes": {
            "color": "d5bfff",
            "description": "",
            "etag": "W/\"a5982da9da3edc106c484d18934951eb\"",
            "id": "dns:groomed: draft - final",
            "name": "groomed: draft - final",
            "repository": "dns",
            "url": "https://api.github.com/repos/18F/dns/labels/groomed:%20draft%20-%20final"
          },
          "private": "bnVsbA=="
        },
        {
          "index_key": 36,
          "schema_version": 0,
          "attributes": {
            "color": "d5bfff",
            "description": "",
            "etag": "W/\"11269b2665e35049686491e37e17c7f2\"",
            "id": "dns:grooming: draft - initial",
            "name": "grooming: draft - initial",
            "repository": "dns",
            "url": "https://api.github.com/repos/18F/dns/labels/grooming:%20draft%20-%20initial"
          },
          "private": "bnVsbA=="
        },
        {
          "index_key": 37,
          "schema_version": 0,
          "attributes": {
            "color": "d5bfff",
            "description": "",
            "etag": "W/\"16d37456afcba0637f411673fc0725f7\"",
            "id": "dns:grooming: team",
            "name": "grooming: team",
            "repository": "dns",
            "url": "https://api.github.com/repos/18F/dns/labels/grooming:%20team"
          },
          "private": "bnVsbA=="
        },
        {
          "index_key": 38,
          "schema_version": 0,
          "attributes": {
            "color": "afaea2",
            "description": "",
            "etag": "W/\"91f3fb59c03deae5de198e4ec75aa576\"",
            "id": "dns:internal workflow",
            "name": "internal workflow",
            "repository": "dns",
            "url": "https://api.github.com/repos/18F/dns/labels/internal%20workflow"
          },
          "private": "bnVsbA=="
        },
        {
          "index_key": 39,
          "schema_version": 0,
          "attributes": {
            "color": "afaea2",
            "description": "",
            "etag": "W/\"1b872aaa046df12babbb58a1226c24a9\"",
            "id": "dns:passion project",
            "name": "passion project",
            "repository": "dns",
            "url": "https://api.github.com/repos/18F/dns/labels/passion%20project"
          },
          "private": "bnVsbA=="
        },
        {
          "index_key": 40,
          "schema_version": 0,
          "attributes": {
            "color": "fc906d",
            "description": "",
            "etag": "W/\"93258263f43e75ea40cc3a1f9fa404ee\"",
            "id": "dns:prep step",
            "name": "prep step",
            "repository": "dns",
            "url": "https://api.github.com/repos/18F/dns/labels/prep%20step"
          },
          "private": "bnVsbA=="
        },
        {
          "index_key": 41,
          "schema_version": 0,
          "attributes": {
            "color": "dec69a",
            "description": "",
            "etag": "W/\"af240bcfaeebd7e3d0161fb26b07e545\"",
            "id": "dns:size: days",
            "name": "size: days",
            "repository": "dns",
            "url": "https://api.github.com/repos/18F/dns/labels/size:%20days"
          },
          "private": "bnVsbA=="
        },
        {
          "index_key": 42,
          "schema_version": 0,
          "attributes": {
            "color": "dec69a",
            "description": "",
            "etag": "W/\"8ab0dad47daf9e2e8509a204f40a6f38\"",
            "id": "dns:size: hours",
            "name": "size: hours",
            "repository": "dns",
            "url": "https://api.github.com/repos/18F/dns/labels/size:%20hours"
          },
          "private": "bnVsbA=="
        },
        {
          "index_key": 43,
          "schema_version": 0,
          "attributes": {
            "color": "dec69a",
            "description": "",
            "etag": "W/\"7fd5132588ec643255a9562247523195\"",
            "id": "dns:size: months",
            "name": "size: months",
            "repository": "dns",
            "url": "https://api.github.com/repos/18F/dns/labels/size:%20months"
          },
          "private": "bnVsbA=="
        },
        {
          "index_key": 44,
          "schema_version": 0,
          "attributes": {
            "color": "dec69a",
            "description": "",
            "etag": "W/\"e6653c15434c573a40a7fefc8af67191\"",
            "id": "dns:size: weeks",
            "name": "size: weeks",
            "repository": "dns",
            "url": "https://api.github.com/repos/18F/dns/labels/size:%20weeks"
          },
          "private": "bnVsbA=="
        },
        {
          "index_key": 45,
          "schema_version": 0,
          "attributes": {
            "color": "a6b557",
            "description": "",
            "etag": "W/\"5e22b798d117a3a96593150270494891\"",
            "id": "dns:sprint: planning",
            "name": "sprint: planning",
            "repository": "dns",
            "url": "https://api.github.com/repos/18F/dns/labels/sprint:%20planning"
          },
          "private": "bnVsbA=="
        },
        {
          "index_key": 46,
          "schema_version": 0,
          "attributes": {
            "color": "a6b557",
            "description": "",
            "etag": "W/\"f5aa78f53fe2b8ce72775a510626488d\"",
            "id": "dns:sprint: review",
            "name": "sprint: review",
            "repository": "dns",
            "url": "https://api.github.com/repos/18F/dns/labels/sprint:%20review"
          },
          "private": "bnVsbA=="
        }
      ]
    },
    {
      "mode": "managed",
      "type": "github_issue_label",
      "name": "ghad",
      "each": "list",
      "provider": "provider.github",
      "instances": [
        {
          "index_key": 0,
          "schema_version": 0,
          "attributes": {
            "color": "FFFFFF",
            "description": "",
            "etag": "W/\"92a72e713170efb377c318bc175dfccb\"",
            "id": "ghad:DE.AE - Anomalies and Events",
            "name": "DE.AE - Anomalies and Events",
            "repository": "ghad",
            "url": "https://api.github.com/repos/18F/ghad/labels/DE.AE%20-%20Anomalies%20and%20Events"
          },
          "private": "bnVsbA=="
        },
        {
          "index_key": 1,
          "schema_version": 0,
          "attributes": {
            "color": "FFFFFF",
            "description": "",
            "etag": "W/\"3e390afd7d05ddc44ac53be2ea704397\"",
            "id": "ghad:DE.CM - Security Continuous Monitoring",
            "name": "DE.CM - Security Continuous Monitoring",
            "repository": "ghad",
            "url": "https://api.github.com/repos/18F/ghad/labels/DE.CM%20-%20Security%20Continuous%20Monitoring"
          },
          "private": "bnVsbA=="
        },
        {
          "index_key": 2,
          "schema_version": 0,
          "attributes": {
            "color": "FFFFFF",
            "description": "",
            "etag": "W/\"1c4599a15abc7ff0ca8d961592422ea9\"",
            "id": "ghad:DE.DP- Detection Processes",
            "name": "DE.DP- Detection Processes",
            "repository": "ghad",
            "url": "https://api.github.com/repos/18F/ghad/labels/DE.DP-%20Detection%20Processes"
          },
          "private": "bnVsbA=="
        },
        {
          "index_key": 3,
          "schema_version": 0,
          "attributes": {
            "color": "FFFFFF",
            "description": "",
            "etag": "W/\"9d39eafaeb97fe24f80df9822acf6b21\"",
            "id": "ghad:ID.AM - Asset Management",
            "name": "ID.AM - Asset Management",
            "repository": "ghad",
            "url": "https://api.github.com/repos/18F/ghad/labels/ID.AM%20-%20Asset%20Management"
          },
          "private": "bnVsbA=="
        },
        {
          "index_key": 4,
          "schema_version": 0,
          "attributes": {
            "color": "FFFFFF",
            "description": "",
            "etag": "W/\"e9011985a4d9d0fc9b203865888f4d6d\"",
            "id": "ghad:ID.BE - Business Environment",
            "name": "ID.BE - Business Environment",
            "repository": "ghad",
            "url": "https://api.github.com/repos/18F/ghad/labels/ID.BE%20-%20Business%20Environment"
          },
          "private": "bnVsbA=="
        },
        {
          "index_key": 5,
          "schema_version": 0,
          "attributes": {
            "color": "FFFFFF",
            "description": "",
            "etag": "W/\"d7b8c93e38a9d42ac4d85757f7786f3c\"",
            "id": "ghad:ID.GV - Governance",
            "name": "ID.GV - Governance",
            "repository": "ghad",
            "url": "https://api.github.com/repos/18F/ghad/labels/ID.GV%20-%20Governance"
          },
          "private": "bnVsbA=="
        },
        {
          "index_key": 6,
          "schema_version": 0,
          "attributes": {
            "color": "FFFFFF",
            "description": "",
            "etag": "W/\"045b944e3aa227839c02ef37779cc4ff\"",
            "id": "ghad:ID.RA - Risk Assessment",
            "name": "ID.RA - Risk Assessment",
            "repository": "ghad",
            "url": "https://api.github.com/repos/18F/ghad/labels/ID.RA%20-%20Risk%20Assessment"
          },
          "private": "bnVsbA=="
        },
        {
          "index_key": 7,
          "schema_version": 0,
          "attributes": {
            "color": "FFFFFF",
            "description": "",
            "etag": "W/\"c067b0a16a4683c606af30c0a3b0715b\"",
            "id": "ghad:ID.RM - Risk Management Strategy",
            "name": "ID.RM - Risk Management Strategy",
            "repository": "ghad",
            "url": "https://api.github.com/repos/18F/ghad/labels/ID.RM%20-%20Risk%20Management%20Strategy"
          },
          "private": "bnVsbA=="
        },
        {
          "index_key": 8,
          "schema_version": 0,
          "attributes": {
            "color": "FFFFFF",
            "description": "",
            "etag": "W/\"33c9ba03392efeb25167a442cac1a0bb\"",
            "id": "ghad:ID.SC - Supply Chain Risk Management",
            "name": "ID.SC - Supply Chain Risk Management",
            "repository": "ghad",
            "url": "https://api.github.com/repos/18F/ghad/labels/ID.SC%20-%20Supply%20Chain%20Risk%20Management"
          },
          "private": "bnVsbA=="
        },
        {
          "index_key": 9,
          "schema_version": 0,
          "attributes": {
            "color": "FFFFFF",
            "description": "",
            "etag": "W/\"7db5c15b69b83c423fe3a670c350f25a\"",
            "id": "ghad:PR.AC - Identity Management and Access Control",
            "name": "PR.AC - Identity Management and Access Control",
            "repository": "ghad",
            "url": "https://api.github.com/repos/18F/ghad/labels/PR.AC%20-%20Identity%20Management%20and%20Access%20Control"
          },
          "private": "bnVsbA=="
        },
        {
          "index_key": 10,
          "schema_version": 0,
          "attributes": {
            "color": "FFFFFF",
            "description": "",
            "etag": "W/\"00c36c193ccd047e1d7a855f5bc21113\"",
            "id": "ghad:PR.AT - Awareness and Training",
            "name": "PR.AT - Awareness and Training",
            "repository": "ghad",
            "url": "https://api.github.com/repos/18F/ghad/labels/PR.AT%20-%20Awareness%20and%20Training"
          },
          "private": "bnVsbA=="
        },
        {
          "index_key": 11,
          "schema_version": 0,
          "attributes": {
            "color": "FFFFFF",
            "description": "",
            "etag": "W/\"1365fde98b3f71ef7441a9f9522d01d7\"",
            "id": "ghad:PR.DS - Data Security",
            "name": "PR.DS - Data Security",
            "repository": "ghad",
            "url": "https://api.github.com/repos/18F/ghad/labels/PR.DS%20-%20Data%20Security"
          },
          "private": "bnVsbA=="
        },
        {
          "index_key": 12,
          "schema_version": 0,
          "attributes": {
            "color": "FFFFFF",
            "description": "",
            "etag": "W/\"d0380d56290af9c2fc2359773693128f\"",
            "id": "ghad:PR.IP - Information Protection ProcessesProcedures",
            "name": "PR.IP - Information Protection ProcessesProcedures",
            "repository": "ghad",
            "url": "https://api.github.com/repos/18F/ghad/labels/PR.IP%20-%20Information%20Protection%20ProcessesProcedures"
          },
          "private": "bnVsbA=="
        },
        {
          "index_key": 13,
          "schema_version": 0,
          "attributes": {
            "color": "FFFFFF",
            "description": "",
            "etag": "W/\"d8bd145626510d789bb7d5883af5ac15\"",
            "id": "ghad:PR.MA - Maintenance",
            "name": "PR.MA - Maintenance",
            "repository": "ghad",
            "url": "https://api.github.com/repos/18F/ghad/labels/PR.MA%20-%20Maintenance"
          },
          "private": "bnVsbA=="
        },
        {
          "index_key": 14,
          "schema_version": 0,
          "attributes": {
            "color": "FFFFFF",
            "description": "",
            "etag": "W/\"645347e888ff79d858c57e4a7f43f424\"",
            "id": "ghad:PR.PT - Protective Technology",
            "name": "PR.PT - Protective Technology",
            "repository": "ghad",
            "url": "https://api.github.com/repos/18F/ghad/labels/PR.PT%20-%20Protective%20Technology"
          },
          "private": "bnVsbA=="
        },
        {
          "index_key": 15,
          "schema_version": 0,
          "attributes": {
            "color": "FFFFFF",
            "description": "",
            "etag": "W/\"73b3457b618f68a50a34f1ff328711f6\"",
            "id": "ghad:RC.CO - Communications",
            "name": "RC.CO - Communications",
            "repository": "ghad",
            "url": "https://api.github.com/repos/18F/ghad/labels/RC.CO%20-%20Communications"
          },
          "private": "bnVsbA=="
        },
        {
          "index_key": 16,
          "schema_version": 0,
          "attributes": {
            "color": "FFFFFF",
            "description": "",
            "etag": "W/\"f6cdd8a1d3b97547694e828bf6c87a7b\"",
            "id": "ghad:RC.IM - Recovery Improvements",
            "name": "RC.IM - Recovery Improvements",
            "repository": "ghad",
            "url": "https://api.github.com/repos/18F/ghad/labels/RC.IM%20-%20Recovery%20Improvements"
          },
          "private": "bnVsbA=="
        },
        {
          "index_key": 17,
          "schema_version": 0,
          "attributes": {
            "color": "FFFFFF",
            "description": "",
            "etag": "W/\"282ebe0ae8f1d7bad8485dc1623fd45a\"",
            "id": "ghad:RC.RP - Recovery Planning",
            "name": "RC.RP - Recovery Planning",
            "repository": "ghad",
            "url": "https://api.github.com/repos/18F/ghad/labels/RC.RP%20-%20Recovery%20Planning"
          },
          "private": "bnVsbA=="
        },
        {
          "index_key": 18,
          "schema_version": 0,
          "attributes": {
            "color": "FFFFFF",
            "description": "",
            "etag": "W/\"8ee797cb19b1bc9991b08ec9db6895a3\"",
            "id": "ghad:RS.AN - Analysis",
            "name": "RS.AN - Analysis",
            "repository": "ghad",
            "url": "https://api.github.com/repos/18F/ghad/labels/RS.AN%20-%20Analysis"
          },
          "private": "bnVsbA=="
        },
        {
          "index_key": 19,
          "schema_version": 0,
          "attributes": {
            "color": "FFFFFF",
            "description": "",
            "etag": "W/\"ace3ad77c71d49c7f4aea606ed71ebf1\"",
            "id": "ghad:RS.IM - Response Improvements",
            "name": "RS.IM - Response Improvements",
            "repository": "ghad",
            "url": "https://api.github.com/repos/18F/ghad/labels/RS.IM%20-%20Response%20Improvements"
          },
          "private": "bnVsbA=="
        },
        {
          "index_key": 20,
          "schema_version": 0,
          "attributes": {
            "color": "FFFFFF",
            "description": "",
            "etag": "W/\"2fa31ca1a2d41bd8124756c4efcc3752\"",
            "id": "ghad:RS.MI - Mitigation",
            "name": "RS.MI - Mitigation",
            "repository": "ghad",
            "url": "https://api.github.com/repos/18F/ghad/labels/RS.MI%20-%20Mitigation"
          },
          "private": "bnVsbA=="
        },
        {
          "index_key": 21,
          "schema_version": 0,
          "attributes": {
            "color": "FFFFFF",
            "description": "",
            "etag": "W/\"2bdfc234d6990bdef982eb3ae4a5ad03\"",
            "id": "ghad:RS.RP - Response Planning",
            "name": "RS.RP - Response Planning",
            "repository": "ghad",
            "url": "https://api.github.com/repos/18F/ghad/labels/RS.RP%20-%20Response%20Planning"
          },
          "private": "bnVsbA=="
        },
        {
          "index_key": 22,
          "schema_version": 0,
          "attributes": {
            "color": "c9ab48",
            "description": "",
            "etag": "W/\"e74611b3ec01baf097036f9989a5e64d\"",
            "id": "ghad:blog-able",
            "name": "blog-able",
            "repository": "ghad",
            "url": "https://api.github.com/repos/18F/ghad/labels/blog-able"
          },
          "private": "bnVsbA=="
        },
        {
          "index_key": 23,
          "schema_version": 0,
          "attributes": {
            "color": "c9ab48",
            "description": "",
            "etag": "W/\"5953cc71d0f1af37513a4427f54cd81d\"",
            "id": "ghad:demo-able",
            "name": "demo-able",
            "repository": "ghad",
            "url": "https://api.github.com/repos/18F/ghad/labels/demo-able"
          },
          "private": "bnVsbA=="
        },
        {
          "index_key": 24,
          "schema_version": 0,
          "attributes": {
            "color": "fc906d",
            "description": "",
            "etag": "W/\"7cfc5ab22915278100d1e1e7f35423c0\"",
            "id": "ghad:documentation",
            "name": "documentation",
            "repository": "ghad",
            "url": "https://api.github.com/repos/18F/ghad/labels/documentation"
          },
          "private": "bnVsbA=="
        },
        {
          "index_key": 25,
          "schema_version": 0,
          "attributes": {
            "color": "e9695f",
            "description": "",
            "etag": "W/\"99da4d021262625c7bc230fd8ca79808\"",
            "id": "ghad:due date",
            "name": "due date",
            "repository": "ghad",
            "url": "https://api.github.com/repos/18F/ghad/labels/due%20date"
          },
          "private": "bnVsbA=="
        },
        {
          "index_key": 26,
          "schema_version": 0,
          "attributes": {
            "color": "6ecbdb",
            "description": "",
            "etag": "W/\"f0b587008e3f0b52ce641afa22a83e03\"",
            "id": "ghad:epic: acquisition procurement and budgeting",
            "name": "epic: acquisition procurement and budgeting",
            "repository": "ghad",
            "url": "https://api.github.com/repos/18F/ghad/labels/epic:%20acquisition%20procurement%20and%20budgeting"
          },
          "private": "bnVsbA=="
        },
        {
          "index_key": 27,
          "schema_version": 0,
          "attributes": {
            "color": "6ecbdb",
            "description": "",
            "etag": "W/\"52457f08704f4a50834bb0ef542c114e\"",
            "id": "ghad:epic: customer service and communication",
            "name": "epic: customer service and communication",
            "repository": "ghad",
            "url": "https://api.github.com/repos/18F/ghad/labels/epic:%20customer%20service%20and%20communication"
          },
          "private": "bnVsbA=="
        },
        {
          "index_key": 28,
          "schema_version": 0,
          "attributes": {
            "color": "6ecbdb",
            "description": "",
            "etag": "W/\"47f4201815f1f46d208716e736dc3c60\"",
            "id": "ghad:epic: dogfood-ing",
            "name": "epic: dogfood-ing",
            "repository": "ghad",
            "url": "https://api.github.com/repos/18F/ghad/labels/epic:%20dogfood-ing"
          },
          "private": "bnVsbA=="
        },
        {
          "index_key": 29,
          "schema_version": 0,
          "attributes": {
            "color": "6ecbdb",
            "description": "",
            "etag": "W/\"daf61c02154c661c2b3ce3abb9cc54f8\"",
            "id": "ghad:epic: policy and guidance",
            "name": "epic: policy and guidance",
            "repository": "ghad",
            "url": "https://api.github.com/repos/18F/ghad/labels/epic:%20policy%20and%20guidance"
          },
          "private": "bnVsbA=="
        },
        {
          "index_key": 30,
          "schema_version": 0,
          "attributes": {
            "color": "6ecbdb",
            "description": "",
            "etag": "W/\"921a8cef6b757bd522cd8e5a447b801b\"",
            "id": "ghad:epic: security and compliance",
            "name": "epic: security and compliance",
            "repository": "ghad",
            "url": "https://api.github.com/repos/18F/ghad/labels/epic:%20security%20and%20compliance"
          },
          "private": "bnVsbA=="
        },
        {
          "index_key": 31,
          "schema_version": 0,
          "attributes": {
            "color": "6ecbdb",
            "description": "",
            "etag": "W/\"ad0364d41b4445d25300e1c0869905b5\"",
            "id": "ghad:epic: software and infrastructure",
            "name": "epic: software and infrastructure",
            "repository": "ghad",
            "url": "https://api.github.com/repos/18F/ghad/labels/epic:%20software%20and%20infrastructure"
          },
          "private": "bnVsbA=="
        },
        {
          "index_key": 32,
          "schema_version": 0,
          "attributes": {
            "color": "e9695f",
            "description": "",
            "etag": "W/\"88e5129fe5d0e8a1d2fc9aaaaf7f247d\"",
            "id": "ghad:expedite",
            "name": "expedite",
            "repository": "ghad",
            "url": "https://api.github.com/repos/18F/ghad/labels/expedite"
          },
          "private": "bnVsbA=="
        },
        {
          "index_key": 33,
          "schema_version": 0,
          "attributes": {
            "color": "e9695f",
            "description": "",
            "etag": "W/\"50ea590bab0f68371304058485599881\"",
            "id": "ghad:feedback needed",
            "name": "feedback needed",
            "repository": "ghad",
            "url": "https://api.github.com/repos/18F/ghad/labels/feedback%20needed"
          },
          "private": "bnVsbA=="
        },
        {
          "index_key": 34,
          "schema_version": 0,
          "attributes": {
            "color": "d5bfff",
            "description": "",
            "etag": "W/\"6432036928522fc079cb7e1cbf192d75\"",
            "id": "ghad:groomed: accepted",
            "name": "groomed: accepted",
            "repository": "ghad",
            "url": "https://api.github.com/repos/18F/ghad/labels/groomed:%20accepted"
          },
          "private": "bnVsbA=="
        },
        {
          "index_key": 35,
          "schema_version": 0,
          "attributes": {
            "color": "d5bfff",
            "description": "",
            "etag": "W/\"820fc23ae8324e1dc32eada757321536\"",
            "id": "ghad:groomed: draft - final",
            "name": "groomed: draft - final",
            "repository": "ghad",
            "url": "https://api.github.com/repos/18F/ghad/labels/groomed:%20draft%20-%20final"
          },
          "private": "bnVsbA=="
        },
        {
          "index_key": 36,
          "schema_version": 0,
          "attributes": {
            "color": "d5bfff",
            "description": "",
            "etag": "W/\"3f5ebb22b7c17b5f5830995bc580aa48\"",
            "id": "ghad:grooming: draft - initial",
            "name": "grooming: draft - initial",
            "repository": "ghad",
            "url": "https://api.github.com/repos/18F/ghad/labels/grooming:%20draft%20-%20initial"
          },
          "private": "bnVsbA=="
        },
        {
          "index_key": 37,
          "schema_version": 0,
          "attributes": {
            "color": "d5bfff",
            "description": "",
            "etag": "W/\"a03515e677d1ec3284be773319a30552\"",
            "id": "ghad:grooming: team",
            "name": "grooming: team",
            "repository": "ghad",
            "url": "https://api.github.com/repos/18F/ghad/labels/grooming:%20team"
          },
          "private": "bnVsbA=="
        },
        {
          "index_key": 38,
          "schema_version": 0,
          "attributes": {
            "color": "afaea2",
            "description": "",
            "etag": "W/\"b2e07f0189ac5552c6c89ca5da839c27\"",
            "id": "ghad:internal workflow",
            "name": "internal workflow",
            "repository": "ghad",
            "url": "https://api.github.com/repos/18F/ghad/labels/internal%20workflow"
          },
          "private": "bnVsbA=="
        },
        {
          "index_key": 39,
          "schema_version": 0,
          "attributes": {
            "color": "afaea2",
            "description": "",
            "etag": "W/\"ae87bc1b9e9823f53839abe7120bf65c\"",
            "id": "ghad:passion project",
            "name": "passion project",
            "repository": "ghad",
            "url": "https://api.github.com/repos/18F/ghad/labels/passion%20project"
          },
          "private": "bnVsbA=="
        },
        {
          "index_key": 40,
          "schema_version": 0,
          "attributes": {
            "color": "fc906d",
            "description": "",
            "etag": "W/\"4af02c2ec25fdf8ab80e89c4ec0b18dd\"",
            "id": "ghad:prep step",
            "name": "prep step",
            "repository": "ghad",
            "url": "https://api.github.com/repos/18F/ghad/labels/prep%20step"
          },
          "private": "bnVsbA=="
        },
        {
          "index_key": 41,
          "schema_version": 0,
          "attributes": {
            "color": "dec69a",
            "description": "",
            "etag": "W/\"c7c5ceba87c052a35d963b55f7ee7cd6\"",
            "id": "ghad:size: days",
            "name": "size: days",
            "repository": "ghad",
            "url": "https://api.github.com/repos/18F/ghad/labels/size:%20days"
          },
          "private": "bnVsbA=="
        },
        {
          "index_key": 42,
          "schema_version": 0,
          "attributes": {
            "color": "dec69a",
            "description": "",
            "etag": "W/\"a689da9c61f6b028fbb87b36e4130085\"",
            "id": "ghad:size: hours",
            "name": "size: hours",
            "repository": "ghad",
            "url": "https://api.github.com/repos/18F/ghad/labels/size:%20hours"
          },
          "private": "bnVsbA=="
        },
        {
          "index_key": 43,
          "schema_version": 0,
          "attributes": {
            "color": "dec69a",
            "description": "",
            "etag": "W/\"6f50315d5ac0713c4c62f707aaf13df0\"",
            "id": "ghad:size: months",
            "name": "size: months",
            "repository": "ghad",
            "url": "https://api.github.com/repos/18F/ghad/labels/size:%20months"
          },
          "private": "bnVsbA=="
        },
        {
          "index_key": 44,
          "schema_version": 0,
          "attributes": {
            "color": "dec69a",
            "description": "",
            "etag": "W/\"d90d27a293703beb57f1b40c2c050ae7\"",
            "id": "ghad:size: weeks",
            "name": "size: weeks",
            "repository": "ghad",
            "url": "https://api.github.com/repos/18F/ghad/labels/size:%20weeks"
          },
          "private": "bnVsbA=="
        },
        {
          "index_key": 45,
          "schema_version": 0,
          "attributes": {
            "color": "a6b557",
            "description": "",
            "etag": "W/\"0e31e20ccf4904636fa16d60a712cbb0\"",
            "id": "ghad:sprint: planning",
            "name": "sprint: planning",
            "repository": "ghad",
            "url": "https://api.github.com/repos/18F/ghad/labels/sprint:%20planning"
          },
          "private": "bnVsbA=="
        },
        {
          "index_key": 46,
          "schema_version": 0,
          "attributes": {
            "color": "a6b557",
            "description": "",
            "etag": "W/\"3796f4172871a67701f38164b7703532\"",
            "id": "ghad:sprint: review",
            "name": "sprint: review",
            "repository": "ghad",
            "url": "https://api.github.com/repos/18F/ghad/labels/sprint:%20review"
          },
          "private": "bnVsbA=="
        }
      ]
    },
    {
      "mode": "managed",
      "type": "github_issue_label",
      "name": "handbook",
      "each": "list",
      "provider": "provider.github",
      "instances": [
        {
          "index_key": 0,
          "schema_version": 0,
          "attributes": {
            "color": "FFFFFF",
            "description": "",
            "etag": "W/\"e41360a9e5e5830f6e17be48f66927fc\"",
            "id": "handbook:DE.AE - Anomalies and Events",
            "name": "DE.AE - Anomalies and Events",
            "repository": "handbook",
            "url": "https://api.github.com/repos/18F/handbook/labels/DE.AE%20-%20Anomalies%20and%20Events"
          },
          "private": "bnVsbA=="
        },
        {
          "index_key": 1,
          "schema_version": 0,
          "attributes": {
            "color": "FFFFFF",
            "description": "",
            "etag": "W/\"17d7dca23468d303ae8eafc95b0b5c35\"",
            "id": "handbook:DE.CM - Security Continuous Monitoring",
            "name": "DE.CM - Security Continuous Monitoring",
            "repository": "handbook",
            "url": "https://api.github.com/repos/18F/handbook/labels/DE.CM%20-%20Security%20Continuous%20Monitoring"
          },
          "private": "bnVsbA=="
        },
        {
          "index_key": 2,
          "schema_version": 0,
          "attributes": {
            "color": "FFFFFF",
            "description": "",
            "etag": "W/\"7d994d0b5b2c25e5349004b67d014372\"",
            "id": "handbook:DE.DP- Detection Processes",
            "name": "DE.DP- Detection Processes",
            "repository": "handbook",
            "url": "https://api.github.com/repos/18F/handbook/labels/DE.DP-%20Detection%20Processes"
          },
          "private": "bnVsbA=="
        },
        {
          "index_key": 3,
          "schema_version": 0,
          "attributes": {
            "color": "FFFFFF",
            "description": "",
            "etag": "W/\"3bc14fcdcef42bbfac4e809808d4897c\"",
            "id": "handbook:ID.AM - Asset Management",
            "name": "ID.AM - Asset Management",
            "repository": "handbook",
            "url": "https://api.github.com/repos/18F/handbook/labels/ID.AM%20-%20Asset%20Management"
          },
          "private": "bnVsbA=="
        },
        {
          "index_key": 4,
          "schema_version": 0,
          "attributes": {
            "color": "FFFFFF",
            "description": "",
            "etag": "W/\"f9d61fe540b756285503f1ed3a4cce68\"",
            "id": "handbook:ID.BE - Business Environment",
            "name": "ID.BE - Business Environment",
            "repository": "handbook",
            "url": "https://api.github.com/repos/18F/handbook/labels/ID.BE%20-%20Business%20Environment"
          },
          "private": "bnVsbA=="
        },
        {
          "index_key": 5,
          "schema_version": 0,
          "attributes": {
            "color": "FFFFFF",
            "description": "",
            "etag": "W/\"e648841731e64b52183c15cde7443d20\"",
            "id": "handbook:ID.GV - Governance",
            "name": "ID.GV - Governance",
            "repository": "handbook",
            "url": "https://api.github.com/repos/18F/handbook/labels/ID.GV%20-%20Governance"
          },
          "private": "bnVsbA=="
        },
        {
          "index_key": 6,
          "schema_version": 0,
          "attributes": {
            "color": "FFFFFF",
            "description": "",
            "etag": "W/\"bc829d69b46ec2a4ff5f6e31efb20e74\"",
            "id": "handbook:ID.RA - Risk Assessment",
            "name": "ID.RA - Risk Assessment",
            "repository": "handbook",
            "url": "https://api.github.com/repos/18F/handbook/labels/ID.RA%20-%20Risk%20Assessment"
          },
          "private": "bnVsbA=="
        },
        {
          "index_key": 7,
          "schema_version": 0,
          "attributes": {
            "color": "FFFFFF",
            "description": "",
            "etag": "W/\"190626a005dcb8d51cfe6093db170b01\"",
            "id": "handbook:ID.RM - Risk Management Strategy",
            "name": "ID.RM - Risk Management Strategy",
            "repository": "handbook",
            "url": "https://api.github.com/repos/18F/handbook/labels/ID.RM%20-%20Risk%20Management%20Strategy"
          },
          "private": "bnVsbA=="
        },
        {
          "index_key": 8,
          "schema_version": 0,
          "attributes": {
            "color": "FFFFFF",
            "description": "",
            "etag": "W/\"208eb82b2078e477662e68be03f5f4ff\"",
            "id": "handbook:ID.SC - Supply Chain Risk Management",
            "name": "ID.SC - Supply Chain Risk Management",
            "repository": "handbook",
            "url": "https://api.github.com/repos/18F/handbook/labels/ID.SC%20-%20Supply%20Chain%20Risk%20Management"
          },
          "private": "bnVsbA=="
        },
        {
          "index_key": 9,
          "schema_version": 0,
          "attributes": {
            "color": "FFFFFF",
            "description": "",
            "etag": "W/\"3ba7333f03670db24a6bd4e1de82ead7\"",
            "id": "handbook:PR.AC - Identity Management and Access Control",
            "name": "PR.AC - Identity Management and Access Control",
            "repository": "handbook",
            "url": "https://api.github.com/repos/18F/handbook/labels/PR.AC%20-%20Identity%20Management%20and%20Access%20Control"
          },
          "private": "bnVsbA=="
        },
        {
          "index_key": 10,
          "schema_version": 0,
          "attributes": {
            "color": "FFFFFF",
            "description": "",
            "etag": "W/\"4776bc35e3a44f423b4ed4f2df4f817f\"",
            "id": "handbook:PR.AT - Awareness and Training",
            "name": "PR.AT - Awareness and Training",
            "repository": "handbook",
            "url": "https://api.github.com/repos/18F/handbook/labels/PR.AT%20-%20Awareness%20and%20Training"
          },
          "private": "bnVsbA=="
        },
        {
          "index_key": 11,
          "schema_version": 0,
          "attributes": {
            "color": "FFFFFF",
            "description": "",
            "etag": "W/\"90579e96c05a4755dba1dcb755c608ec\"",
            "id": "handbook:PR.DS - Data Security",
            "name": "PR.DS - Data Security",
            "repository": "handbook",
            "url": "https://api.github.com/repos/18F/handbook/labels/PR.DS%20-%20Data%20Security"
          },
          "private": "bnVsbA=="
        },
        {
          "index_key": 12,
          "schema_version": 0,
          "attributes": {
            "color": "FFFFFF",
            "description": "",
            "etag": "W/\"0f0857c95b03b4c24732a1250fa0e064\"",
            "id": "handbook:PR.IP - Information Protection ProcessesProcedures",
            "name": "PR.IP - Information Protection ProcessesProcedures",
            "repository": "handbook",
            "url": "https://api.github.com/repos/18F/handbook/labels/PR.IP%20-%20Information%20Protection%20ProcessesProcedures"
          },
          "private": "bnVsbA=="
        },
        {
          "index_key": 13,
          "schema_version": 0,
          "attributes": {
            "color": "FFFFFF",
            "description": "",
            "etag": "W/\"1ba03f2bfdbf841caab9d9ddc9306efb\"",
            "id": "handbook:PR.MA - Maintenance",
            "name": "PR.MA - Maintenance",
            "repository": "handbook",
            "url": "https://api.github.com/repos/18F/handbook/labels/PR.MA%20-%20Maintenance"
          },
          "private": "bnVsbA=="
        },
        {
          "index_key": 14,
          "schema_version": 0,
          "attributes": {
            "color": "FFFFFF",
            "description": "",
            "etag": "W/\"1979dee136992e16025c4d705cd3ac7e\"",
            "id": "handbook:PR.PT - Protective Technology",
            "name": "PR.PT - Protective Technology",
            "repository": "handbook",
            "url": "https://api.github.com/repos/18F/handbook/labels/PR.PT%20-%20Protective%20Technology"
          },
          "private": "bnVsbA=="
        },
        {
          "index_key": 15,
          "schema_version": 0,
          "attributes": {
            "color": "FFFFFF",
            "description": "",
            "etag": "W/\"b6721a85931a5dd5e3220c0bc9444886\"",
            "id": "handbook:RC.CO - Communications",
            "name": "RC.CO - Communications",
            "repository": "handbook",
            "url": "https://api.github.com/repos/18F/handbook/labels/RC.CO%20-%20Communications"
          },
          "private": "bnVsbA=="
        },
        {
          "index_key": 16,
          "schema_version": 0,
          "attributes": {
            "color": "FFFFFF",
            "description": "",
            "etag": "W/\"01ee7b1622cb4a067dac32878c2906e6\"",
            "id": "handbook:RC.IM - Recovery Improvements",
            "name": "RC.IM - Recovery Improvements",
            "repository": "handbook",
            "url": "https://api.github.com/repos/18F/handbook/labels/RC.IM%20-%20Recovery%20Improvements"
          },
          "private": "bnVsbA=="
        },
        {
          "index_key": 17,
          "schema_version": 0,
          "attributes": {
            "color": "FFFFFF",
            "description": "",
            "etag": "W/\"d07fbff87d898339a5aef048f6d824f5\"",
            "id": "handbook:RC.RP - Recovery Planning",
            "name": "RC.RP - Recovery Planning",
            "repository": "handbook",
            "url": "https://api.github.com/repos/18F/handbook/labels/RC.RP%20-%20Recovery%20Planning"
          },
          "private": "bnVsbA=="
        },
        {
          "index_key": 18,
          "schema_version": 0,
          "attributes": {
            "color": "FFFFFF",
            "description": "",
            "etag": "W/\"a87d59a38cfc44e65cc211cd7d9d51d2\"",
            "id": "handbook:RS.AN - Analysis",
            "name": "RS.AN - Analysis",
            "repository": "handbook",
            "url": "https://api.github.com/repos/18F/handbook/labels/RS.AN%20-%20Analysis"
          },
          "private": "bnVsbA=="
        },
        {
          "index_key": 19,
          "schema_version": 0,
          "attributes": {
            "color": "FFFFFF",
            "description": "",
            "etag": "W/\"8bab8e76ed1fcb24f0215ee7d3075942\"",
            "id": "handbook:RS.IM - Response Improvements",
            "name": "RS.IM - Response Improvements",
            "repository": "handbook",
            "url": "https://api.github.com/repos/18F/handbook/labels/RS.IM%20-%20Response%20Improvements"
          },
          "private": "bnVsbA=="
        },
        {
          "index_key": 20,
          "schema_version": 0,
          "attributes": {
            "color": "FFFFFF",
            "description": "",
            "etag": "W/\"c6e44fc3d3959edd0e592a18b351191f\"",
            "id": "handbook:RS.MI - Mitigation",
            "name": "RS.MI - Mitigation",
            "repository": "handbook",
            "url": "https://api.github.com/repos/18F/handbook/labels/RS.MI%20-%20Mitigation"
          },
          "private": "bnVsbA=="
        },
        {
          "index_key": 21,
          "schema_version": 0,
          "attributes": {
            "color": "FFFFFF",
            "description": "",
            "etag": "W/\"08ff13a678f5e44b42c9d8382de832b9\"",
            "id": "handbook:RS.RP - Response Planning",
            "name": "RS.RP - Response Planning",
            "repository": "handbook",
            "url": "https://api.github.com/repos/18F/handbook/labels/RS.RP%20-%20Response%20Planning"
          },
          "private": "bnVsbA=="
        },
        {
          "index_key": 22,
          "schema_version": 0,
          "attributes": {
            "color": "c9ab48",
            "description": "",
            "etag": "W/\"c226dd2e6f2cb4edf8fe7c308c6f0682\"",
            "id": "handbook:blog-able",
            "name": "blog-able",
            "repository": "handbook",
            "url": "https://api.github.com/repos/18F/handbook/labels/blog-able"
          },
          "private": "bnVsbA=="
        },
        {
          "index_key": 23,
          "schema_version": 0,
          "attributes": {
            "color": "c9ab48",
            "description": "",
            "etag": "W/\"6f39af0dc63b997de0c08fa10d86250c\"",
            "id": "handbook:demo-able",
            "name": "demo-able",
            "repository": "handbook",
            "url": "https://api.github.com/repos/18F/handbook/labels/demo-able"
          },
          "private": "bnVsbA=="
        },
        {
          "index_key": 24,
          "schema_version": 0,
          "attributes": {
            "color": "fc906d",
            "description": "",
            "etag": "W/\"454498da75bb74977d28ca2eb62183a7\"",
            "id": "handbook:documentation",
            "name": "documentation",
            "repository": "handbook",
            "url": "https://api.github.com/repos/18F/handbook/labels/documentation"
          },
          "private": "bnVsbA=="
        },
        {
          "index_key": 25,
          "schema_version": 0,
          "attributes": {
            "color": "e9695f",
            "description": "",
            "etag": "W/\"913fda4945343f406e8f4824d887414a\"",
            "id": "handbook:due date",
            "name": "due date",
            "repository": "handbook",
            "url": "https://api.github.com/repos/18F/handbook/labels/due%20date"
          },
          "private": "bnVsbA=="
        },
        {
          "index_key": 26,
          "schema_version": 0,
          "attributes": {
            "color": "6ecbdb",
            "description": "",
            "etag": "W/\"8ac45628b1b34c507c77a9e9d3e657e7\"",
            "id": "handbook:epic: acquisition procurement and budgeting",
            "name": "epic: acquisition procurement and budgeting",
            "repository": "handbook",
            "url": "https://api.github.com/repos/18F/handbook/labels/epic:%20acquisition%20procurement%20and%20budgeting"
          },
          "private": "bnVsbA=="
        },
        {
          "index_key": 27,
          "schema_version": 0,
          "attributes": {
            "color": "6ecbdb",
            "description": "",
            "etag": "W/\"b23031b52a1fcd37e23d6bdb085e1c46\"",
            "id": "handbook:epic: customer service and communication",
            "name": "epic: customer service and communication",
            "repository": "handbook",
            "url": "https://api.github.com/repos/18F/handbook/labels/epic:%20customer%20service%20and%20communication"
          },
          "private": "bnVsbA=="
        },
        {
          "index_key": 28,
          "schema_version": 0,
          "attributes": {
            "color": "6ecbdb",
            "description": "",
            "etag": "W/\"a520c58fc3d7d85a2b6239dcaa01769f\"",
            "id": "handbook:epic: dogfood-ing",
            "name": "epic: dogfood-ing",
            "repository": "handbook",
            "url": "https://api.github.com/repos/18F/handbook/labels/epic:%20dogfood-ing"
          },
          "private": "bnVsbA=="
        },
        {
          "index_key": 29,
          "schema_version": 0,
          "attributes": {
            "color": "6ecbdb",
            "description": "",
            "etag": "W/\"a0c0ba6c27394a59e25486b6d87bc7f1\"",
            "id": "handbook:epic: policy and guidance",
            "name": "epic: policy and guidance",
            "repository": "handbook",
            "url": "https://api.github.com/repos/18F/handbook/labels/epic:%20policy%20and%20guidance"
          },
          "private": "bnVsbA=="
        },
        {
          "index_key": 30,
          "schema_version": 0,
          "attributes": {
            "color": "6ecbdb",
            "description": "",
            "etag": "W/\"1c9a9626c68ad659a54d72197a008184\"",
            "id": "handbook:epic: security and compliance",
            "name": "epic: security and compliance",
            "repository": "handbook",
            "url": "https://api.github.com/repos/18F/handbook/labels/epic:%20security%20and%20compliance"
          },
          "private": "bnVsbA=="
        },
        {
          "index_key": 31,
          "schema_version": 0,
          "attributes": {
            "color": "6ecbdb",
            "description": "",
            "etag": "W/\"a96bd5bc0dec58e7331a0034ce6779c2\"",
            "id": "handbook:epic: software and infrastructure",
            "name": "epic: software and infrastructure",
            "repository": "handbook",
            "url": "https://api.github.com/repos/18F/handbook/labels/epic:%20software%20and%20infrastructure"
          },
          "private": "bnVsbA=="
        },
        {
          "index_key": 32,
          "schema_version": 0,
          "attributes": {
            "color": "e9695f",
            "description": "",
            "etag": "W/\"5cd287699abf2c5b930a38fdb11a0cb6\"",
            "id": "handbook:expedite",
            "name": "expedite",
            "repository": "handbook",
            "url": "https://api.github.com/repos/18F/handbook/labels/expedite"
          },
          "private": "bnVsbA=="
        },
        {
          "index_key": 33,
          "schema_version": 0,
          "attributes": {
            "color": "e9695f",
            "description": "",
            "etag": "W/\"d678cd40d7b7c184b3ef65c66fb53765\"",
            "id": "handbook:feedback needed",
            "name": "feedback needed",
            "repository": "handbook",
            "url": "https://api.github.com/repos/18F/handbook/labels/feedback%20needed"
          },
          "private": "bnVsbA=="
        },
        {
          "index_key": 34,
          "schema_version": 0,
          "attributes": {
            "color": "d5bfff",
            "description": "",
            "etag": "W/\"548c02871be6cb220ae944d75e241d1b\"",
            "id": "handbook:groomed: accepted",
            "name": "groomed: accepted",
            "repository": "handbook",
            "url": "https://api.github.com/repos/18F/handbook/labels/groomed:%20accepted"
          },
          "private": "bnVsbA=="
        },
        {
          "index_key": 35,
          "schema_version": 0,
          "attributes": {
            "color": "d5bfff",
            "description": "",
            "etag": "W/\"3519fdce01db85c3fc5ed1de698f543f\"",
            "id": "handbook:groomed: draft - final",
            "name": "groomed: draft - final",
            "repository": "handbook",
            "url": "https://api.github.com/repos/18F/handbook/labels/groomed:%20draft%20-%20final"
          },
          "private": "bnVsbA=="
        },
        {
          "index_key": 36,
          "schema_version": 0,
          "attributes": {
            "color": "d5bfff",
            "description": "",
            "etag": "W/\"35f1a255800903d2a062f176abfe1bc9\"",
            "id": "handbook:grooming: draft - initial",
            "name": "grooming: draft - initial",
            "repository": "handbook",
            "url": "https://api.github.com/repos/18F/handbook/labels/grooming:%20draft%20-%20initial"
          },
          "private": "bnVsbA=="
        },
        {
          "index_key": 37,
          "schema_version": 0,
          "attributes": {
            "color": "d5bfff",
            "description": "",
            "etag": "W/\"d2936b0d3ae33ad4fcb5bd0c425615ff\"",
            "id": "handbook:grooming: team",
            "name": "grooming: team",
            "repository": "handbook",
            "url": "https://api.github.com/repos/18F/handbook/labels/grooming:%20team"
          },
          "private": "bnVsbA=="
        },
        {
          "index_key": 38,
          "schema_version": 0,
          "attributes": {
            "color": "afaea2",
            "description": "",
            "etag": "W/\"d74c4fa880a6b53a10bb0a4d097114fb\"",
            "id": "handbook:internal workflow",
            "name": "internal workflow",
            "repository": "handbook",
            "url": "https://api.github.com/repos/18F/handbook/labels/internal%20workflow"
          },
          "private": "bnVsbA=="
        },
        {
          "index_key": 39,
          "schema_version": 0,
          "attributes": {
            "color": "afaea2",
            "description": "",
            "etag": "W/\"da4f234fb29f140ac199aa710d12829c\"",
            "id": "handbook:passion project",
            "name": "passion project",
            "repository": "handbook",
            "url": "https://api.github.com/repos/18F/handbook/labels/passion%20project"
          },
          "private": "bnVsbA=="
        },
        {
          "index_key": 40,
          "schema_version": 0,
          "attributes": {
            "color": "fc906d",
            "description": "",
            "etag": "W/\"9ca2ad7093c18332ce32bbced0bc4dd9\"",
            "id": "handbook:prep step",
            "name": "prep step",
            "repository": "handbook",
            "url": "https://api.github.com/repos/18F/handbook/labels/prep%20step"
          },
          "private": "bnVsbA=="
        },
        {
          "index_key": 41,
          "schema_version": 0,
          "attributes": {
            "color": "dec69a",
            "description": "",
            "etag": "W/\"7675fb2c52c5612f067a018656c4d65a\"",
            "id": "handbook:size: days",
            "name": "size: days",
            "repository": "handbook",
            "url": "https://api.github.com/repos/18F/handbook/labels/size:%20days"
          },
          "private": "bnVsbA=="
        },
        {
          "index_key": 42,
          "schema_version": 0,
          "attributes": {
            "color": "dec69a",
            "description": "",
            "etag": "W/\"3e4b7022c1f935d57c94708361c56666\"",
            "id": "handbook:size: hours",
            "name": "size: hours",
            "repository": "handbook",
            "url": "https://api.github.com/repos/18F/handbook/labels/size:%20hours"
          },
          "private": "bnVsbA=="
        },
        {
          "index_key": 43,
          "schema_version": 0,
          "attributes": {
            "color": "dec69a",
            "description": "",
            "etag": "W/\"bca61761701c76c6a89e23d70a4602c0\"",
            "id": "handbook:size: months",
            "name": "size: months",
            "repository": "handbook",
            "url": "https://api.github.com/repos/18F/handbook/labels/size:%20months"
          },
          "private": "bnVsbA=="
        },
        {
          "index_key": 44,
          "schema_version": 0,
          "attributes": {
            "color": "dec69a",
            "description": "",
            "etag": "W/\"b448060ca04df6937a7f732e85e3e968\"",
            "id": "handbook:size: weeks",
            "name": "size: weeks",
            "repository": "handbook",
            "url": "https://api.github.com/repos/18F/handbook/labels/size:%20weeks"
          },
          "private": "bnVsbA=="
        },
        {
          "index_key": 45,
          "schema_version": 0,
          "attributes": {
            "color": "a6b557",
            "description": "",
            "etag": "W/\"68cc9adfcd7cf890fd30468d1a94b6ce\"",
            "id": "handbook:sprint: planning",
            "name": "sprint: planning",
            "repository": "handbook",
            "url": "https://api.github.com/repos/18F/handbook/labels/sprint:%20planning"
          },
          "private": "bnVsbA=="
        },
        {
          "index_key": 46,
          "schema_version": 0,
          "attributes": {
            "color": "a6b557",
            "description": "",
            "etag": "W/\"7e6d7de1c19ed1617968a5c61eb07204\"",
            "id": "handbook:sprint: review",
            "name": "sprint: review",
            "repository": "handbook",
            "url": "https://api.github.com/repos/18F/handbook/labels/sprint:%20review"
          },
          "private": "bnVsbA=="
        }
      ]
    },
    {
      "mode": "managed",
      "type": "github_issue_label",
      "name": "laptop",
      "each": "list",
      "provider": "provider.github",
      "instances": [
        {
          "index_key": 0,
          "schema_version": 0,
          "attributes": {
            "color": "FFFFFF",
            "description": "",
            "etag": "W/\"17cd839cb3feeb3e18411a01ec87a169\"",
            "id": "laptop:DE.AE - Anomalies and Events",
            "name": "DE.AE - Anomalies and Events",
            "repository": "laptop",
            "url": "https://api.github.com/repos/18F/laptop/labels/DE.AE%20-%20Anomalies%20and%20Events"
          },
          "private": "bnVsbA=="
        },
        {
          "index_key": 1,
          "schema_version": 0,
          "attributes": {
            "color": "FFFFFF",
            "description": "",
            "etag": "W/\"dcbf83bcb4c0378701f05baec9cc8aee\"",
            "id": "laptop:DE.CM - Security Continuous Monitoring",
            "name": "DE.CM - Security Continuous Monitoring",
            "repository": "laptop",
            "url": "https://api.github.com/repos/18F/laptop/labels/DE.CM%20-%20Security%20Continuous%20Monitoring"
          },
          "private": "bnVsbA=="
        },
        {
          "index_key": 2,
          "schema_version": 0,
          "attributes": {
            "color": "FFFFFF",
            "description": "",
            "etag": "W/\"e1ec8ea6cb0a2631f63702ffcaa9787c\"",
            "id": "laptop:DE.DP- Detection Processes",
            "name": "DE.DP- Detection Processes",
            "repository": "laptop",
            "url": "https://api.github.com/repos/18F/laptop/labels/DE.DP-%20Detection%20Processes"
          },
          "private": "bnVsbA=="
        },
        {
          "index_key": 3,
          "schema_version": 0,
          "attributes": {
            "color": "FFFFFF",
            "description": "",
            "etag": "W/\"a9f4530ccd90104b9072b2a4aaed3c75\"",
            "id": "laptop:ID.AM - Asset Management",
            "name": "ID.AM - Asset Management",
            "repository": "laptop",
            "url": "https://api.github.com/repos/18F/laptop/labels/ID.AM%20-%20Asset%20Management"
          },
          "private": "bnVsbA=="
        },
        {
          "index_key": 4,
          "schema_version": 0,
          "attributes": {
            "color": "FFFFFF",
            "description": "",
            "etag": "W/\"5aba41f5dc1c3b86e0a2f19043830be9\"",
            "id": "laptop:ID.BE - Business Environment",
            "name": "ID.BE - Business Environment",
            "repository": "laptop",
            "url": "https://api.github.com/repos/18F/laptop/labels/ID.BE%20-%20Business%20Environment"
          },
          "private": "bnVsbA=="
        },
        {
          "index_key": 5,
          "schema_version": 0,
          "attributes": {
            "color": "FFFFFF",
            "description": "",
            "etag": "W/\"aa59f7cc5a97660cf10cd375df5193ca\"",
            "id": "laptop:ID.GV - Governance",
            "name": "ID.GV - Governance",
            "repository": "laptop",
            "url": "https://api.github.com/repos/18F/laptop/labels/ID.GV%20-%20Governance"
          },
          "private": "bnVsbA=="
        },
        {
          "index_key": 6,
          "schema_version": 0,
          "attributes": {
            "color": "FFFFFF",
            "description": "",
            "etag": "W/\"2327df10f6342f97815a6c8ddbeccb08\"",
            "id": "laptop:ID.RA - Risk Assessment",
            "name": "ID.RA - Risk Assessment",
            "repository": "laptop",
            "url": "https://api.github.com/repos/18F/laptop/labels/ID.RA%20-%20Risk%20Assessment"
          },
          "private": "bnVsbA=="
        },
        {
          "index_key": 7,
          "schema_version": 0,
          "attributes": {
            "color": "FFFFFF",
            "description": "",
            "etag": "W/\"9f53fe3bcf27d560252002ac5145357c\"",
            "id": "laptop:ID.RM - Risk Management Strategy",
            "name": "ID.RM - Risk Management Strategy",
            "repository": "laptop",
            "url": "https://api.github.com/repos/18F/laptop/labels/ID.RM%20-%20Risk%20Management%20Strategy"
          },
          "private": "bnVsbA=="
        },
        {
          "index_key": 8,
          "schema_version": 0,
          "attributes": {
            "color": "FFFFFF",
            "description": "",
            "etag": "W/\"da3501c5ef0f54296be766d6c070e127\"",
            "id": "laptop:ID.SC - Supply Chain Risk Management",
            "name": "ID.SC - Supply Chain Risk Management",
            "repository": "laptop",
            "url": "https://api.github.com/repos/18F/laptop/labels/ID.SC%20-%20Supply%20Chain%20Risk%20Management"
          },
          "private": "bnVsbA=="
        },
        {
          "index_key": 9,
          "schema_version": 0,
          "attributes": {
            "color": "FFFFFF",
            "description": "",
            "etag": "W/\"76b33c4a88477b5be66488ced81e1f4d\"",
            "id": "laptop:PR.AC - Identity Management and Access Control",
            "name": "PR.AC - Identity Management and Access Control",
            "repository": "laptop",
            "url": "https://api.github.com/repos/18F/laptop/labels/PR.AC%20-%20Identity%20Management%20and%20Access%20Control"
          },
          "private": "bnVsbA=="
        },
        {
          "index_key": 10,
          "schema_version": 0,
          "attributes": {
            "color": "FFFFFF",
            "description": "",
            "etag": "W/\"00bab2f4b6c6a0e9057e58e589dde2db\"",
            "id": "laptop:PR.AT - Awareness and Training",
            "name": "PR.AT - Awareness and Training",
            "repository": "laptop",
            "url": "https://api.github.com/repos/18F/laptop/labels/PR.AT%20-%20Awareness%20and%20Training"
          },
          "private": "bnVsbA=="
        },
        {
          "index_key": 11,
          "schema_version": 0,
          "attributes": {
            "color": "FFFFFF",
            "description": "",
            "etag": "W/\"c8c8f262b450acc5416916d7e9e252d4\"",
            "id": "laptop:PR.DS - Data Security",
            "name": "PR.DS - Data Security",
            "repository": "laptop",
            "url": "https://api.github.com/repos/18F/laptop/labels/PR.DS%20-%20Data%20Security"
          },
          "private": "bnVsbA=="
        },
        {
          "index_key": 12,
          "schema_version": 0,
          "attributes": {
            "color": "FFFFFF",
            "description": "",
            "etag": "W/\"4ec9b48c804bbf070a4610047d4ca1df\"",
            "id": "laptop:PR.IP - Information Protection ProcessesProcedures",
            "name": "PR.IP - Information Protection ProcessesProcedures",
            "repository": "laptop",
            "url": "https://api.github.com/repos/18F/laptop/labels/PR.IP%20-%20Information%20Protection%20ProcessesProcedures"
          },
          "private": "bnVsbA=="
        },
        {
          "index_key": 13,
          "schema_version": 0,
          "attributes": {
            "color": "FFFFFF",
            "description": "",
            "etag": "W/\"a5dc8ffee6aaf6a8205e499aeb05d5b4\"",
            "id": "laptop:PR.MA - Maintenance",
            "name": "PR.MA - Maintenance",
            "repository": "laptop",
            "url": "https://api.github.com/repos/18F/laptop/labels/PR.MA%20-%20Maintenance"
          },
          "private": "bnVsbA=="
        },
        {
          "index_key": 14,
          "schema_version": 0,
          "attributes": {
            "color": "FFFFFF",
            "description": "",
            "etag": "W/\"e335abdbbdef07b605ffefbd4c608b9b\"",
            "id": "laptop:PR.PT - Protective Technology",
            "name": "PR.PT - Protective Technology",
            "repository": "laptop",
            "url": "https://api.github.com/repos/18F/laptop/labels/PR.PT%20-%20Protective%20Technology"
          },
          "private": "bnVsbA=="
        },
        {
          "index_key": 15,
          "schema_version": 0,
          "attributes": {
            "color": "FFFFFF",
            "description": "",
            "etag": "W/\"8ffffff11f1b63d4ff2a742913359adb\"",
            "id": "laptop:RC.CO - Communications",
            "name": "RC.CO - Communications",
            "repository": "laptop",
            "url": "https://api.github.com/repos/18F/laptop/labels/RC.CO%20-%20Communications"
          },
          "private": "bnVsbA=="
        },
        {
          "index_key": 16,
          "schema_version": 0,
          "attributes": {
            "color": "FFFFFF",
            "description": "",
            "etag": "W/\"bb1044290f45f2ed306e51afa231a20e\"",
            "id": "laptop:RC.IM - Recovery Improvements",
            "name": "RC.IM - Recovery Improvements",
            "repository": "laptop",
            "url": "https://api.github.com/repos/18F/laptop/labels/RC.IM%20-%20Recovery%20Improvements"
          },
          "private": "bnVsbA=="
        },
        {
          "index_key": 17,
          "schema_version": 0,
          "attributes": {
            "color": "FFFFFF",
            "description": "",
            "etag": "W/\"bdbde29250981f48a1df153361ef632c\"",
            "id": "laptop:RC.RP - Recovery Planning",
            "name": "RC.RP - Recovery Planning",
            "repository": "laptop",
            "url": "https://api.github.com/repos/18F/laptop/labels/RC.RP%20-%20Recovery%20Planning"
          },
          "private": "bnVsbA=="
        },
        {
          "index_key": 18,
          "schema_version": 0,
          "attributes": {
            "color": "FFFFFF",
            "description": "",
            "etag": "W/\"af9eb27dc21861f75b7c13bebc87f811\"",
            "id": "laptop:RS.AN - Analysis",
            "name": "RS.AN - Analysis",
            "repository": "laptop",
            "url": "https://api.github.com/repos/18F/laptop/labels/RS.AN%20-%20Analysis"
          },
          "private": "bnVsbA=="
        },
        {
          "index_key": 19,
          "schema_version": 0,
          "attributes": {
            "color": "FFFFFF",
            "description": "",
            "etag": "W/\"c91b97bfb8cf640e615326e8f7fe8b30\"",
            "id": "laptop:RS.IM - Response Improvements",
            "name": "RS.IM - Response Improvements",
            "repository": "laptop",
            "url": "https://api.github.com/repos/18F/laptop/labels/RS.IM%20-%20Response%20Improvements"
          },
          "private": "bnVsbA=="
        },
        {
          "index_key": 20,
          "schema_version": 0,
          "attributes": {
            "color": "FFFFFF",
            "description": "",
            "etag": "W/\"8c30dc55ad115d0f60e373b1b4daa2e1\"",
            "id": "laptop:RS.MI - Mitigation",
            "name": "RS.MI - Mitigation",
            "repository": "laptop",
            "url": "https://api.github.com/repos/18F/laptop/labels/RS.MI%20-%20Mitigation"
          },
          "private": "bnVsbA=="
        },
        {
          "index_key": 21,
          "schema_version": 0,
          "attributes": {
            "color": "FFFFFF",
            "description": "",
            "etag": "W/\"d699fe13f4de89b3b0069f41907f5c34\"",
            "id": "laptop:RS.RP - Response Planning",
            "name": "RS.RP - Response Planning",
            "repository": "laptop",
            "url": "https://api.github.com/repos/18F/laptop/labels/RS.RP%20-%20Response%20Planning"
          },
          "private": "bnVsbA=="
        },
        {
          "index_key": 22,
          "schema_version": 0,
          "attributes": {
            "color": "c9ab48",
            "description": "",
            "etag": "W/\"056977174094abf17e4c2dd0df997ddb\"",
            "id": "laptop:blog-able",
            "name": "blog-able",
            "repository": "laptop",
            "url": "https://api.github.com/repos/18F/laptop/labels/blog-able"
          },
          "private": "bnVsbA=="
        },
        {
          "index_key": 23,
          "schema_version": 0,
          "attributes": {
            "color": "c9ab48",
            "description": "",
            "etag": "W/\"6607b47664954fd8d29d3ae7bb3120d5\"",
            "id": "laptop:demo-able",
            "name": "demo-able",
            "repository": "laptop",
            "url": "https://api.github.com/repos/18F/laptop/labels/demo-able"
          },
          "private": "bnVsbA=="
        },
        {
          "index_key": 24,
          "schema_version": 0,
          "attributes": {
            "color": "fc906d",
            "description": "",
            "etag": "W/\"48c0e5796b811f098ca3f2669254f0d9\"",
            "id": "laptop:documentation",
            "name": "documentation",
            "repository": "laptop",
            "url": "https://api.github.com/repos/18F/laptop/labels/documentation"
          },
          "private": "bnVsbA=="
        },
        {
          "index_key": 25,
          "schema_version": 0,
          "attributes": {
            "color": "e9695f",
            "description": "",
            "etag": "W/\"ee9970fd414d9c01ac6a920bde715036\"",
            "id": "laptop:due date",
            "name": "due date",
            "repository": "laptop",
            "url": "https://api.github.com/repos/18F/laptop/labels/due%20date"
          },
          "private": "bnVsbA=="
        },
        {
          "index_key": 26,
          "schema_version": 0,
          "attributes": {
            "color": "6ecbdb",
            "description": "",
            "etag": "W/\"66de4ed51461af15ffec30df5bc4ee2e\"",
            "id": "laptop:epic: acquisition procurement and budgeting",
            "name": "epic: acquisition procurement and budgeting",
            "repository": "laptop",
            "url": "https://api.github.com/repos/18F/laptop/labels/epic:%20acquisition%20procurement%20and%20budgeting"
          },
          "private": "bnVsbA=="
        },
        {
          "index_key": 27,
          "schema_version": 0,
          "attributes": {
            "color": "6ecbdb",
            "description": "",
            "etag": "W/\"a60051da052149d051e7a3a2cfa701d4\"",
            "id": "laptop:epic: customer service and communication",
            "name": "epic: customer service and communication",
            "repository": "laptop",
            "url": "https://api.github.com/repos/18F/laptop/labels/epic:%20customer%20service%20and%20communication"
          },
          "private": "bnVsbA=="
        },
        {
          "index_key": 28,
          "schema_version": 0,
          "attributes": {
            "color": "6ecbdb",
            "description": "",
            "etag": "W/\"eb1ab1e5bbe120bd079ebe06f51e8478\"",
            "id": "laptop:epic: dogfood-ing",
            "name": "epic: dogfood-ing",
            "repository": "laptop",
            "url": "https://api.github.com/repos/18F/laptop/labels/epic:%20dogfood-ing"
          },
          "private": "bnVsbA=="
        },
        {
          "index_key": 29,
          "schema_version": 0,
          "attributes": {
            "color": "6ecbdb",
            "description": "",
            "etag": "W/\"04810aae247594f24e9cb192d3cb6cbd\"",
            "id": "laptop:epic: policy and guidance",
            "name": "epic: policy and guidance",
            "repository": "laptop",
            "url": "https://api.github.com/repos/18F/laptop/labels/epic:%20policy%20and%20guidance"
          },
          "private": "bnVsbA=="
        },
        {
          "index_key": 30,
          "schema_version": 0,
          "attributes": {
            "color": "6ecbdb",
            "description": "",
            "etag": "W/\"e0618ef38f73420a9d9f207080cf415c\"",
            "id": "laptop:epic: security and compliance",
            "name": "epic: security and compliance",
            "repository": "laptop",
            "url": "https://api.github.com/repos/18F/laptop/labels/epic:%20security%20and%20compliance"
          },
          "private": "bnVsbA=="
        },
        {
          "index_key": 31,
          "schema_version": 0,
          "attributes": {
            "color": "6ecbdb",
            "description": "",
            "etag": "W/\"a3eba6f8c87c89762ad4f992bb56af04\"",
            "id": "laptop:epic: software and infrastructure",
            "name": "epic: software and infrastructure",
            "repository": "laptop",
            "url": "https://api.github.com/repos/18F/laptop/labels/epic:%20software%20and%20infrastructure"
          },
          "private": "bnVsbA=="
        },
        {
          "index_key": 32,
          "schema_version": 0,
          "attributes": {
            "color": "e9695f",
            "description": "",
            "etag": "W/\"8dc1271a1e8078681fe3fc8903fa71dd\"",
            "id": "laptop:expedite",
            "name": "expedite",
            "repository": "laptop",
            "url": "https://api.github.com/repos/18F/laptop/labels/expedite"
          },
          "private": "bnVsbA=="
        },
        {
          "index_key": 33,
          "schema_version": 0,
          "attributes": {
            "color": "e9695f",
            "description": "",
            "etag": "W/\"d0f3f783c473ad81bf0c10fec87889a9\"",
            "id": "laptop:feedback needed",
            "name": "feedback needed",
            "repository": "laptop",
            "url": "https://api.github.com/repos/18F/laptop/labels/feedback%20needed"
          },
          "private": "bnVsbA=="
        },
        {
          "index_key": 34,
          "schema_version": 0,
          "attributes": {
            "color": "d5bfff",
            "description": "",
            "etag": "W/\"80d6ef330616451ff352f97d499f33dc\"",
            "id": "laptop:groomed: accepted",
            "name": "groomed: accepted",
            "repository": "laptop",
            "url": "https://api.github.com/repos/18F/laptop/labels/groomed:%20accepted"
          },
          "private": "bnVsbA=="
        },
        {
          "index_key": 35,
          "schema_version": 0,
          "attributes": {
            "color": "d5bfff",
            "description": "",
            "etag": "W/\"524efc61a19459b55b7b7568a48ba416\"",
            "id": "laptop:groomed: draft - final",
            "name": "groomed: draft - final",
            "repository": "laptop",
            "url": "https://api.github.com/repos/18F/laptop/labels/groomed:%20draft%20-%20final"
          },
          "private": "bnVsbA=="
        },
        {
          "index_key": 36,
          "schema_version": 0,
          "attributes": {
            "color": "d5bfff",
            "description": "",
            "etag": "W/\"007656d15ab3e48b6570c0bc303d76fe\"",
            "id": "laptop:grooming: draft - initial",
            "name": "grooming: draft - initial",
            "repository": "laptop",
            "url": "https://api.github.com/repos/18F/laptop/labels/grooming:%20draft%20-%20initial"
          },
          "private": "bnVsbA=="
        },
        {
          "index_key": 37,
          "schema_version": 0,
          "attributes": {
            "color": "d5bfff",
            "description": "",
            "etag": "W/\"f2ad79f5f2ace7ae10ca16d1ebc20cc1\"",
            "id": "laptop:grooming: team",
            "name": "grooming: team",
            "repository": "laptop",
            "url": "https://api.github.com/repos/18F/laptop/labels/grooming:%20team"
          },
          "private": "bnVsbA=="
        },
        {
          "index_key": 38,
          "schema_version": 0,
          "attributes": {
            "color": "afaea2",
            "description": "",
            "etag": "W/\"6e3746566762d971442ff32381ed6d53\"",
            "id": "laptop:internal workflow",
            "name": "internal workflow",
            "repository": "laptop",
            "url": "https://api.github.com/repos/18F/laptop/labels/internal%20workflow"
          },
          "private": "bnVsbA=="
        },
        {
          "index_key": 39,
          "schema_version": 0,
          "attributes": {
            "color": "afaea2",
            "description": "",
            "etag": "W/\"7ca66e3ac601758bb133cf1e30c4b9d3\"",
            "id": "laptop:passion project",
            "name": "passion project",
            "repository": "laptop",
            "url": "https://api.github.com/repos/18F/laptop/labels/passion%20project"
          },
          "private": "bnVsbA=="
        },
        {
          "index_key": 40,
          "schema_version": 0,
          "attributes": {
            "color": "fc906d",
            "description": "",
            "etag": "W/\"79530c40e580614bd4e74693499a5f6e\"",
            "id": "laptop:prep step",
            "name": "prep step",
            "repository": "laptop",
            "url": "https://api.github.com/repos/18F/laptop/labels/prep%20step"
          },
          "private": "bnVsbA=="
        },
        {
          "index_key": 41,
          "schema_version": 0,
          "attributes": {
            "color": "dec69a",
            "description": "",
            "etag": "W/\"2cef2afbee903ba2343639c538774c19\"",
            "id": "laptop:size: days",
            "name": "size: days",
            "repository": "laptop",
            "url": "https://api.github.com/repos/18F/laptop/labels/size:%20days"
          },
          "private": "bnVsbA=="
        },
        {
          "index_key": 42,
          "schema_version": 0,
          "attributes": {
            "color": "dec69a",
            "description": "",
            "etag": "W/\"c73212ff1ff8349544dfeddbd98a7baf\"",
            "id": "laptop:size: hours",
            "name": "size: hours",
            "repository": "laptop",
            "url": "https://api.github.com/repos/18F/laptop/labels/size:%20hours"
          },
          "private": "bnVsbA=="
        },
        {
          "index_key": 43,
          "schema_version": 0,
          "attributes": {
            "color": "dec69a",
            "description": "",
            "etag": "W/\"dbd392d13303f78a0949d0e87eee7484\"",
            "id": "laptop:size: months",
            "name": "size: months",
            "repository": "laptop",
            "url": "https://api.github.com/repos/18F/laptop/labels/size:%20months"
          },
          "private": "bnVsbA=="
        },
        {
          "index_key": 44,
          "schema_version": 0,
          "attributes": {
            "color": "dec69a",
            "description": "",
            "etag": "W/\"c4735ff6ac3db2c8f4b37cc43b9ac2dd\"",
            "id": "laptop:size: weeks",
            "name": "size: weeks",
            "repository": "laptop",
            "url": "https://api.github.com/repos/18F/laptop/labels/size:%20weeks"
          },
          "private": "bnVsbA=="
        },
        {
          "index_key": 45,
          "schema_version": 0,
          "attributes": {
            "color": "a6b557",
            "description": "",
            "etag": "W/\"f7de36edf6580aa0cd8f396d86ace6b3\"",
            "id": "laptop:sprint: planning",
            "name": "sprint: planning",
            "repository": "laptop",
            "url": "https://api.github.com/repos/18F/laptop/labels/sprint:%20planning"
          },
          "private": "bnVsbA=="
        },
        {
          "index_key": 46,
          "schema_version": 0,
          "attributes": {
            "color": "a6b557",
            "description": "",
            "etag": "W/\"f3fc929c5ebad22d1c53ef94e5a91816\"",
            "id": "laptop:sprint: review",
            "name": "sprint: review",
            "repository": "laptop",
            "url": "https://api.github.com/repos/18F/laptop/labels/sprint:%20review"
          },
          "private": "bnVsbA=="
        }
      ]
    },
    {
      "mode": "managed",
      "type": "github_issue_label",
      "name": "tts-tech-portfolio",
      "each": "list",
      "provider": "provider.github",
      "instances": [
        {
          "index_key": 0,
          "schema_version": 0,
          "attributes": {
            "color": "FFFFFF",
            "description": "",
            "etag": "W/\"38c0ab7f936d1058cebdd148ea7e2de3\"",
            "id": "tts-tech-portfolio:DE.AE - Anomalies and Events",
            "name": "DE.AE - Anomalies and Events",
            "repository": "tts-tech-portfolio",
            "url": "https://api.github.com/repos/18F/tts-tech-portfolio/labels/DE.AE%20-%20Anomalies%20and%20Events"
          },
          "private": "bnVsbA=="
        },
        {
          "index_key": 1,
          "schema_version": 0,
          "attributes": {
            "color": "FFFFFF",
            "description": "",
            "etag": "W/\"c307a3865dc328bdf3e2b2f82c7fc9c5\"",
            "id": "tts-tech-portfolio:DE.CM - Security Continuous Monitoring",
            "name": "DE.CM - Security Continuous Monitoring",
            "repository": "tts-tech-portfolio",
            "url": "https://api.github.com/repos/18F/tts-tech-portfolio/labels/DE.CM%20-%20Security%20Continuous%20Monitoring"
          },
          "private": "bnVsbA=="
        },
        {
          "index_key": 2,
          "schema_version": 0,
          "attributes": {
            "color": "FFFFFF",
            "description": "",
            "etag": "W/\"4db7cc050cfb48dfca2d717abfa90221\"",
            "id": "tts-tech-portfolio:DE.DP- Detection Processes",
            "name": "DE.DP- Detection Processes",
            "repository": "tts-tech-portfolio",
            "url": "https://api.github.com/repos/18F/tts-tech-portfolio/labels/DE.DP-%20Detection%20Processes"
          },
          "private": "bnVsbA=="
        },
        {
          "index_key": 3,
          "schema_version": 0,
          "attributes": {
            "color": "FFFFFF",
            "description": "",
            "etag": "W/\"2cc920315cb1d4288742c905b9a3cada\"",
            "id": "tts-tech-portfolio:ID.AM - Asset Management",
            "name": "ID.AM - Asset Management",
            "repository": "tts-tech-portfolio",
            "url": "https://api.github.com/repos/18F/tts-tech-portfolio/labels/ID.AM%20-%20Asset%20Management"
          },
          "private": "bnVsbA=="
        },
        {
          "index_key": 4,
          "schema_version": 0,
          "attributes": {
            "color": "FFFFFF",
            "description": "",
            "etag": "W/\"0991b01bf796144cbde5922327d09476\"",
            "id": "tts-tech-portfolio:ID.BE - Business Environment",
            "name": "ID.BE - Business Environment",
            "repository": "tts-tech-portfolio",
            "url": "https://api.github.com/repos/18F/tts-tech-portfolio/labels/ID.BE%20-%20Business%20Environment"
          },
          "private": "bnVsbA=="
        },
        {
          "index_key": 5,
          "schema_version": 0,
          "attributes": {
            "color": "FFFFFF",
            "description": "",
            "etag": "W/\"f958cccad399b37a3c3dec4b40576f61\"",
            "id": "tts-tech-portfolio:ID.GV - Governance",
            "name": "ID.GV - Governance",
            "repository": "tts-tech-portfolio",
            "url": "https://api.github.com/repos/18F/tts-tech-portfolio/labels/ID.GV%20-%20Governance"
          },
          "private": "bnVsbA=="
        },
        {
          "index_key": 6,
          "schema_version": 0,
          "attributes": {
            "color": "FFFFFF",
            "description": "",
            "etag": "W/\"6d56901df499e98823587f73a07c9783\"",
            "id": "tts-tech-portfolio:ID.RA - Risk Assessment",
            "name": "ID.RA - Risk Assessment",
            "repository": "tts-tech-portfolio",
            "url": "https://api.github.com/repos/18F/tts-tech-portfolio/labels/ID.RA%20-%20Risk%20Assessment"
          },
          "private": "bnVsbA=="
        },
        {
          "index_key": 7,
          "schema_version": 0,
          "attributes": {
            "color": "FFFFFF",
            "description": "",
            "etag": "W/\"9635e652e6c317e1b123070efb894a36\"",
            "id": "tts-tech-portfolio:ID.RM - Risk Management Strategy",
            "name": "ID.RM - Risk Management Strategy",
            "repository": "tts-tech-portfolio",
            "url": "https://api.github.com/repos/18F/tts-tech-portfolio/labels/ID.RM%20-%20Risk%20Management%20Strategy"
          },
          "private": "bnVsbA=="
        },
        {
          "index_key": 8,
          "schema_version": 0,
          "attributes": {
            "color": "FFFFFF",
            "description": "",
            "etag": "W/\"216692fbd92fd48d707b0c58b7eb5bc0\"",
            "id": "tts-tech-portfolio:ID.SC - Supply Chain Risk Management",
            "name": "ID.SC - Supply Chain Risk Management",
            "repository": "tts-tech-portfolio",
            "url": "https://api.github.com/repos/18F/tts-tech-portfolio/labels/ID.SC%20-%20Supply%20Chain%20Risk%20Management"
          },
          "private": "bnVsbA=="
        },
        {
          "index_key": 9,
          "schema_version": 0,
          "attributes": {
            "color": "FFFFFF",
            "description": "",
            "etag": "W/\"2da03c563a82a5677ca854c3b072d2de\"",
            "id": "tts-tech-portfolio:PR.AC - Identity Management and Access Control",
            "name": "PR.AC - Identity Management and Access Control",
            "repository": "tts-tech-portfolio",
            "url": "https://api.github.com/repos/18F/tts-tech-portfolio/labels/PR.AC%20-%20Identity%20Management%20and%20Access%20Control"
          },
          "private": "bnVsbA=="
        },
        {
          "index_key": 10,
          "schema_version": 0,
          "attributes": {
            "color": "FFFFFF",
            "description": "",
            "etag": "W/\"96d70fbc992ee7e6fd84a0a1891c6766\"",
            "id": "tts-tech-portfolio:PR.AT - Awareness and Training",
            "name": "PR.AT - Awareness and Training",
            "repository": "tts-tech-portfolio",
            "url": "https://api.github.com/repos/18F/tts-tech-portfolio/labels/PR.AT%20-%20Awareness%20and%20Training"
          },
          "private": "bnVsbA=="
        },
        {
          "index_key": 11,
          "schema_version": 0,
          "attributes": {
            "color": "FFFFFF",
            "description": "",
            "etag": "W/\"1b509e6c19dc577a276b092e7484f931\"",
            "id": "tts-tech-portfolio:PR.DS - Data Security",
            "name": "PR.DS - Data Security",
            "repository": "tts-tech-portfolio",
            "url": "https://api.github.com/repos/18F/tts-tech-portfolio/labels/PR.DS%20-%20Data%20Security"
          },
          "private": "bnVsbA=="
        },
        {
          "index_key": 12,
          "schema_version": 0,
          "attributes": {
            "color": "FFFFFF",
            "description": "",
            "etag": "W/\"ab33af47927b85ab7753da241ea8ca69\"",
            "id": "tts-tech-portfolio:PR.IP - Information Protection ProcessesProcedures",
            "name": "PR.IP - Information Protection ProcessesProcedures",
            "repository": "tts-tech-portfolio",
            "url": "https://api.github.com/repos/18F/tts-tech-portfolio/labels/PR.IP%20-%20Information%20Protection%20ProcessesProcedures"
          },
          "private": "bnVsbA=="
        },
        {
          "index_key": 13,
          "schema_version": 0,
          "attributes": {
            "color": "FFFFFF",
            "description": "",
            "etag": "W/\"cde159fd0bf8425c6d9de21596d42aeb\"",
            "id": "tts-tech-portfolio:PR.MA - Maintenance",
            "name": "PR.MA - Maintenance",
            "repository": "tts-tech-portfolio",
            "url": "https://api.github.com/repos/18F/tts-tech-portfolio/labels/PR.MA%20-%20Maintenance"
          },
          "private": "bnVsbA=="
        },
        {
          "index_key": 14,
          "schema_version": 0,
          "attributes": {
            "color": "FFFFFF",
            "description": "",
            "etag": "W/\"51c1412c221b377f9d13b72520fcd1af\"",
            "id": "tts-tech-portfolio:PR.PT - Protective Technology",
            "name": "PR.PT - Protective Technology",
            "repository": "tts-tech-portfolio",
            "url": "https://api.github.com/repos/18F/tts-tech-portfolio/labels/PR.PT%20-%20Protective%20Technology"
          },
          "private": "bnVsbA=="
        },
        {
          "index_key": 15,
          "schema_version": 0,
          "attributes": {
            "color": "FFFFFF",
            "description": "",
            "etag": "W/\"3a3c40e780865ddf29d3fa77fcc08cb0\"",
            "id": "tts-tech-portfolio:RC.CO - Communications",
            "name": "RC.CO - Communications",
            "repository": "tts-tech-portfolio",
            "url": "https://api.github.com/repos/18F/tts-tech-portfolio/labels/RC.CO%20-%20Communications"
          },
          "private": "bnVsbA=="
        },
        {
          "index_key": 16,
          "schema_version": 0,
          "attributes": {
            "color": "FFFFFF",
            "description": "",
            "etag": "W/\"83563a25048f5d5301a1d18df7f6d225\"",
            "id": "tts-tech-portfolio:RC.IM - Recovery Improvements",
            "name": "RC.IM - Recovery Improvements",
            "repository": "tts-tech-portfolio",
            "url": "https://api.github.com/repos/18F/tts-tech-portfolio/labels/RC.IM%20-%20Recovery%20Improvements"
          },
          "private": "bnVsbA=="
        },
        {
          "index_key": 17,
          "schema_version": 0,
          "attributes": {
            "color": "FFFFFF",
            "description": "",
            "etag": "W/\"6e3aae4fd78ba89f027d2c17914c8fa0\"",
            "id": "tts-tech-portfolio:RC.RP - Recovery Planning",
            "name": "RC.RP - Recovery Planning",
            "repository": "tts-tech-portfolio",
            "url": "https://api.github.com/repos/18F/tts-tech-portfolio/labels/RC.RP%20-%20Recovery%20Planning"
          },
          "private": "bnVsbA=="
        },
        {
          "index_key": 18,
          "schema_version": 0,
          "attributes": {
            "color": "FFFFFF",
            "description": "",
            "etag": "W/\"77fe7b038522553aca763613280efc53\"",
            "id": "tts-tech-portfolio:RS.AN - Analysis",
            "name": "RS.AN - Analysis",
            "repository": "tts-tech-portfolio",
            "url": "https://api.github.com/repos/18F/tts-tech-portfolio/labels/RS.AN%20-%20Analysis"
          },
          "private": "bnVsbA=="
        },
        {
          "index_key": 19,
          "schema_version": 0,
          "attributes": {
            "color": "FFFFFF",
            "description": "",
            "etag": "W/\"3d48be26cfc8d3b3946cf1a44e470e9a\"",
            "id": "tts-tech-portfolio:RS.IM - Response Improvements",
            "name": "RS.IM - Response Improvements",
            "repository": "tts-tech-portfolio",
            "url": "https://api.github.com/repos/18F/tts-tech-portfolio/labels/RS.IM%20-%20Response%20Improvements"
          },
          "private": "bnVsbA=="
        },
        {
          "index_key": 20,
          "schema_version": 0,
          "attributes": {
            "color": "FFFFFF",
            "description": "",
            "etag": "W/\"0453ded3a25cc10c6951a1aedd0e668c\"",
            "id": "tts-tech-portfolio:RS.MI - Mitigation",
            "name": "RS.MI - Mitigation",
            "repository": "tts-tech-portfolio",
            "url": "https://api.github.com/repos/18F/tts-tech-portfolio/labels/RS.MI%20-%20Mitigation"
          },
          "private": "bnVsbA=="
        },
        {
          "index_key": 21,
          "schema_version": 0,
          "attributes": {
            "color": "FFFFFF",
            "description": "",
            "etag": "W/\"addabf63c49d61597fa4b4ce6f0db296\"",
            "id": "tts-tech-portfolio:RS.RP - Response Planning",
            "name": "RS.RP - Response Planning",
            "repository": "tts-tech-portfolio",
            "url": "https://api.github.com/repos/18F/tts-tech-portfolio/labels/RS.RP%20-%20Response%20Planning"
          },
          "private": "bnVsbA=="
        },
        {
          "index_key": 22,
          "schema_version": 0,
          "attributes": {
            "color": "c9ab48",
            "description": "",
            "etag": "W/\"2fab28f730465f7e7dfbdbe412b67f93\"",
            "id": "tts-tech-portfolio:blog-able",
            "name": "blog-able",
            "repository": "tts-tech-portfolio",
            "url": "https://api.github.com/repos/18F/tts-tech-portfolio/labels/blog-able"
          },
          "private": "bnVsbA=="
        },
        {
          "index_key": 23,
          "schema_version": 0,
          "attributes": {
            "color": "c9ab48",
            "description": "",
            "etag": "W/\"f6138e831e41175dbb6ba35a6a3ac4f9\"",
            "id": "tts-tech-portfolio:demo-able",
            "name": "demo-able",
            "repository": "tts-tech-portfolio",
            "url": "https://api.github.com/repos/18F/tts-tech-portfolio/labels/demo-able"
          },
          "private": "bnVsbA=="
        },
        {
          "index_key": 24,
          "schema_version": 0,
          "attributes": {
            "color": "fc906d",
            "description": "",
            "etag": "W/\"244484ea86f80e68e409b5c667ce04ec\"",
            "id": "tts-tech-portfolio:documentation",
            "name": "documentation",
            "repository": "tts-tech-portfolio",
            "url": "https://api.github.com/repos/18F/tts-tech-portfolio/labels/documentation"
          },
          "private": "bnVsbA=="
        },
        {
          "index_key": 25,
          "schema_version": 0,
          "attributes": {
            "color": "e9695f",
            "description": "",
            "etag": "W/\"f5e6dacbc0499ae6951257353a397484\"",
            "id": "tts-tech-portfolio:due date",
            "name": "due date",
            "repository": "tts-tech-portfolio",
            "url": "https://api.github.com/repos/18F/tts-tech-portfolio/labels/due%20date"
          },
          "private": "bnVsbA=="
        },
        {
          "index_key": 26,
          "schema_version": 0,
          "attributes": {
            "color": "6ecbdb",
            "description": "",
            "etag": "W/\"419e20fed91076de5bb19c28b3ed9f6f\"",
            "id": "tts-tech-portfolio:epic: acquisition procurement and budgeting",
            "name": "epic: acquisition procurement and budgeting",
            "repository": "tts-tech-portfolio",
            "url": "https://api.github.com/repos/18F/tts-tech-portfolio/labels/epic:%20acquisition%20procurement%20and%20budgeting"
          },
          "private": "bnVsbA=="
        },
        {
          "index_key": 27,
          "schema_version": 0,
          "attributes": {
            "color": "6ecbdb",
            "description": "",
            "etag": "W/\"df4c6371ee924e4318112ccc1922dc08\"",
            "id": "tts-tech-portfolio:epic: customer service and communication",
            "name": "epic: customer service and communication",
            "repository": "tts-tech-portfolio",
            "url": "https://api.github.com/repos/18F/tts-tech-portfolio/labels/epic:%20customer%20service%20and%20communication"
          },
          "private": "bnVsbA=="
        },
        {
          "index_key": 28,
          "schema_version": 0,
          "attributes": {
            "color": "6ecbdb",
            "description": "",
            "etag": "W/\"01c47a165e3691a8231bd90e966f8bf9\"",
            "id": "tts-tech-portfolio:epic: dogfood-ing",
            "name": "epic: dogfood-ing",
            "repository": "tts-tech-portfolio",
            "url": "https://api.github.com/repos/18F/tts-tech-portfolio/labels/epic:%20dogfood-ing"
          },
          "private": "bnVsbA=="
        },
        {
          "index_key": 29,
          "schema_version": 0,
          "attributes": {
            "color": "6ecbdb",
            "description": "",
            "etag": "W/\"96a7d1305499913403abb65b4153c1bb\"",
            "id": "tts-tech-portfolio:epic: policy and guidance",
            "name": "epic: policy and guidance",
            "repository": "tts-tech-portfolio",
            "url": "https://api.github.com/repos/18F/tts-tech-portfolio/labels/epic:%20policy%20and%20guidance"
          },
          "private": "bnVsbA=="
        },
        {
          "index_key": 30,
          "schema_version": 0,
          "attributes": {
            "color": "6ecbdb",
            "description": "",
            "etag": "W/\"783232ed52cc6d422c7e4b37d2a83d94\"",
            "id": "tts-tech-portfolio:epic: security and compliance",
            "name": "epic: security and compliance",
            "repository": "tts-tech-portfolio",
            "url": "https://api.github.com/repos/18F/tts-tech-portfolio/labels/epic:%20security%20and%20compliance"
          },
          "private": "bnVsbA=="
        },
        {
          "index_key": 31,
          "schema_version": 0,
          "attributes": {
            "color": "6ecbdb",
            "description": "",
            "etag": "W/\"34d5774fdd72af16d41466e0dbf654b7\"",
            "id": "tts-tech-portfolio:epic: software and infrastructure",
            "name": "epic: software and infrastructure",
            "repository": "tts-tech-portfolio",
            "url": "https://api.github.com/repos/18F/tts-tech-portfolio/labels/epic:%20software%20and%20infrastructure"
          },
          "private": "bnVsbA=="
        },
        {
          "index_key": 32,
          "schema_version": 0,
          "attributes": {
            "color": "e9695f",
            "description": "",
            "etag": "W/\"a4705935503c582c1f76aa656ca1c002\"",
            "id": "tts-tech-portfolio:expedite",
            "name": "expedite",
            "repository": "tts-tech-portfolio",
            "url": "https://api.github.com/repos/18F/tts-tech-portfolio/labels/expedite"
          },
          "private": "bnVsbA=="
        },
        {
          "index_key": 33,
          "schema_version": 0,
          "attributes": {
            "color": "e9695f",
            "description": "",
            "etag": "W/\"61a11662eb091738652d85ba14a534fa\"",
            "id": "tts-tech-portfolio:feedback needed",
            "name": "feedback needed",
            "repository": "tts-tech-portfolio",
            "url": "https://api.github.com/repos/18F/tts-tech-portfolio/labels/feedback%20needed"
          },
          "private": "bnVsbA=="
        },
        {
          "index_key": 34,
          "schema_version": 0,
          "attributes": {
            "color": "d5bfff",
            "description": "",
            "etag": "W/\"dc37b9994fdcd5226cfd6e8ea88f599c\"",
            "id": "tts-tech-portfolio:groomed: accepted",
            "name": "groomed: accepted",
            "repository": "tts-tech-portfolio",
            "url": "https://api.github.com/repos/18F/tts-tech-portfolio/labels/groomed:%20accepted"
          },
          "private": "bnVsbA=="
        },
        {
          "index_key": 35,
          "schema_version": 0,
          "attributes": {
            "color": "d5bfff",
            "description": "",
            "etag": "W/\"6346b44fc1da25afe62da1a91549407f\"",
            "id": "tts-tech-portfolio:groomed: draft - final",
            "name": "groomed: draft - final",
            "repository": "tts-tech-portfolio",
            "url": "https://api.github.com/repos/18F/tts-tech-portfolio/labels/groomed:%20draft%20-%20final"
          },
          "private": "bnVsbA=="
        },
        {
          "index_key": 36,
          "schema_version": 0,
          "attributes": {
            "color": "d5bfff",
            "description": "",
            "etag": "W/\"e5a85233f5a51a8a5127af6c27df02f4\"",
            "id": "tts-tech-portfolio:grooming: draft - initial",
            "name": "grooming: draft - initial",
            "repository": "tts-tech-portfolio",
            "url": "https://api.github.com/repos/18F/tts-tech-portfolio/labels/grooming:%20draft%20-%20initial"
          },
          "private": "bnVsbA=="
        },
        {
          "index_key": 37,
          "schema_version": 0,
          "attributes": {
            "color": "d5bfff",
            "description": "",
            "etag": "W/\"dd2462b0ebd7390c1b29165c80328ae1\"",
            "id": "tts-tech-portfolio:grooming: team",
            "name": "grooming: team",
            "repository": "tts-tech-portfolio",
            "url": "https://api.github.com/repos/18F/tts-tech-portfolio/labels/grooming:%20team"
          },
          "private": "bnVsbA=="
        },
        {
          "index_key": 38,
          "schema_version": 0,
          "attributes": {
            "color": "afaea2",
            "description": "",
            "etag": "W/\"14dc1318c118be4a89be5ec40d4f6e1e\"",
            "id": "tts-tech-portfolio:internal workflow",
            "name": "internal workflow",
            "repository": "tts-tech-portfolio",
            "url": "https://api.github.com/repos/18F/tts-tech-portfolio/labels/internal%20workflow"
          },
          "private": "bnVsbA=="
        },
        {
          "index_key": 39,
          "schema_version": 0,
          "attributes": {
            "color": "afaea2",
            "description": "",
            "etag": "W/\"1ab43d007ef9213b3d0765ce0c468ea7\"",
            "id": "tts-tech-portfolio:passion project",
            "name": "passion project",
            "repository": "tts-tech-portfolio",
            "url": "https://api.github.com/repos/18F/tts-tech-portfolio/labels/passion%20project"
          },
          "private": "bnVsbA=="
        },
        {
          "index_key": 40,
          "schema_version": 0,
          "attributes": {
            "color": "fc906d",
            "description": "",
            "etag": "W/\"82a705089b56a0f664176a07acaf146e\"",
            "id": "tts-tech-portfolio:prep step",
            "name": "prep step",
            "repository": "tts-tech-portfolio",
            "url": "https://api.github.com/repos/18F/tts-tech-portfolio/labels/prep%20step"
          },
          "private": "bnVsbA=="
        },
        {
          "index_key": 41,
          "schema_version": 0,
          "attributes": {
            "color": "dec69a",
            "description": "",
            "etag": "W/\"eedd0b7836a4dc561b7edd68e89258c7\"",
            "id": "tts-tech-portfolio:size: days",
            "name": "size: days",
            "repository": "tts-tech-portfolio",
            "url": "https://api.github.com/repos/18F/tts-tech-portfolio/labels/size:%20days"
          },
          "private": "bnVsbA=="
        },
        {
          "index_key": 42,
          "schema_version": 0,
          "attributes": {
            "color": "dec69a",
            "description": "",
            "etag": "W/\"101f50fbd4b6b370eeafcc49b5473fa8\"",
            "id": "tts-tech-portfolio:size: hours",
            "name": "size: hours",
            "repository": "tts-tech-portfolio",
            "url": "https://api.github.com/repos/18F/tts-tech-portfolio/labels/size:%20hours"
          },
          "private": "bnVsbA=="
        },
        {
          "index_key": 43,
          "schema_version": 0,
          "attributes": {
            "color": "dec69a",
            "description": "",
            "etag": "W/\"8d93a79297cbc42c1ee52d1d76598695\"",
            "id": "tts-tech-portfolio:size: months",
            "name": "size: months",
            "repository": "tts-tech-portfolio",
            "url": "https://api.github.com/repos/18F/tts-tech-portfolio/labels/size:%20months"
          },
          "private": "bnVsbA=="
        },
        {
          "index_key": 44,
          "schema_version": 0,
          "attributes": {
            "color": "dec69a",
            "description": "",
            "etag": "W/\"c8cd4a5a846d9e7bf48c6066f00222a5\"",
            "id": "tts-tech-portfolio:size: weeks",
            "name": "size: weeks",
            "repository": "tts-tech-portfolio",
            "url": "https://api.github.com/repos/18F/tts-tech-portfolio/labels/size:%20weeks"
          },
          "private": "bnVsbA=="
        },
        {
          "index_key": 45,
          "schema_version": 0,
          "attributes": {
            "color": "a6b557",
            "description": "",
            "etag": "W/\"861d9bf63694599c55d117f64fc9d41a\"",
            "id": "tts-tech-portfolio:sprint: planning",
            "name": "sprint: planning",
            "repository": "tts-tech-portfolio",
            "url": "https://api.github.com/repos/18F/tts-tech-portfolio/labels/sprint:%20planning"
          },
          "private": "bnVsbA=="
        },
        {
          "index_key": 46,
          "schema_version": 0,
          "attributes": {
            "color": "a6b557",
            "description": "",
            "etag": "W/\"d5c0e8db011d2fd4792d2f8866ad141c\"",
            "id": "tts-tech-portfolio:sprint: review",
            "name": "sprint: review",
            "repository": "tts-tech-portfolio",
            "url": "https://api.github.com/repos/18F/tts-tech-portfolio/labels/sprint:%20review"
          },
          "private": "bnVsbA=="
        }
      ]
    },
    {
      "mode": "managed",
      "type": "github_issue_label",
      "name": "tts-tech-portfolio-private",
      "each": "list",
      "provider": "provider.github",
      "instances": [
        {
          "index_key": 0,
          "schema_version": 0,
          "attributes": {
            "color": "FFFFFF",
            "description": "",
            "etag": "W/\"6955fccc59dde956e62ab9913e43dd54\"",
            "id": "tts-tech-portfolio-private:DE.AE - Anomalies and Events",
            "name": "DE.AE - Anomalies and Events",
            "repository": "tts-tech-portfolio-private",
            "url": "https://api.github.com/repos/18F/tts-tech-portfolio-private/labels/DE.AE%20-%20Anomalies%20and%20Events"
          },
          "private": "bnVsbA=="
        },
        {
          "index_key": 1,
          "schema_version": 0,
          "attributes": {
            "color": "FFFFFF",
            "description": "",
            "etag": "W/\"d9955422ce8ef27412ea7effe129fa4e\"",
            "id": "tts-tech-portfolio-private:DE.CM - Security Continuous Monitoring",
            "name": "DE.CM - Security Continuous Monitoring",
            "repository": "tts-tech-portfolio-private",
            "url": "https://api.github.com/repos/18F/tts-tech-portfolio-private/labels/DE.CM%20-%20Security%20Continuous%20Monitoring"
          },
          "private": "bnVsbA=="
        },
        {
          "index_key": 2,
          "schema_version": 0,
          "attributes": {
            "color": "FFFFFF",
            "description": "",
            "etag": "W/\"e6994b7994bbae2ec0a66bd7227631b8\"",
            "id": "tts-tech-portfolio-private:DE.DP- Detection Processes",
            "name": "DE.DP- Detection Processes",
            "repository": "tts-tech-portfolio-private",
            "url": "https://api.github.com/repos/18F/tts-tech-portfolio-private/labels/DE.DP-%20Detection%20Processes"
          },
          "private": "bnVsbA=="
        },
        {
          "index_key": 3,
          "schema_version": 0,
          "attributes": {
            "color": "FFFFFF",
            "description": "",
            "etag": "W/\"a84dd655d2138beb2e02c7d31cf487e3\"",
            "id": "tts-tech-portfolio-private:ID.AM - Asset Management",
            "name": "ID.AM - Asset Management",
            "repository": "tts-tech-portfolio-private",
            "url": "https://api.github.com/repos/18F/tts-tech-portfolio-private/labels/ID.AM%20-%20Asset%20Management"
          },
          "private": "bnVsbA=="
        },
        {
          "index_key": 4,
          "schema_version": 0,
          "attributes": {
            "color": "FFFFFF",
            "description": "",
            "etag": "W/\"ddff38e493a6aabe2873355ef670ed32\"",
            "id": "tts-tech-portfolio-private:ID.BE - Business Environment",
            "name": "ID.BE - Business Environment",
            "repository": "tts-tech-portfolio-private",
            "url": "https://api.github.com/repos/18F/tts-tech-portfolio-private/labels/ID.BE%20-%20Business%20Environment"
          },
          "private": "bnVsbA=="
        },
        {
          "index_key": 5,
          "schema_version": 0,
          "attributes": {
            "color": "FFFFFF",
            "description": "",
            "etag": "W/\"8c1e7435469bd0d72a7d30659c51363f\"",
            "id": "tts-tech-portfolio-private:ID.GV - Governance",
            "name": "ID.GV - Governance",
            "repository": "tts-tech-portfolio-private",
            "url": "https://api.github.com/repos/18F/tts-tech-portfolio-private/labels/ID.GV%20-%20Governance"
          },
          "private": "bnVsbA=="
        },
        {
          "index_key": 6,
          "schema_version": 0,
          "attributes": {
            "color": "FFFFFF",
            "description": "",
            "etag": "W/\"35036472ef85fbd2d3dacdd5aa989fb4\"",
            "id": "tts-tech-portfolio-private:ID.RA - Risk Assessment",
            "name": "ID.RA - Risk Assessment",
            "repository": "tts-tech-portfolio-private",
            "url": "https://api.github.com/repos/18F/tts-tech-portfolio-private/labels/ID.RA%20-%20Risk%20Assessment"
          },
          "private": "bnVsbA=="
        },
        {
          "index_key": 7,
          "schema_version": 0,
          "attributes": {
            "color": "FFFFFF",
            "description": "",
            "etag": "W/\"dc81e832dcbc810691c2f3facd1af226\"",
            "id": "tts-tech-portfolio-private:ID.RM - Risk Management Strategy",
            "name": "ID.RM - Risk Management Strategy",
            "repository": "tts-tech-portfolio-private",
            "url": "https://api.github.com/repos/18F/tts-tech-portfolio-private/labels/ID.RM%20-%20Risk%20Management%20Strategy"
          },
          "private": "bnVsbA=="
        },
        {
          "index_key": 8,
          "schema_version": 0,
          "attributes": {
            "color": "FFFFFF",
            "description": "",
            "etag": "W/\"425eba1ca94414c4188072e400c84d57\"",
            "id": "tts-tech-portfolio-private:ID.SC - Supply Chain Risk Management",
            "name": "ID.SC - Supply Chain Risk Management",
            "repository": "tts-tech-portfolio-private",
            "url": "https://api.github.com/repos/18F/tts-tech-portfolio-private/labels/ID.SC%20-%20Supply%20Chain%20Risk%20Management"
          },
          "private": "bnVsbA=="
        },
        {
          "index_key": 9,
          "schema_version": 0,
          "attributes": {
            "color": "FFFFFF",
            "description": "",
            "etag": "W/\"3be84569a403edc4c79cf831179edd9e\"",
            "id": "tts-tech-portfolio-private:PR.AC - Identity Management and Access Control",
            "name": "PR.AC - Identity Management and Access Control",
            "repository": "tts-tech-portfolio-private",
            "url": "https://api.github.com/repos/18F/tts-tech-portfolio-private/labels/PR.AC%20-%20Identity%20Management%20and%20Access%20Control"
          },
          "private": "bnVsbA=="
        },
        {
          "index_key": 10,
          "schema_version": 0,
          "attributes": {
            "color": "FFFFFF",
            "description": "",
            "etag": "W/\"8769edb6542fd11dd9aa25495bfb52ac\"",
            "id": "tts-tech-portfolio-private:PR.AT - Awareness and Training",
            "name": "PR.AT - Awareness and Training",
            "repository": "tts-tech-portfolio-private",
            "url": "https://api.github.com/repos/18F/tts-tech-portfolio-private/labels/PR.AT%20-%20Awareness%20and%20Training"
          },
          "private": "bnVsbA=="
        },
        {
          "index_key": 11,
          "schema_version": 0,
          "attributes": {
            "color": "FFFFFF",
            "description": "",
            "etag": "W/\"3b1bff55d2b5270508b138d7d1da402c\"",
            "id": "tts-tech-portfolio-private:PR.DS - Data Security",
            "name": "PR.DS - Data Security",
            "repository": "tts-tech-portfolio-private",
            "url": "https://api.github.com/repos/18F/tts-tech-portfolio-private/labels/PR.DS%20-%20Data%20Security"
          },
          "private": "bnVsbA=="
        },
        {
          "index_key": 12,
          "schema_version": 0,
          "attributes": {
            "color": "FFFFFF",
            "description": "",
            "etag": "W/\"9634b2d42291b0d2be8d84090d4ad1ad\"",
            "id": "tts-tech-portfolio-private:PR.IP - Information Protection ProcessesProcedures",
            "name": "PR.IP - Information Protection ProcessesProcedures",
            "repository": "tts-tech-portfolio-private",
            "url": "https://api.github.com/repos/18F/tts-tech-portfolio-private/labels/PR.IP%20-%20Information%20Protection%20ProcessesProcedures"
          },
          "private": "bnVsbA=="
        },
        {
          "index_key": 13,
          "schema_version": 0,
          "attributes": {
            "color": "FFFFFF",
            "description": "",
            "etag": "W/\"44b2367fb384624dcb8f6b99376cc72b\"",
            "id": "tts-tech-portfolio-private:PR.MA - Maintenance",
            "name": "PR.MA - Maintenance",
            "repository": "tts-tech-portfolio-private",
            "url": "https://api.github.com/repos/18F/tts-tech-portfolio-private/labels/PR.MA%20-%20Maintenance"
          },
          "private": "bnVsbA=="
        },
        {
          "index_key": 14,
          "schema_version": 0,
          "attributes": {
            "color": "FFFFFF",
            "description": "",
            "etag": "W/\"3b315ae297127bcf6cce131ef3ce0a71\"",
            "id": "tts-tech-portfolio-private:PR.PT - Protective Technology",
            "name": "PR.PT - Protective Technology",
            "repository": "tts-tech-portfolio-private",
            "url": "https://api.github.com/repos/18F/tts-tech-portfolio-private/labels/PR.PT%20-%20Protective%20Technology"
          },
          "private": "bnVsbA=="
        },
        {
          "index_key": 15,
          "schema_version": 0,
          "attributes": {
            "color": "FFFFFF",
            "description": "",
            "etag": "W/\"d71de34d380c0d7d89a3c9acd844d5a3\"",
            "id": "tts-tech-portfolio-private:RC.CO - Communications",
            "name": "RC.CO - Communications",
            "repository": "tts-tech-portfolio-private",
            "url": "https://api.github.com/repos/18F/tts-tech-portfolio-private/labels/RC.CO%20-%20Communications"
          },
          "private": "bnVsbA=="
        },
        {
          "index_key": 16,
          "schema_version": 0,
          "attributes": {
            "color": "FFFFFF",
            "description": "",
            "etag": "W/\"f0cc1911f0287b6c4f2f12fb30fa50ce\"",
            "id": "tts-tech-portfolio-private:RC.IM - Recovery Improvements",
            "name": "RC.IM - Recovery Improvements",
            "repository": "tts-tech-portfolio-private",
            "url": "https://api.github.com/repos/18F/tts-tech-portfolio-private/labels/RC.IM%20-%20Recovery%20Improvements"
          },
          "private": "bnVsbA=="
        },
        {
          "index_key": 17,
          "schema_version": 0,
          "attributes": {
            "color": "FFFFFF",
            "description": "",
            "etag": "W/\"69942b641fa1992d571f2ea7a47e7877\"",
            "id": "tts-tech-portfolio-private:RC.RP - Recovery Planning",
            "name": "RC.RP - Recovery Planning",
            "repository": "tts-tech-portfolio-private",
            "url": "https://api.github.com/repos/18F/tts-tech-portfolio-private/labels/RC.RP%20-%20Recovery%20Planning"
          },
          "private": "bnVsbA=="
        },
        {
          "index_key": 18,
          "schema_version": 0,
          "attributes": {
            "color": "FFFFFF",
            "description": "",
            "etag": "W/\"da0c365f8737e5eb5b3d8a1889cabed6\"",
            "id": "tts-tech-portfolio-private:RS.AN - Analysis",
            "name": "RS.AN - Analysis",
            "repository": "tts-tech-portfolio-private",
            "url": "https://api.github.com/repos/18F/tts-tech-portfolio-private/labels/RS.AN%20-%20Analysis"
          },
          "private": "bnVsbA=="
        },
        {
          "index_key": 19,
          "schema_version": 0,
          "attributes": {
            "color": "FFFFFF",
            "description": "",
            "etag": "W/\"a6cc761c8e81838e0878686495b9273f\"",
            "id": "tts-tech-portfolio-private:RS.IM - Response Improvements",
            "name": "RS.IM - Response Improvements",
            "repository": "tts-tech-portfolio-private",
            "url": "https://api.github.com/repos/18F/tts-tech-portfolio-private/labels/RS.IM%20-%20Response%20Improvements"
          },
          "private": "bnVsbA=="
        },
        {
          "index_key": 20,
          "schema_version": 0,
          "attributes": {
            "color": "FFFFFF",
            "description": "",
            "etag": "W/\"f24d4d0e905ebeffdbbdaa498cccdeb7\"",
            "id": "tts-tech-portfolio-private:RS.MI - Mitigation",
            "name": "RS.MI - Mitigation",
            "repository": "tts-tech-portfolio-private",
            "url": "https://api.github.com/repos/18F/tts-tech-portfolio-private/labels/RS.MI%20-%20Mitigation"
          },
          "private": "bnVsbA=="
        },
        {
          "index_key": 21,
          "schema_version": 0,
          "attributes": {
            "color": "FFFFFF",
            "description": "",
            "etag": "W/\"904c5ac905a15ea5d5caaeaba9a9bff0\"",
            "id": "tts-tech-portfolio-private:RS.RP - Response Planning",
            "name": "RS.RP - Response Planning",
            "repository": "tts-tech-portfolio-private",
            "url": "https://api.github.com/repos/18F/tts-tech-portfolio-private/labels/RS.RP%20-%20Response%20Planning"
          },
          "private": "bnVsbA=="
        },
        {
          "index_key": 22,
          "schema_version": 0,
          "attributes": {
            "color": "c9ab48",
            "description": "",
            "etag": "W/\"9761042644b445aa4f082a584c468e6d\"",
            "id": "tts-tech-portfolio-private:blog-able",
            "name": "blog-able",
            "repository": "tts-tech-portfolio-private",
            "url": "https://api.github.com/repos/18F/tts-tech-portfolio-private/labels/blog-able"
          },
          "private": "bnVsbA=="
        },
        {
          "index_key": 23,
          "schema_version": 0,
          "attributes": {
            "color": "c9ab48",
            "description": "",
            "etag": "W/\"4c98d557129a18422a7d3b6fa56a073e\"",
            "id": "tts-tech-portfolio-private:demo-able",
            "name": "demo-able",
            "repository": "tts-tech-portfolio-private",
            "url": "https://api.github.com/repos/18F/tts-tech-portfolio-private/labels/demo-able"
          },
          "private": "bnVsbA=="
        },
        {
          "index_key": 24,
          "schema_version": 0,
          "attributes": {
            "color": "fc906d",
            "description": "",
            "etag": "W/\"dd285437e392eec9d5224e9d04ff56f6\"",
            "id": "tts-tech-portfolio-private:documentation",
            "name": "documentation",
            "repository": "tts-tech-portfolio-private",
            "url": "https://api.github.com/repos/18F/tts-tech-portfolio-private/labels/documentation"
          },
          "private": "bnVsbA=="
        },
        {
          "index_key": 25,
          "schema_version": 0,
          "attributes": {
            "color": "e9695f",
            "description": "",
            "etag": "W/\"f1a0bb217159d580c0ac5c7b915f5a55\"",
            "id": "tts-tech-portfolio-private:due date",
            "name": "due date",
            "repository": "tts-tech-portfolio-private",
            "url": "https://api.github.com/repos/18F/tts-tech-portfolio-private/labels/due%20date"
          },
          "private": "bnVsbA=="
        },
        {
          "index_key": 26,
          "schema_version": 0,
          "attributes": {
            "color": "6ecbdb",
            "description": "",
            "etag": "W/\"3c1688c5edaa942110568bc6ba9fd97f\"",
            "id": "tts-tech-portfolio-private:epic: acquisition procurement and budgeting",
            "name": "epic: acquisition procurement and budgeting",
            "repository": "tts-tech-portfolio-private",
            "url": "https://api.github.com/repos/18F/tts-tech-portfolio-private/labels/epic:%20acquisition%20procurement%20and%20budgeting"
          },
          "private": "bnVsbA=="
        },
        {
          "index_key": 27,
          "schema_version": 0,
          "attributes": {
            "color": "6ecbdb",
            "description": "",
            "etag": "W/\"3fc41520543729c8a6cbb867f747eb89\"",
            "id": "tts-tech-portfolio-private:epic: customer service and communication",
            "name": "epic: customer service and communication",
            "repository": "tts-tech-portfolio-private",
            "url": "https://api.github.com/repos/18F/tts-tech-portfolio-private/labels/epic:%20customer%20service%20and%20communication"
          },
          "private": "bnVsbA=="
        },
        {
          "index_key": 28,
          "schema_version": 0,
          "attributes": {
            "color": "6ecbdb",
            "description": "",
            "etag": "W/\"97bc81b69b6a5dc01296b300865665fc\"",
            "id": "tts-tech-portfolio-private:epic: dogfood-ing",
            "name": "epic: dogfood-ing",
            "repository": "tts-tech-portfolio-private",
            "url": "https://api.github.com/repos/18F/tts-tech-portfolio-private/labels/epic:%20dogfood-ing"
          },
          "private": "bnVsbA=="
        },
        {
          "index_key": 29,
          "schema_version": 0,
          "attributes": {
            "color": "6ecbdb",
            "description": "",
            "etag": "W/\"5e23be2ec69a274885736a47d82e5ef2\"",
            "id": "tts-tech-portfolio-private:epic: policy and guidance",
            "name": "epic: policy and guidance",
            "repository": "tts-tech-portfolio-private",
            "url": "https://api.github.com/repos/18F/tts-tech-portfolio-private/labels/epic:%20policy%20and%20guidance"
          },
          "private": "bnVsbA=="
        },
        {
          "index_key": 30,
          "schema_version": 0,
          "attributes": {
            "color": "6ecbdb",
            "description": "",
            "etag": "W/\"2c75cf866890fe2ee4515bedf6f24f97\"",
            "id": "tts-tech-portfolio-private:epic: security and compliance",
            "name": "epic: security and compliance",
            "repository": "tts-tech-portfolio-private",
            "url": "https://api.github.com/repos/18F/tts-tech-portfolio-private/labels/epic:%20security%20and%20compliance"
          },
          "private": "bnVsbA=="
        },
        {
          "index_key": 31,
          "schema_version": 0,
          "attributes": {
            "color": "6ecbdb",
            "description": "",
            "etag": "W/\"76896110530861aa80b0c4ee832aa5f2\"",
            "id": "tts-tech-portfolio-private:epic: software and infrastructure",
            "name": "epic: software and infrastructure",
            "repository": "tts-tech-portfolio-private",
            "url": "https://api.github.com/repos/18F/tts-tech-portfolio-private/labels/epic:%20software%20and%20infrastructure"
          },
          "private": "bnVsbA=="
        },
        {
          "index_key": 32,
          "schema_version": 0,
          "attributes": {
            "color": "e9695f",
            "description": "",
            "etag": "W/\"3f18d21f7a1dc80c838f46460801fe99\"",
            "id": "tts-tech-portfolio-private:expedite",
            "name": "expedite",
            "repository": "tts-tech-portfolio-private",
            "url": "https://api.github.com/repos/18F/tts-tech-portfolio-private/labels/expedite"
          },
          "private": "bnVsbA=="
        },
        {
          "index_key": 33,
          "schema_version": 0,
          "attributes": {
            "color": "e9695f",
            "description": "",
            "etag": "W/\"a1f21690e4833d3a258e960599537daf\"",
            "id": "tts-tech-portfolio-private:feedback needed",
            "name": "feedback needed",
            "repository": "tts-tech-portfolio-private",
            "url": "https://api.github.com/repos/18F/tts-tech-portfolio-private/labels/feedback%20needed"
          },
          "private": "bnVsbA=="
        },
        {
          "index_key": 34,
          "schema_version": 0,
          "attributes": {
            "color": "d5bfff",
            "description": "",
            "etag": "W/\"1cd9dbfd0366309d3f9d54ce9ace60cd\"",
            "id": "tts-tech-portfolio-private:groomed: accepted",
            "name": "groomed: accepted",
            "repository": "tts-tech-portfolio-private",
            "url": "https://api.github.com/repos/18F/tts-tech-portfolio-private/labels/groomed:%20accepted"
          },
          "private": "bnVsbA=="
        },
        {
          "index_key": 35,
          "schema_version": 0,
          "attributes": {
            "color": "d5bfff",
            "description": "",
            "etag": "W/\"3980c94061312ef8f68c6f9f9fb7b6e1\"",
            "id": "tts-tech-portfolio-private:groomed: draft - final",
            "name": "groomed: draft - final",
            "repository": "tts-tech-portfolio-private",
            "url": "https://api.github.com/repos/18F/tts-tech-portfolio-private/labels/groomed:%20draft%20-%20final"
          },
          "private": "bnVsbA=="
        },
        {
          "index_key": 36,
          "schema_version": 0,
          "attributes": {
            "color": "d5bfff",
            "description": "",
            "etag": "W/\"c4653a68e21078ad094d1c0cdc400714\"",
            "id": "tts-tech-portfolio-private:grooming: draft - initial",
            "name": "grooming: draft - initial",
            "repository": "tts-tech-portfolio-private",
            "url": "https://api.github.com/repos/18F/tts-tech-portfolio-private/labels/grooming:%20draft%20-%20initial"
          },
          "private": "bnVsbA=="
        },
        {
          "index_key": 37,
          "schema_version": 0,
          "attributes": {
            "color": "d5bfff",
            "description": "",
            "etag": "W/\"59dc23a8c02c3f57bf2e7ad58cee24fe\"",
            "id": "tts-tech-portfolio-private:grooming: team",
            "name": "grooming: team",
            "repository": "tts-tech-portfolio-private",
            "url": "https://api.github.com/repos/18F/tts-tech-portfolio-private/labels/grooming:%20team"
          },
          "private": "bnVsbA=="
        },
        {
          "index_key": 38,
          "schema_version": 0,
          "attributes": {
            "color": "afaea2",
            "description": "",
            "etag": "W/\"3fd95b9a3a48c3fbe6247ccc26e6badf\"",
            "id": "tts-tech-portfolio-private:internal workflow",
            "name": "internal workflow",
            "repository": "tts-tech-portfolio-private",
            "url": "https://api.github.com/repos/18F/tts-tech-portfolio-private/labels/internal%20workflow"
          },
          "private": "bnVsbA=="
        },
        {
          "index_key": 39,
          "schema_version": 0,
          "attributes": {
            "color": "afaea2",
            "description": "",
            "etag": "W/\"c1298a1c3223e52b21dbb16ed58e6779\"",
            "id": "tts-tech-portfolio-private:passion project",
            "name": "passion project",
            "repository": "tts-tech-portfolio-private",
            "url": "https://api.github.com/repos/18F/tts-tech-portfolio-private/labels/passion%20project"
          },
          "private": "bnVsbA=="
        },
        {
          "index_key": 40,
          "schema_version": 0,
          "attributes": {
            "color": "fc906d",
            "description": "",
            "etag": "W/\"f306df49c0787bf51ba7976665a31b1a\"",
            "id": "tts-tech-portfolio-private:prep step",
            "name": "prep step",
            "repository": "tts-tech-portfolio-private",
            "url": "https://api.github.com/repos/18F/tts-tech-portfolio-private/labels/prep%20step"
          },
          "private": "bnVsbA=="
        },
        {
          "index_key": 41,
          "schema_version": 0,
          "attributes": {
            "color": "dec69a",
            "description": "",
            "etag": "W/\"e8cf8d84e3cb23cf104331a4cab5781c\"",
            "id": "tts-tech-portfolio-private:size: days",
            "name": "size: days",
            "repository": "tts-tech-portfolio-private",
            "url": "https://api.github.com/repos/18F/tts-tech-portfolio-private/labels/size:%20days"
          },
          "private": "bnVsbA=="
        },
        {
          "index_key": 42,
          "schema_version": 0,
          "attributes": {
            "color": "dec69a",
            "description": "",
            "etag": "W/\"7f0b7d8532cfedfef2df9757699e73ea\"",
            "id": "tts-tech-portfolio-private:size: hours",
            "name": "size: hours",
            "repository": "tts-tech-portfolio-private",
            "url": "https://api.github.com/repos/18F/tts-tech-portfolio-private/labels/size:%20hours"
          },
          "private": "bnVsbA=="
        },
        {
          "index_key": 43,
          "schema_version": 0,
          "attributes": {
            "color": "dec69a",
            "description": "",
            "etag": "W/\"9d5a45d939012d6b1e509965edc4cc52\"",
            "id": "tts-tech-portfolio-private:size: months",
            "name": "size: months",
            "repository": "tts-tech-portfolio-private",
            "url": "https://api.github.com/repos/18F/tts-tech-portfolio-private/labels/size:%20months"
          },
          "private": "bnVsbA=="
        },
        {
          "index_key": 44,
          "schema_version": 0,
          "attributes": {
            "color": "dec69a",
            "description": "",
            "etag": "W/\"78f8cf998557a3b6a7fd262517cf7499\"",
            "id": "tts-tech-portfolio-private:size: weeks",
            "name": "size: weeks",
            "repository": "tts-tech-portfolio-private",
            "url": "https://api.github.com/repos/18F/tts-tech-portfolio-private/labels/size:%20weeks"
          },
          "private": "bnVsbA=="
        },
        {
          "index_key": 45,
          "schema_version": 0,
          "attributes": {
            "color": "a6b557",
            "description": "",
            "etag": "W/\"2d2e84308dd428efb6fd386ced921bc8\"",
            "id": "tts-tech-portfolio-private:sprint: planning",
            "name": "sprint: planning",
            "repository": "tts-tech-portfolio-private",
            "url": "https://api.github.com/repos/18F/tts-tech-portfolio-private/labels/sprint:%20planning"
          },
          "private": "bnVsbA=="
        },
        {
          "index_key": 46,
          "schema_version": 0,
          "attributes": {
            "color": "a6b557",
            "description": "",
            "etag": "W/\"9769f185b3b4d6c8f110dc33fd4b7f0d\"",
            "id": "tts-tech-portfolio-private:sprint: review",
            "name": "sprint: review",
            "repository": "tts-tech-portfolio-private",
            "url": "https://api.github.com/repos/18F/tts-tech-portfolio-private/labels/sprint:%20review"
          },
          "private": "bnVsbA=="
        }
      ]
    },
    {
      "mode": "managed",
      "type": "github_issue_label",
      "name": "vulnerability-disclosure-policy",
      "each": "list",
      "provider": "provider.github",
      "instances": [
        {
          "index_key": 0,
          "schema_version": 0,
          "attributes": {
            "color": "FFFFFF",
            "description": "",
            "etag": "W/\"9a1f4ef7c39339995ad70a900b970c44\"",
            "id": "vulnerability-disclosure-policy:DE.AE - Anomalies and Events",
            "name": "DE.AE - Anomalies and Events",
            "repository": "vulnerability-disclosure-policy",
            "url": "https://api.github.com/repos/18F/vulnerability-disclosure-policy/labels/DE.AE%20-%20Anomalies%20and%20Events"
          },
          "private": "bnVsbA=="
        },
        {
          "index_key": 1,
          "schema_version": 0,
          "attributes": {
            "color": "FFFFFF",
            "description": "",
            "etag": "W/\"a55ef51abc672a272b92fb14af23576d\"",
            "id": "vulnerability-disclosure-policy:DE.CM - Security Continuous Monitoring",
            "name": "DE.CM - Security Continuous Monitoring",
            "repository": "vulnerability-disclosure-policy",
            "url": "https://api.github.com/repos/18F/vulnerability-disclosure-policy/labels/DE.CM%20-%20Security%20Continuous%20Monitoring"
          },
          "private": "bnVsbA=="
        },
        {
          "index_key": 2,
          "schema_version": 0,
          "attributes": {
            "color": "FFFFFF",
            "description": "",
            "etag": "W/\"09a7b24a2d8a508606ebee4c3f264d1b\"",
            "id": "vulnerability-disclosure-policy:DE.DP- Detection Processes",
            "name": "DE.DP- Detection Processes",
            "repository": "vulnerability-disclosure-policy",
            "url": "https://api.github.com/repos/18F/vulnerability-disclosure-policy/labels/DE.DP-%20Detection%20Processes"
          },
          "private": "bnVsbA=="
        },
        {
          "index_key": 3,
          "schema_version": 0,
          "attributes": {
            "color": "FFFFFF",
            "description": "",
            "etag": "W/\"80af830918b57e2fd5d08ab03b1bb90e\"",
            "id": "vulnerability-disclosure-policy:ID.AM - Asset Management",
            "name": "ID.AM - Asset Management",
            "repository": "vulnerability-disclosure-policy",
            "url": "https://api.github.com/repos/18F/vulnerability-disclosure-policy/labels/ID.AM%20-%20Asset%20Management"
          },
          "private": "bnVsbA=="
        },
        {
          "index_key": 4,
          "schema_version": 0,
          "attributes": {
            "color": "FFFFFF",
            "description": "",
            "etag": "W/\"49c4c5d95e9c7a88c61810a7a078aad6\"",
            "id": "vulnerability-disclosure-policy:ID.BE - Business Environment",
            "name": "ID.BE - Business Environment",
            "repository": "vulnerability-disclosure-policy",
            "url": "https://api.github.com/repos/18F/vulnerability-disclosure-policy/labels/ID.BE%20-%20Business%20Environment"
          },
          "private": "bnVsbA=="
        },
        {
          "index_key": 5,
          "schema_version": 0,
          "attributes": {
            "color": "FFFFFF",
            "description": "",
            "etag": "W/\"5330dfb1979ea52e59a551fbcd85b8a8\"",
            "id": "vulnerability-disclosure-policy:ID.GV - Governance",
            "name": "ID.GV - Governance",
            "repository": "vulnerability-disclosure-policy",
            "url": "https://api.github.com/repos/18F/vulnerability-disclosure-policy/labels/ID.GV%20-%20Governance"
          },
          "private": "bnVsbA=="
        },
        {
          "index_key": 6,
          "schema_version": 0,
          "attributes": {
            "color": "FFFFFF",
            "description": "",
            "etag": "W/\"bb28dbbd43306e289f7f86fde2e220d9\"",
            "id": "vulnerability-disclosure-policy:ID.RA - Risk Assessment",
            "name": "ID.RA - Risk Assessment",
            "repository": "vulnerability-disclosure-policy",
            "url": "https://api.github.com/repos/18F/vulnerability-disclosure-policy/labels/ID.RA%20-%20Risk%20Assessment"
          },
          "private": "bnVsbA=="
        },
        {
          "index_key": 7,
          "schema_version": 0,
          "attributes": {
            "color": "FFFFFF",
            "description": "",
            "etag": "W/\"1a203e46ed2e52dfa61f657390092997\"",
            "id": "vulnerability-disclosure-policy:ID.RM - Risk Management Strategy",
            "name": "ID.RM - Risk Management Strategy",
            "repository": "vulnerability-disclosure-policy",
            "url": "https://api.github.com/repos/18F/vulnerability-disclosure-policy/labels/ID.RM%20-%20Risk%20Management%20Strategy"
          },
          "private": "bnVsbA=="
        },
        {
          "index_key": 8,
          "schema_version": 0,
          "attributes": {
            "color": "FFFFFF",
            "description": "",
            "etag": "W/\"09f59fb383b1b2c5c2b0f555f6e486e1\"",
            "id": "vulnerability-disclosure-policy:ID.SC - Supply Chain Risk Management",
            "name": "ID.SC - Supply Chain Risk Management",
            "repository": "vulnerability-disclosure-policy",
            "url": "https://api.github.com/repos/18F/vulnerability-disclosure-policy/labels/ID.SC%20-%20Supply%20Chain%20Risk%20Management"
          },
          "private": "bnVsbA=="
        },
        {
          "index_key": 9,
          "schema_version": 0,
          "attributes": {
            "color": "FFFFFF",
            "description": "",
            "etag": "W/\"455c6d9c821ae3cc2bfe3e866b55e9ae\"",
            "id": "vulnerability-disclosure-policy:PR.AC - Identity Management and Access Control",
            "name": "PR.AC - Identity Management and Access Control",
            "repository": "vulnerability-disclosure-policy",
            "url": "https://api.github.com/repos/18F/vulnerability-disclosure-policy/labels/PR.AC%20-%20Identity%20Management%20and%20Access%20Control"
          },
          "private": "bnVsbA=="
        },
        {
          "index_key": 10,
          "schema_version": 0,
          "attributes": {
            "color": "FFFFFF",
            "description": "",
            "etag": "W/\"452fc868d53ea89a7ea41d790e661b09\"",
            "id": "vulnerability-disclosure-policy:PR.AT - Awareness and Training",
            "name": "PR.AT - Awareness and Training",
            "repository": "vulnerability-disclosure-policy",
            "url": "https://api.github.com/repos/18F/vulnerability-disclosure-policy/labels/PR.AT%20-%20Awareness%20and%20Training"
          },
          "private": "bnVsbA=="
        },
        {
          "index_key": 11,
          "schema_version": 0,
          "attributes": {
            "color": "FFFFFF",
            "description": "",
            "etag": "W/\"6b66a13d71aa8c095e171de9f5e4f663\"",
            "id": "vulnerability-disclosure-policy:PR.DS - Data Security",
            "name": "PR.DS - Data Security",
            "repository": "vulnerability-disclosure-policy",
            "url": "https://api.github.com/repos/18F/vulnerability-disclosure-policy/labels/PR.DS%20-%20Data%20Security"
          },
          "private": "bnVsbA=="
        },
        {
          "index_key": 12,
          "schema_version": 0,
          "attributes": {
            "color": "FFFFFF",
            "description": "",
            "etag": "W/\"8c6d7edf935df4dcb20b3da886579782\"",
            "id": "vulnerability-disclosure-policy:PR.IP - Information Protection ProcessesProcedures",
            "name": "PR.IP - Information Protection ProcessesProcedures",
            "repository": "vulnerability-disclosure-policy",
            "url": "https://api.github.com/repos/18F/vulnerability-disclosure-policy/labels/PR.IP%20-%20Information%20Protection%20ProcessesProcedures"
          },
          "private": "bnVsbA=="
        },
        {
          "index_key": 13,
          "schema_version": 0,
          "attributes": {
            "color": "FFFFFF",
            "description": "",
            "etag": "W/\"815a4d9578a6c7f69b73f0344e3c0010\"",
            "id": "vulnerability-disclosure-policy:PR.MA - Maintenance",
            "name": "PR.MA - Maintenance",
            "repository": "vulnerability-disclosure-policy",
            "url": "https://api.github.com/repos/18F/vulnerability-disclosure-policy/labels/PR.MA%20-%20Maintenance"
          },
          "private": "bnVsbA=="
        },
        {
          "index_key": 14,
          "schema_version": 0,
          "attributes": {
            "color": "FFFFFF",
            "description": "",
            "etag": "W/\"62b97bc583804bfdd7215385302af4a6\"",
            "id": "vulnerability-disclosure-policy:PR.PT - Protective Technology",
            "name": "PR.PT - Protective Technology",
            "repository": "vulnerability-disclosure-policy",
            "url": "https://api.github.com/repos/18F/vulnerability-disclosure-policy/labels/PR.PT%20-%20Protective%20Technology"
          },
          "private": "bnVsbA=="
        },
        {
          "index_key": 15,
          "schema_version": 0,
          "attributes": {
            "color": "FFFFFF",
            "description": "",
            "etag": "W/\"1d663eeaae41c3078170cd57ca3490d3\"",
            "id": "vulnerability-disclosure-policy:RC.CO - Communications",
            "name": "RC.CO - Communications",
            "repository": "vulnerability-disclosure-policy",
            "url": "https://api.github.com/repos/18F/vulnerability-disclosure-policy/labels/RC.CO%20-%20Communications"
          },
          "private": "bnVsbA=="
        },
        {
          "index_key": 16,
          "schema_version": 0,
          "attributes": {
            "color": "FFFFFF",
            "description": "",
            "etag": "W/\"fae596056701e259c2c11a49b591f563\"",
            "id": "vulnerability-disclosure-policy:RC.IM - Recovery Improvements",
            "name": "RC.IM - Recovery Improvements",
            "repository": "vulnerability-disclosure-policy",
            "url": "https://api.github.com/repos/18F/vulnerability-disclosure-policy/labels/RC.IM%20-%20Recovery%20Improvements"
          },
          "private": "bnVsbA=="
        },
        {
          "index_key": 17,
          "schema_version": 0,
          "attributes": {
            "color": "FFFFFF",
            "description": "",
            "etag": "W/\"0730def5610ef0383ee7eb4b03b2edf2\"",
            "id": "vulnerability-disclosure-policy:RC.RP - Recovery Planning",
            "name": "RC.RP - Recovery Planning",
            "repository": "vulnerability-disclosure-policy",
            "url": "https://api.github.com/repos/18F/vulnerability-disclosure-policy/labels/RC.RP%20-%20Recovery%20Planning"
          },
          "private": "bnVsbA=="
        },
        {
          "index_key": 18,
          "schema_version": 0,
          "attributes": {
            "color": "FFFFFF",
            "description": "",
            "etag": "W/\"8365fccf78acd8c9465a82fc1474eeb5\"",
            "id": "vulnerability-disclosure-policy:RS.AN - Analysis",
            "name": "RS.AN - Analysis",
            "repository": "vulnerability-disclosure-policy",
            "url": "https://api.github.com/repos/18F/vulnerability-disclosure-policy/labels/RS.AN%20-%20Analysis"
          },
          "private": "bnVsbA=="
        },
        {
          "index_key": 19,
          "schema_version": 0,
          "attributes": {
            "color": "FFFFFF",
            "description": "",
            "etag": "W/\"d76864e218927456be261b8b3bdea7f7\"",
            "id": "vulnerability-disclosure-policy:RS.IM - Response Improvements",
            "name": "RS.IM - Response Improvements",
            "repository": "vulnerability-disclosure-policy",
            "url": "https://api.github.com/repos/18F/vulnerability-disclosure-policy/labels/RS.IM%20-%20Response%20Improvements"
          },
          "private": "bnVsbA=="
        },
        {
          "index_key": 20,
          "schema_version": 0,
          "attributes": {
            "color": "FFFFFF",
            "description": "",
            "etag": "W/\"aa8febb0624c2e5c5b4f8b03477af821\"",
            "id": "vulnerability-disclosure-policy:RS.MI - Mitigation",
            "name": "RS.MI - Mitigation",
            "repository": "vulnerability-disclosure-policy",
            "url": "https://api.github.com/repos/18F/vulnerability-disclosure-policy/labels/RS.MI%20-%20Mitigation"
          },
          "private": "bnVsbA=="
        },
        {
          "index_key": 21,
          "schema_version": 0,
          "attributes": {
            "color": "FFFFFF",
            "description": "",
            "etag": "W/\"c8cfa946b2bd6886d1cbac21ea09c146\"",
            "id": "vulnerability-disclosure-policy:RS.RP - Response Planning",
            "name": "RS.RP - Response Planning",
            "repository": "vulnerability-disclosure-policy",
            "url": "https://api.github.com/repos/18F/vulnerability-disclosure-policy/labels/RS.RP%20-%20Response%20Planning"
          },
          "private": "bnVsbA=="
        },
        {
          "index_key": 22,
          "schema_version": 0,
          "attributes": {
            "color": "c9ab48",
            "description": "",
            "etag": "W/\"4fa2f5f1aff90f06768832e5cb654521\"",
            "id": "vulnerability-disclosure-policy:blog-able",
            "name": "blog-able",
            "repository": "vulnerability-disclosure-policy",
            "url": "https://api.github.com/repos/18F/vulnerability-disclosure-policy/labels/blog-able"
          },
          "private": "bnVsbA=="
        },
        {
          "index_key": 23,
          "schema_version": 0,
          "attributes": {
            "color": "c9ab48",
            "description": "",
            "etag": "W/\"55d72143cb6bceba794fc1df8af4454c\"",
            "id": "vulnerability-disclosure-policy:demo-able",
            "name": "demo-able",
            "repository": "vulnerability-disclosure-policy",
            "url": "https://api.github.com/repos/18F/vulnerability-disclosure-policy/labels/demo-able"
          },
          "private": "bnVsbA=="
        },
        {
          "index_key": 24,
          "schema_version": 0,
          "attributes": {
            "color": "fc906d",
            "description": "",
            "etag": "W/\"5cea8605e6dabca6e5422534b9184b80\"",
            "id": "vulnerability-disclosure-policy:documentation",
            "name": "documentation",
            "repository": "vulnerability-disclosure-policy",
            "url": "https://api.github.com/repos/18F/vulnerability-disclosure-policy/labels/documentation"
          },
          "private": "bnVsbA=="
        },
        {
          "index_key": 25,
          "schema_version": 0,
          "attributes": {
            "color": "e9695f",
            "description": "",
            "etag": "W/\"0ff1bb7e7abeab6daaec5adc11997446\"",
            "id": "vulnerability-disclosure-policy:due date",
            "name": "due date",
            "repository": "vulnerability-disclosure-policy",
            "url": "https://api.github.com/repos/18F/vulnerability-disclosure-policy/labels/due%20date"
          },
          "private": "bnVsbA=="
        },
        {
          "index_key": 26,
          "schema_version": 0,
          "attributes": {
            "color": "6ecbdb",
            "description": "",
            "etag": "W/\"bdb392265ea11ddf21890e57763b19f6\"",
            "id": "vulnerability-disclosure-policy:epic: acquisition procurement and budgeting",
            "name": "epic: acquisition procurement and budgeting",
            "repository": "vulnerability-disclosure-policy",
            "url": "https://api.github.com/repos/18F/vulnerability-disclosure-policy/labels/epic:%20acquisition%20procurement%20and%20budgeting"
          },
          "private": "bnVsbA=="
        },
        {
          "index_key": 27,
          "schema_version": 0,
          "attributes": {
            "color": "6ecbdb",
            "description": "",
            "etag": "W/\"ddf4acccaab215869af1d4e9998e9d16\"",
            "id": "vulnerability-disclosure-policy:epic: customer service and communication",
            "name": "epic: customer service and communication",
            "repository": "vulnerability-disclosure-policy",
            "url": "https://api.github.com/repos/18F/vulnerability-disclosure-policy/labels/epic:%20customer%20service%20and%20communication"
          },
          "private": "bnVsbA=="
        },
        {
          "index_key": 28,
          "schema_version": 0,
          "attributes": {
            "color": "6ecbdb",
            "description": "",
            "etag": "W/\"f9a77042781b36ed6e885f0c1663b2a1\"",
            "id": "vulnerability-disclosure-policy:epic: dogfood-ing",
            "name": "epic: dogfood-ing",
            "repository": "vulnerability-disclosure-policy",
            "url": "https://api.github.com/repos/18F/vulnerability-disclosure-policy/labels/epic:%20dogfood-ing"
          },
          "private": "bnVsbA=="
        },
        {
          "index_key": 29,
          "schema_version": 0,
          "attributes": {
            "color": "6ecbdb",
            "description": "",
            "etag": "W/\"081c7164f30ccff6785232d0358eaf30\"",
            "id": "vulnerability-disclosure-policy:epic: policy and guidance",
            "name": "epic: policy and guidance",
            "repository": "vulnerability-disclosure-policy",
            "url": "https://api.github.com/repos/18F/vulnerability-disclosure-policy/labels/epic:%20policy%20and%20guidance"
          },
          "private": "bnVsbA=="
        },
        {
          "index_key": 30,
          "schema_version": 0,
          "attributes": {
            "color": "6ecbdb",
            "description": "",
            "etag": "W/\"12990e3bf14eb834a32a7934f9229988\"",
            "id": "vulnerability-disclosure-policy:epic: security and compliance",
            "name": "epic: security and compliance",
            "repository": "vulnerability-disclosure-policy",
            "url": "https://api.github.com/repos/18F/vulnerability-disclosure-policy/labels/epic:%20security%20and%20compliance"
          },
          "private": "bnVsbA=="
        },
        {
          "index_key": 31,
          "schema_version": 0,
          "attributes": {
            "color": "6ecbdb",
            "description": "",
            "etag": "W/\"4fdb9a199d10e76c46a5ecdcc1d54cf6\"",
            "id": "vulnerability-disclosure-policy:epic: software and infrastructure",
            "name": "epic: software and infrastructure",
            "repository": "vulnerability-disclosure-policy",
            "url": "https://api.github.com/repos/18F/vulnerability-disclosure-policy/labels/epic:%20software%20and%20infrastructure"
          },
          "private": "bnVsbA=="
        },
        {
          "index_key": 32,
          "schema_version": 0,
          "attributes": {
            "color": "e9695f",
            "description": "",
            "etag": "W/\"ad87791bc1b9faa54d82cd273464559c\"",
            "id": "vulnerability-disclosure-policy:expedite",
            "name": "expedite",
            "repository": "vulnerability-disclosure-policy",
            "url": "https://api.github.com/repos/18F/vulnerability-disclosure-policy/labels/expedite"
          },
          "private": "bnVsbA=="
        },
        {
          "index_key": 33,
          "schema_version": 0,
          "attributes": {
            "color": "e9695f",
            "description": "",
            "etag": "W/\"3078ff1896075cdd33b63cff4225a41f\"",
            "id": "vulnerability-disclosure-policy:feedback needed",
            "name": "feedback needed",
            "repository": "vulnerability-disclosure-policy",
            "url": "https://api.github.com/repos/18F/vulnerability-disclosure-policy/labels/feedback%20needed"
          },
          "private": "bnVsbA=="
        },
        {
          "index_key": 34,
          "schema_version": 0,
          "attributes": {
            "color": "d5bfff",
            "description": "",
            "etag": "W/\"e47c9611064d2d91f48186a27df7f21c\"",
            "id": "vulnerability-disclosure-policy:groomed: accepted",
            "name": "groomed: accepted",
            "repository": "vulnerability-disclosure-policy",
            "url": "https://api.github.com/repos/18F/vulnerability-disclosure-policy/labels/groomed:%20accepted"
          },
          "private": "bnVsbA=="
        },
        {
          "index_key": 35,
          "schema_version": 0,
          "attributes": {
            "color": "d5bfff",
            "description": "",
            "etag": "W/\"ddb5417a363badd357c7bdccf7b2e843\"",
            "id": "vulnerability-disclosure-policy:groomed: draft - final",
            "name": "groomed: draft - final",
            "repository": "vulnerability-disclosure-policy",
            "url": "https://api.github.com/repos/18F/vulnerability-disclosure-policy/labels/groomed:%20draft%20-%20final"
          },
          "private": "bnVsbA=="
        },
        {
          "index_key": 36,
          "schema_version": 0,
          "attributes": {
            "color": "d5bfff",
            "description": "",
            "etag": "W/\"294ad2d281a150493f391c19a15dac50\"",
            "id": "vulnerability-disclosure-policy:grooming: draft - initial",
            "name": "grooming: draft - initial",
            "repository": "vulnerability-disclosure-policy",
            "url": "https://api.github.com/repos/18F/vulnerability-disclosure-policy/labels/grooming:%20draft%20-%20initial"
          },
          "private": "bnVsbA=="
        },
        {
          "index_key": 37,
          "schema_version": 0,
          "attributes": {
            "color": "d5bfff",
            "description": "",
            "etag": "W/\"f723f7dde557bd84df840ecaf08bf9ee\"",
            "id": "vulnerability-disclosure-policy:grooming: team",
            "name": "grooming: team",
            "repository": "vulnerability-disclosure-policy",
            "url": "https://api.github.com/repos/18F/vulnerability-disclosure-policy/labels/grooming:%20team"
          },
          "private": "bnVsbA=="
        },
        {
          "index_key": 38,
          "schema_version": 0,
          "attributes": {
            "color": "afaea2",
            "description": "",
            "etag": "W/\"5a87035185c8ac5403a4d8cff83f6d7a\"",
            "id": "vulnerability-disclosure-policy:internal workflow",
            "name": "internal workflow",
            "repository": "vulnerability-disclosure-policy",
            "url": "https://api.github.com/repos/18F/vulnerability-disclosure-policy/labels/internal%20workflow"
          },
          "private": "bnVsbA=="
        },
        {
          "index_key": 39,
          "schema_version": 0,
          "attributes": {
            "color": "afaea2",
            "description": "",
            "etag": "W/\"fb0b88a447ece7ae4fc6b23f5c7f9fa6\"",
            "id": "vulnerability-disclosure-policy:passion project",
            "name": "passion project",
            "repository": "vulnerability-disclosure-policy",
            "url": "https://api.github.com/repos/18F/vulnerability-disclosure-policy/labels/passion%20project"
          },
          "private": "bnVsbA=="
        },
        {
          "index_key": 40,
          "schema_version": 0,
          "attributes": {
            "color": "fc906d",
            "description": "",
            "etag": "W/\"f24baa62fe22944fa18cba17bc4cbc63\"",
            "id": "vulnerability-disclosure-policy:prep step",
            "name": "prep step",
            "repository": "vulnerability-disclosure-policy",
            "url": "https://api.github.com/repos/18F/vulnerability-disclosure-policy/labels/prep%20step"
          },
          "private": "bnVsbA=="
        },
        {
          "index_key": 41,
          "schema_version": 0,
          "attributes": {
            "color": "dec69a",
            "description": "",
            "etag": "W/\"c9c96c802dbfe8ec7922294cacb9612d\"",
            "id": "vulnerability-disclosure-policy:size: days",
            "name": "size: days",
            "repository": "vulnerability-disclosure-policy",
            "url": "https://api.github.com/repos/18F/vulnerability-disclosure-policy/labels/size:%20days"
          },
          "private": "bnVsbA=="
        },
        {
          "index_key": 42,
          "schema_version": 0,
          "attributes": {
            "color": "dec69a",
            "description": "",
            "etag": "W/\"e1eb9c110268b9b0f225736c2d15bafb\"",
            "id": "vulnerability-disclosure-policy:size: hours",
            "name": "size: hours",
            "repository": "vulnerability-disclosure-policy",
            "url": "https://api.github.com/repos/18F/vulnerability-disclosure-policy/labels/size:%20hours"
          },
          "private": "bnVsbA=="
        },
        {
          "index_key": 43,
          "schema_version": 0,
          "attributes": {
            "color": "dec69a",
            "description": "",
            "etag": "W/\"89d59e59296d883e7980ffde48658c32\"",
            "id": "vulnerability-disclosure-policy:size: months",
            "name": "size: months",
            "repository": "vulnerability-disclosure-policy",
            "url": "https://api.github.com/repos/18F/vulnerability-disclosure-policy/labels/size:%20months"
          },
          "private": "bnVsbA=="
        },
        {
          "index_key": 44,
          "schema_version": 0,
          "attributes": {
            "color": "dec69a",
            "description": "",
            "etag": "W/\"39e95ae1a1f421f896eb95a1fd4cd1ed\"",
            "id": "vulnerability-disclosure-policy:size: weeks",
            "name": "size: weeks",
            "repository": "vulnerability-disclosure-policy",
            "url": "https://api.github.com/repos/18F/vulnerability-disclosure-policy/labels/size:%20weeks"
          },
          "private": "bnVsbA=="
        },
        {
          "index_key": 45,
          "schema_version": 0,
          "attributes": {
            "color": "a6b557",
            "description": "",
            "etag": "W/\"f7919999528778e54637733231df5073\"",
            "id": "vulnerability-disclosure-policy:sprint: planning",
            "name": "sprint: planning",
            "repository": "vulnerability-disclosure-policy",
            "url": "https://api.github.com/repos/18F/vulnerability-disclosure-policy/labels/sprint:%20planning"
          },
          "private": "bnVsbA=="
        },
        {
          "index_key": 46,
          "schema_version": 0,
          "attributes": {
            "color": "a6b557",
            "description": "",
            "etag": "W/\"88d1922005bedb776b199010f357095d\"",
            "id": "vulnerability-disclosure-policy:sprint: review",
            "name": "sprint: review",
            "repository": "vulnerability-disclosure-policy",
            "url": "https://api.github.com/repos/18F/vulnerability-disclosure-policy/labels/sprint:%20review"
          },
          "private": "bnVsbA=="
        }
      ]
    }
  ]
}
