{
  "version": 4,
  "terraform_version": "0.12.19",
  "serial": 78,
  "lineage": "a8818cc7-6da7-7161-297e-cbf40b7b78ad",
  "outputs": {},
  "resources": [
    {
      "mode": "data",
      "type": "github_repository",
      "name": "tts-tech-portfolio",
      "provider": "provider.github",
      "instances": [
        {
          "schema_version": 0,
          "attributes": {
            "allow_merge_commit": true,
            "allow_rebase_merge": true,
            "allow_squash_merge": true,
            "archived": false,
            "default_branch": "master",
            "description": "Issue tracking for the TTS Technology Portfolio team",
            "full_name": "its-a-lisa/tts-tech-portfolio",
            "git_clone_url": "git://github.com/its-a-lisa/tts-tech-portfolio.git",
            "has_downloads": true,
            "has_issues": true,
            "has_projects": null,
            "has_wiki": true,
            "homepage_url": "https://handbook.18f.gov/tech-portfolio/",
            "html_url": "https://github.com/its-a-lisa/tts-tech-portfolio",
            "http_clone_url": "https://github.com/its-a-lisa/tts-tech-portfolio.git",
            "id": "tts-tech-portfolio",
            "name": "tts-tech-portfolio",
            "private": false,
            "ssh_clone_url": "git@github.com:its-a-lisa/tts-tech-portfolio.git",
            "svn_url": "https://github.com/its-a-lisa/tts-tech-portfolio",
            "topics": []
          }
        }
      ]
    },
    {
      "mode": "managed",
      "type": "github_issue_label",
      "name": "tts-tech-portfolio",
      "each": "list",
      "provider": "provider.github",
      "instances": [
        {
          "index_key": 0,
          "schema_version": 0,
          "attributes": {
            "color": "71767a",
            "description": "",
            "etag": "W/\"8890bc1dede3d1b6c426b3356652a979\"",
            "id": "tts-tech-portfolio:DE.AE - Anomalies and Events",
            "name": "DE.AE - Anomalies and Events",
            "repository": "tts-tech-portfolio",
            "url": "https://api.github.com/repos/its-a-lisa/tts-tech-portfolio/labels/DE.AE%20-%20Anomalies%20and%20Events"
          },
          "private": "bnVsbA=="
        },
        {
          "index_key": 1,
          "schema_version": 0,
          "attributes": {
            "color": "71767a",
            "description": "",
            "etag": "W/\"20454c5ec36d09efbc784c7f04bb39b5\"",
            "id": "tts-tech-portfolio:DE.CM - Security Continuous Monitoring",
            "name": "DE.CM - Security Continuous Monitoring",
            "repository": "tts-tech-portfolio",
            "url": "https://api.github.com/repos/its-a-lisa/tts-tech-portfolio/labels/DE.CM%20-%20Security%20Continuous%20Monitoring"
          },
          "private": "bnVsbA=="
        },
        {
          "index_key": 2,
          "schema_version": 0,
          "attributes": {
            "color": "71767a",
            "description": "",
            "etag": "W/\"8f8cb41161c0f1149209bac086f465f4\"",
            "id": "tts-tech-portfolio:DE.DP- Detection Processes",
            "name": "DE.DP- Detection Processes",
            "repository": "tts-tech-portfolio",
            "url": "https://api.github.com/repos/its-a-lisa/tts-tech-portfolio/labels/DE.DP-%20Detection%20Processes"
          },
          "private": "bnVsbA=="
        },
        {
          "index_key": 3,
          "schema_version": 0,
          "attributes": {
            "color": "000000",
            "description": "",
            "etag": "W/\"fe79cef1c8e4f65383d262492c3d7e13\"",
            "id": "tts-tech-portfolio:Epic",
            "name": "Epic",
            "repository": "tts-tech-portfolio",
            "url": "https://api.github.com/repos/its-a-lisa/tts-tech-portfolio/labels/Epic"
          },
          "private": "bnVsbA=="
        },
        {
          "index_key": 4,
          "schema_version": 0,
          "attributes": {
            "color": "446443",
            "description": "",
            "etag": "W/\"005be28812608af4ada05e1b9ea09523\"",
            "id": "tts-tech-portfolio:Epic-able",
            "name": "Epic-able",
            "repository": "tts-tech-portfolio",
            "url": "https://api.github.com/repos/its-a-lisa/tts-tech-portfolio/labels/Epic-able"
          },
          "private": "bnVsbA=="
        },
        {
          "index_key": 5,
          "schema_version": 0,
          "attributes": {
            "color": "a9f9e5",
            "description": "",
            "etag": "W/\"aeef6c95767d72efc861383731dee69c\"",
            "id": "tts-tech-portfolio:Expedite",
            "name": "Expedite",
            "repository": "tts-tech-portfolio",
            "url": "https://api.github.com/repos/its-a-lisa/tts-tech-portfolio/labels/Expedite"
          },
          "private": "bnVsbA=="
        },
        {
          "index_key": 6,
          "schema_version": 0,
          "attributes": {
            "color": "c6cace",
            "description": "",
            "etag": "W/\"a070ba9771e54885709f979dd1db3291\"",
            "id": "tts-tech-portfolio:Feedback Needed",
            "name": "Feedback Needed",
            "repository": "tts-tech-portfolio",
            "url": "https://api.github.com/repos/its-a-lisa/tts-tech-portfolio/labels/Feedback%20Needed"
          },
          "private": "bnVsbA=="
        },
        {
          "index_key": 7,
          "schema_version": 0,
          "attributes": {
            "color": "71767a",
            "description": "",
            "etag": "W/\"9e77775e92b415587e9d4c69c6bf510b\"",
            "id": "tts-tech-portfolio:ID.RM - Risk Management Strategy",
            "name": "ID.AM - Asset Management",
            "repository": "tts-tech-portfolio",
            "url": "https://api.github.com/repos/its-a-lisa/tts-tech-portfolio/labels/ID.RM%20-%20Risk%20Management%20Strategy"
          },
          "private": "bnVsbA=="
        },
        {
          "index_key": 8,
          "schema_version": 0,
          "attributes": {
            "color": "71767a",
            "description": "",
            "etag": "W/\"926506c0545aa459d621adab40eed61a\"",
            "id": "tts-tech-portfolio:ID.SC - Supply Chain Risk Management",
            "name": "ID.BE - Business Environment",
            "repository": "tts-tech-portfolio",
            "url": "https://api.github.com/repos/its-a-lisa/tts-tech-portfolio/labels/ID.SC%20-%20Supply%20Chain%20Risk%20Management"
          },
          "private": "bnVsbA=="
        },
        {
          "index_key": 9,
          "schema_version": 0,
          "attributes": {
            "color": "71767a",
            "description": "",
            "etag": "W/\"2945899df4963d9d4f7e6d2551909dd0\"",
            "id": "tts-tech-portfolio:PR.AC - Identity Management and Access Control",
            "name": "ID.GV - Governance",
            "repository": "tts-tech-portfolio",
            "url": "https://api.github.com/repos/its-a-lisa/tts-tech-portfolio/labels/PR.AC%20-%20Identity%20Management%20and%20Access%20Control"
          },
          "private": "bnVsbA=="
        },
        {
          "index_key": 10,
          "schema_version": 0,
          "attributes": {
            "color": "71767a",
            "description": "",
            "etag": "W/\"681c64468bfcc317655417873663336d\"",
            "id": "tts-tech-portfolio:PR.AT - Awareness and Training",
            "name": "ID.RA - Risk Assessment",
            "repository": "tts-tech-portfolio",
            "url": "https://api.github.com/repos/its-a-lisa/tts-tech-portfolio/labels/PR.AT%20-%20Awareness%20and%20Training"
          },
          "private": "bnVsbA=="
        },
        {
          "index_key": 11,
          "schema_version": 0,
          "attributes": {
            "color": "71767a",
            "description": "",
            "etag": "W/\"b783874d923518350c12029b18833fac\"",
            "id": "tts-tech-portfolio:PR.DS - Data Security",
            "name": "ID.RM - Risk Management Strategy",
            "repository": "tts-tech-portfolio",
            "url": "https://api.github.com/repos/its-a-lisa/tts-tech-portfolio/labels/PR.DS%20-%20Data%20Security"
          },
          "private": "bnVsbA=="
        },
        {
          "index_key": 12,
          "schema_version": 0,
          "attributes": {
            "color": "71767a",
            "description": "",
            "etag": "W/\"de85c64ae85433cdd86b2ff18a7801a5\"",
            "id": "tts-tech-portfolio:PR.IP - Information Protection ProcessesProcedures",
            "name": "ID.SC - Supply Chain Risk Management",
            "repository": "tts-tech-portfolio",
            "url": "https://api.github.com/repos/its-a-lisa/tts-tech-portfolio/labels/PR.IP%20-%20Information%20Protection%20ProcessesProcedures"
          },
          "private": "bnVsbA=="
        },
        {
          "index_key": 13,
          "schema_version": 0,
          "attributes": {
            "color": "71767a",
            "description": "",
            "etag": "W/\"e63d4f0c350c45690ba2917ad729270f\"",
            "id": "tts-tech-portfolio:PR.MA - Maintenance",
            "name": "PR.AC - Identity Management and Access Control",
            "repository": "tts-tech-portfolio",
            "url": "https://api.github.com/repos/its-a-lisa/tts-tech-portfolio/labels/PR.MA%20-%20Maintenance"
          },
          "private": "bnVsbA=="
        },
        {
          "index_key": 14,
          "schema_version": 0,
          "attributes": {
            "color": "71767a",
            "description": "",
            "etag": "W/\"5162aaf81813fd26a873c05d9addb2dc\"",
            "id": "tts-tech-portfolio:PR.PT - Protective Technology",
            "name": "PR.AT - Awareness and Training",
            "repository": "tts-tech-portfolio",
            "url": "https://api.github.com/repos/its-a-lisa/tts-tech-portfolio/labels/PR.PT%20-%20Protective%20Technology"
          },
          "private": "bnVsbA=="
        },
        {
          "index_key": 15,
          "schema_version": 0,
          "attributes": {
            "color": "71767a",
            "description": "",
            "etag": "W/\"6c0a57928a978b411a1a312e56f3443d\"",
            "id": "tts-tech-portfolio:RC.CO - Communications",
            "name": "PR.DS - Data Security",
            "repository": "tts-tech-portfolio",
            "url": "https://api.github.com/repos/its-a-lisa/tts-tech-portfolio/labels/RC.CO%20-%20Communications"
          },
          "private": "bnVsbA=="
        },
        {
          "index_key": 16,
          "schema_version": 0,
          "attributes": {
            "color": "71767a",
            "description": "",
            "etag": "W/\"970e5b2f5832bb5c4bde7b33d1f48e19\"",
            "id": "tts-tech-portfolio:RC.IM - Recovery Improvements",
            "name": "PR.IP - Information Protection ProcessesProcedures",
            "repository": "tts-tech-portfolio",
            "url": "https://api.github.com/repos/its-a-lisa/tts-tech-portfolio/labels/RC.IM%20-%20Recovery%20Improvements"
          },
          "private": "bnVsbA=="
        },
        {
          "index_key": 17,
          "schema_version": 0,
          "attributes": {
            "color": "71767a",
            "description": "",
            "etag": "W/\"f112b7f43a276bcc98904a8f66bc9dfe\"",
            "id": "tts-tech-portfolio:RC.RP - Recovery Planning",
            "name": "PR.MA - Maintenance",
            "repository": "tts-tech-portfolio",
            "url": "https://api.github.com/repos/its-a-lisa/tts-tech-portfolio/labels/RC.RP%20-%20Recovery%20Planning"
          },
          "private": "bnVsbA=="
        },
        {
          "index_key": 18,
          "schema_version": 0,
          "attributes": {
            "color": "71767a",
            "description": "",
            "etag": "W/\"c4a0cd3b20a972e5d8411f9d7a93c4f8\"",
            "id": "tts-tech-portfolio:RS.AN - Analysis",
            "name": "PR.PT - Protective Technology",
            "repository": "tts-tech-portfolio",
            "url": "https://api.github.com/repos/its-a-lisa/tts-tech-portfolio/labels/RS.AN%20-%20Analysis"
          },
          "private": "bnVsbA=="
        },
        {
          "index_key": 19,
          "schema_version": 0,
          "attributes": {
            "color": "ecbec6",
            "description": "",
            "etag": "W/\"e3e62d7e108371c8cb738e3b1abc95bc\"",
            "id": "tts-tech-portfolio:Passion Project",
            "name": "Passion Project",
            "repository": "tts-tech-portfolio",
            "url": "https://api.github.com/repos/its-a-lisa/tts-tech-portfolio/labels/Passion%20Project"
          },
          "private": "bnVsbA=="
        },
        {
          "index_key": 20,
          "schema_version": 0,
          "attributes": {
            "color": "71767a",
            "description": "",
            "etag": "W/\"52278180ace7e98fed15d20af0251b2f\"",
            "id": "tts-tech-portfolio:RS.MI - Mitigation",
            "name": "RC.CO - Communications",
            "repository": "tts-tech-portfolio",
            "url": "https://api.github.com/repos/its-a-lisa/tts-tech-portfolio/labels/RS.MI%20-%20Mitigation"
          },
          "private": "bnVsbA=="
        },
        {
          "index_key": 21,
          "schema_version": 0,
          "attributes": {
            "color": "71767a",
            "description": "",
            "etag": "W/\"7c67299b6ac5a311f30cd749fdd8fcd0\"",
            "id": "tts-tech-portfolio:RS.RP - Response Planning",
            "name": "RC.IM - Recovery Improvements",
            "repository": "tts-tech-portfolio",
            "url": "https://api.github.com/repos/its-a-lisa/tts-tech-portfolio/labels/RS.RP%20-%20Response%20Planning"
          },
          "private": "bnVsbA=="
        },
        {
          "index_key": 22,
          "schema_version": 0,
          "attributes": {
            "color": "71767a",
            "description": "",
            "etag": "W/\"9c7f898416d68675f03a705ed03e69cc\"",
            "id": "tts-tech-portfolio:RC.RP - Recovery Planning",
            "name": "RC.RP - Recovery Planning",
            "repository": "tts-tech-portfolio",
            "url": "https://api.github.com/repos/its-a-lisa/tts-tech-portfolio/labels/RC.RP%20-%20Recovery%20Planning"
          },
          "private": "bnVsbA=="
        },
        {
          "index_key": 23,
          "schema_version": 0,
          "attributes": {
            "color": "71767a",
            "description": "",
            "etag": "W/\"5860ef453e7d32bb91fb11c98e1b832f\"",
            "id": "tts-tech-portfolio:RS.AN - Analysis",
            "name": "RS.AN - Analysis",
            "repository": "tts-tech-portfolio",
            "url": "https://api.github.com/repos/its-a-lisa/tts-tech-portfolio/labels/RS.AN%20-%20Analysis"
          },
          "private": "bnVsbA=="
        },
        {
          "index_key": 24,
          "schema_version": 0,
          "attributes": {
            "color": "71767a",
            "description": "",
            "etag": "W/\"aea898dd9fc9b695607809aebad2667d\"",
            "id": "tts-tech-portfolio:RS.IM - Response Improvements",
            "name": "RS.IM - Response Improvements",
            "repository": "tts-tech-portfolio",
            "url": "https://api.github.com/repos/its-a-lisa/tts-tech-portfolio/labels/RS.IM%20-%20Response%20Improvements"
          },
          "private": "bnVsbA=="
        },
        {
          "index_key": 25,
          "schema_version": 0,
          "attributes": {
            "color": "71767a",
            "description": "",
            "etag": "W/\"4a56ee4f9c9a92bbb8a7c6ecb5ff833f\"",
            "id": "tts-tech-portfolio:RS.MI - Mitigation",
            "name": "RS.MI - Mitigation",
            "repository": "tts-tech-portfolio",
            "url": "https://api.github.com/repos/its-a-lisa/tts-tech-portfolio/labels/RS.MI%20-%20Mitigation"
          },
          "private": "bnVsbA=="
        },
        {
          "index_key": 26,
          "schema_version": 0,
          "attributes": {
            "color": "71767a",
            "description": "",
            "etag": "W/\"316943b91c100e3043d1381e413cc43e\"",
            "id": "tts-tech-portfolio:RS.RP - Response Planning",
            "name": "RS.RP - Response Planning",
            "repository": "tts-tech-portfolio",
            "url": "https://api.github.com/repos/its-a-lisa/tts-tech-portfolio/labels/RS.RP%20-%20Response%20Planning"
          },
          "private": "bnVsbA=="
        },
        {
          "index_key": 27,
          "schema_version": 0,
          "attributes": {
            "color": "28a0cb",
            "description": "",
            "etag": "W/\"26b6745d1659d8e2c67c094341f8f785\"",
            "id": "tts-tech-portfolio:Sprint Consideration",
            "name": "Sprint Consideration",
            "repository": "tts-tech-portfolio",
            "url": "https://api.github.com/repos/its-a-lisa/tts-tech-portfolio/labels/Sprint%20Consideration"
          },
          "private": "bnVsbA=="
        },
        {
          "index_key": 28,
          "schema_version": 0,
          "attributes": {
            "color": "f0bbcc",
            "description": "",
            "etag": "W/\"9cfae42d11b65e67115825f1514d75eb\"",
            "id": "tts-tech-portfolio:blog-able",
            "name": "blog-able",
            "repository": "tts-tech-portfolio",
            "url": "https://api.github.com/repos/its-a-lisa/tts-tech-portfolio/labels/blog-able"
          },
          "private": "bnVsbA=="
        },
        {
          "index_key": 29,
          "schema_version": 0,
          "attributes": {
            "color": "ffb4cf",
            "description": "",
            "etag": "W/\"75ef93e9d0fc77d599c80678d975ab93\"",
            "id": "tts-tech-portfolio:demo-able",
            "name": "demo-able",
            "repository": "tts-tech-portfolio",
            "url": "https://api.github.com/repos/its-a-lisa/tts-tech-portfolio/labels/demo-able"
          },
          "private": "bnVsbA=="
        },
        {
          "index_key": 30,
          "schema_version": 0,
          "attributes": {
            "color": "d5bfff",
            "description": "",
            "etag": "W/\"f6fa9a81c7ac5080f500de1f978fb716\"",
            "id": "tts-tech-portfolio:groomed - accepted",
            "name": "groomed - accepted",
            "repository": "tts-tech-portfolio",
            "url": "https://api.github.com/repos/its-a-lisa/tts-tech-portfolio/labels/groomed%20-%20accepted"
          },
          "private": "bnVsbA=="
        },
        {
          "index_key": 31,
          "schema_version": 0,
          "attributes": {
            "color": "e2bee4",
            "description": "",
            "etag": "W/\"8580f6582dd281444d3d0082a307fd1b\"",
            "id": "tts-tech-portfolio:groomed - needs acceptance",
            "name": "groomed - needs acceptance",
            "repository": "tts-tech-portfolio",
            "url": "https://api.github.com/repos/its-a-lisa/tts-tech-portfolio/labels/groomed%20-%20needs%20acceptance"
          },
          "private": "bnVsbA=="
        },
        {
          "index_key": 32,
          "schema_version": 0,
          "attributes": {
            "color": "d0c3e9",
            "description": "",
            "etag": "W/\"6deaa6c7e7faacf85e814a4967acc511\"",
            "id": "tts-tech-portfolio:needs grooming",
            "name": "needs grooming",
            "repository": "tts-tech-portfolio",
            "url": "https://api.github.com/repos/its-a-lisa/tts-tech-portfolio/labels/needs%20grooming"
          },
          "private": "bnVsbA=="
        },
        {
          "index_key": 33,
          "schema_version": 0,
          "attributes": {
            "color": "ecc0a7",
            "description": "",
            "etag": "W/\"ed97e099e07a6e7a2f52f5d8813d48df\"",
            "id": "tts-tech-portfolio:prep step",
            "name": "prep step",
            "repository": "tts-tech-portfolio",
            "url": "https://api.github.com/repos/its-a-lisa/tts-tech-portfolio/labels/prep%20step"
          },
          "private": "bnVsbA=="
        },
        {
          "index_key": 34,
          "schema_version": 0,
          "attributes": {
            "color": "face00",
            "description": "",
            "etag": "W/\"874df88f8631856aa70b396c521d27fc\"",
            "id": "tts-tech-portfolio:size:  months",
            "name": "size:  months",
            "repository": "tts-tech-portfolio",
            "url": "https://api.github.com/repos/its-a-lisa/tts-tech-portfolio/labels/size:%20%20months"
          },
          "private": "bnVsbA=="
        },
        {
          "index_key": 35,
          "schema_version": 0,
          "attributes": {
            "color": "dec69a",
            "description": "",
            "etag": "W/\"5943bc8135dff6d6ac733af48115f456\"",
            "id": "tts-tech-portfolio:size: days",
            "name": "size: days",
            "repository": "tts-tech-portfolio",
            "url": "https://api.github.com/repos/its-a-lisa/tts-tech-portfolio/labels/size:%20days"
          },
          "private": "bnVsbA=="
        },
        {
          "index_key": 36,
          "schema_version": 0,
          "attributes": {
            "color": "ffbe2e",
            "description": "",
            "etag": "W/\"bcb705273668af93525432c941f8cd2e\"",
            "id": "tts-tech-portfolio:size: hours",
            "name": "size: hours",
            "repository": "tts-tech-portfolio",
            "url": "https://api.github.com/repos/its-a-lisa/tts-tech-portfolio/labels/size:%20hours"
          },
          "private": "bnVsbA=="
        },
        {
          "index_key": 37,
          "schema_version": 0,
          "attributes": {
            "color": "e6c74c",
            "description": "",
            "etag": "W/\"7108809c3fe91498fa64137a04f12092\"",
            "id": "tts-tech-portfolio:size: weeks",
            "name": "size: weeks",
            "repository": "tts-tech-portfolio",
            "url": "https://api.github.com/repos/its-a-lisa/tts-tech-portfolio/labels/size:%20weeks"
          },
          "private": "bnVsbA=="
        },
        {
          "index_key": 38,
          "schema_version": 0,
          "attributes": {
            "color": "008672",
            "description": "",
            "etag": "W/\"bcdde8dde629e8abcf25eed5315d048c\"",
            "id": "tts-tech-portfolio:staffing request-able",
            "name": "staffing request-able",
            "repository": "tts-tech-portfolio",
            "url": "https://api.github.com/repos/its-a-lisa/tts-tech-portfolio/labels/staffing%20request-able"
          },
          "private": "bnVsbA=="
        }
      ]
    }
  ]
}
